{
  "version": 4,
  "terraform_version": "1.12.1",
  "serial": 7,
  "lineage": "6a71f98b-6ab6-9e32-ae4b-82e27edc8a0e",
  "outputs": {
    "keyvault_id": {
      "value": "/subscriptions/356b0996-276c-4104-b906-efa2014f9d64/resourceGroups/rg-website-dev-r19q/providers/Microsoft.KeyVault/vaults/kv-website-dev-r19q",
      "type": "string"
    },
    "keyvault_name": {
      "value": "kv-website-dev-r19q",
      "type": "string"
    },
    "managed_identity_client_id": {
      "value": "ebee713f-b2d4-48cd-972a-79be533c3a60",
      "type": "string"
    },
    "managed_identity_name": {
      "value": "id-website-dev-r19q",
      "type": "string"
    },
    "managed_identity_principal_id": {
      "value": "951153c1-0064-4daa-b7a4-9e1f3d0c23c4",
      "type": "string"
    }
  },
  "resources": [
    {
      "mode": "data",
      "type": "azurerm_client_config",
      "name": "current",
      "provider": "provider[\"registry.terraform.io/hashicorp/azurerm\"]",
      "instances": [
        {
          "schema_version": 0,
          "attributes": {
            "client_id": "04b07795-8ddb-461a-bbee-02f9e1bf7b46",
            "id": "Y2xpZW50Q29uZmlncy9jbGllbnRJZD0wNGIwNzc5NS04ZGRiLTQ2MWEtYmJlZS0wMmY5ZTFiZjdiNDY7b2JqZWN0SWQ9NjhhM2JjMWMtMGQzZi00MDU3LThkYzMtMTM2MDA3ZjAxN2JkO3N1YnNjcmlwdGlvbklkPTM1NmIwOTk2LTI3NmMtNDEwNC1iOTA2LWVmYTIwMTRmOWQ2NDt0ZW5hbnRJZD00MmZmODA2YS0xYmEyLTQ4ZjEtYTRhZi1lYWRlYzA2ZDI0ODY=",
            "object_id": "68a3bc1c-0d3f-4057-8dc3-136007f017bd",
            "subscription_id": "356b0996-276c-4104-b906-efa2014f9d64",
            "tenant_id": "42ff806a-1ba2-48f1-a4af-eadec06d2486",
            "timeouts": null
          },
          "sensitive_attributes": [],
          "identity_schema_version": 0
        }
      ]
    },
    {
      "mode": "managed",
      "type": "azurerm_key_vault",
      "name": "main",
      "provider": "provider[\"registry.terraform.io/hashicorp/azurerm\"]",
      "instances": [
        {
          "schema_version": 2,
          "attributes": {
            "access_policy": [],
            "contact": [],
            "enable_rbac_authorization": false,
            "enabled_for_deployment": false,
            "enabled_for_disk_encryption": false,
            "enabled_for_template_deployment": false,
            "id": "/subscriptions/356b0996-276c-4104-b906-efa2014f9d64/resourceGroups/rg-website-dev-r19q/providers/Microsoft.KeyVault/vaults/kv-website-dev-r19q",
            "location": "australiaeast",
            "name": "kv-website-dev-r19q",
            "network_acls": [
              {
                "bypass": "AzureServices",
                "default_action": "Allow",
                "ip_rules": null,
                "virtual_network_subnet_ids": null
              }
            ],
            "public_network_access_enabled": true,
            "purge_protection_enabled": false,
            "resource_group_name": "rg-website-dev-r19q",
            "sku_name": "standard",
            "soft_delete_retention_days": 7,
            "tags": {
              "Environment": "dev",
              "ManagedBy": "terraform",
              "Owner": "charles",
              "Project": "website"
            },
            "tenant_id": "42ff806a-1ba2-48f1-a4af-eadec06d2486",
            "timeouts": null,
            "vault_uri": "https://kv-website-dev-r19q.vault.azure.net/"
          },
          "sensitive_attributes": [],
          "identity_schema_version": 0,
          "private": "eyJlMmJmYjczMC1lY2FhLTExZTYtOGY4OC0zNDM2M2JjN2M0YzAiOnsiY3JlYXRlIjoxODAwMDAwMDAwMDAwLCJkZWxldGUiOjE4MDAwMDAwMDAwMDAsInJlYWQiOjMwMDAwMDAwMDAwMCwidXBkYXRlIjoxODAwMDAwMDAwMDAwfSwic2NoZW1hX3ZlcnNpb24iOiIyIn0=",
          "dependencies": [
            "azurerm_resource_group.main",
            "data.azurerm_client_config.current",
            "random_string.suffix"
          ]
        }
      ]
    },
    {
      "mode": "managed",
      "type": "azurerm_resource_group",
      "name": "main",
      "provider": "provider[\"registry.terraform.io/hashicorp/azurerm\"]",
      "instances": [
        {
          "schema_version": 0,
          "attributes": {
            "id": "/subscriptions/356b0996-276c-4104-b906-efa2014f9d64/resourceGroups/rg-website-dev-r19q",
            "location": "australiaeast",
            "managed_by": "",
            "name": "rg-website-dev-r19q",
            "tags": {
              "Environment": "dev",
              "ManagedBy": "terraform",
              "Owner": "charles",
              "Project": "website"
            },
            "timeouts": null
          },
          "sensitive_attributes": [],
          "identity_schema_version": 0,
          "private": "eyJlMmJmYjczMC1lY2FhLTExZTYtOGY4OC0zNDM2M2JjN2M0YzAiOnsiY3JlYXRlIjo1NDAwMDAwMDAwMDAwLCJkZWxldGUiOjU0MDAwMDAwMDAwMDAsInJlYWQiOjMwMDAwMDAwMDAwMCwidXBkYXRlIjo1NDAwMDAwMDAwMDAwfX0=",
          "dependencies": [
            "random_string.suffix"
          ]
        }
      ]
    },
    {
      "mode": "managed",
      "type": "azurerm_role_assignment",
      "name": "aks_identity_operator",
      "provider": "provider[\"registry.terraform.io/hashicorp/azurerm\"]",
      "instances": [
        {
          "schema_version": 0,
          "attributes": {
            "condition": "",
            "condition_version": "",
            "delegated_managed_identity_resource_id": "",
            "description": "",
            "id": "/subscriptions/356b0996-276c-4104-b906-efa2014f9d64/resourceGroups/rg-website-dev-r19q/providers/Microsoft.ManagedIdentity/userAssignedIdentities/id-website-dev-r19q/providers/Microsoft.Authorization/roleAssignments/574bef20-faa6-8ab3-9778-34c1cfa3b4fd",
            "name": "574bef20-faa6-8ab3-9778-34c1cfa3b4fd",
            "principal_id": "c6d13428-15a4-40e1-9abc-a61f571f6295",
            "principal_type": "ServicePrincipal",
            "role_definition_id": "/subscriptions/356b0996-276c-4104-b906-efa2014f9d64/providers/Microsoft.Authorization/roleDefinitions/f1a07417-d97a-45cb-824c-7a7467783830",
            "role_definition_name": "Managed Identity Operator",
            "scope": "/subscriptions/356b0996-276c-4104-b906-efa2014f9d64/resourceGroups/rg-website-dev-r19q/providers/Microsoft.ManagedIdentity/userAssignedIdentities/id-website-dev-r19q",
            "skip_service_principal_aad_check": null,
            "timeouts": null
          },
          "sensitive_attributes": [],
          "identity_schema_version": 0,
          "private": "eyJlMmJmYjczMC1lY2FhLTExZTYtOGY4OC0zNDM2M2JjN2M0YzAiOnsiY3JlYXRlIjoxODAwMDAwMDAwMDAwLCJkZWxldGUiOjE4MDAwMDAwMDAwMDAsInJlYWQiOjMwMDAwMDAwMDAwMH19",
          "dependencies": [
            "azurerm_resource_group.main",
            "azurerm_user_assigned_identity.main",
            "random_string.suffix"
          ]
        }
      ]
    },
    {
      "mode": "managed",
      "type": "azurerm_role_assignment",
      "name": "keyvault_secrets_user",
      "provider": "provider[\"registry.terraform.io/hashicorp/azurerm\"]",
      "instances": [
        {
          "schema_version": 0,
          "attributes": {
            "condition": "",
            "condition_version": "",
            "delegated_managed_identity_resource_id": "",
            "description": "",
            "id": "/subscriptions/356b0996-276c-4104-b906-efa2014f9d64/resourceGroups/rg-website-dev-r19q/providers/Microsoft.KeyVault/vaults/kv-website-dev-r19q/providers/Microsoft.Authorization/roleAssignments/e6fb28a4-ec48-6b5a-c021-621575d0fb41",
            "name": "e6fb28a4-ec48-6b5a-c021-621575d0fb41",
            "principal_id": "951153c1-0064-4daa-b7a4-9e1f3d0c23c4",
            "principal_type": "ServicePrincipal",
            "role_definition_id": "/subscriptions/356b0996-276c-4104-b906-efa2014f9d64/providers/Microsoft.Authorization/roleDefinitions/4633458b-17de-408a-b874-0445c86b69e6",
            "role_definition_name": "Key Vault Secrets User",
            "scope": "/subscriptions/356b0996-276c-4104-b906-efa2014f9d64/resourceGroups/rg-website-dev-r19q/providers/Microsoft.KeyVault/vaults/kv-website-dev-r19q",
            "skip_service_principal_aad_check": null,
            "timeouts": null
          },
          "sensitive_attributes": [],
          "identity_schema_version": 0,
          "private": "eyJlMmJmYjczMC1lY2FhLTExZTYtOGY4OC0zNDM2M2JjN2M0YzAiOnsiY3JlYXRlIjoxODAwMDAwMDAwMDAwLCJkZWxldGUiOjE4MDAwMDAwMDAwMDAsInJlYWQiOjMwMDAwMDAwMDAwMH19",
          "dependencies": [
            "azurerm_key_vault.main",
            "azurerm_resource_group.main",
            "azurerm_user_assigned_identity.main",
            "data.azurerm_client_config.current",
            "random_string.suffix"
          ]
        }
      ]
    },
    {
      "mode": "managed",
      "type": "azurerm_user_assigned_identity",
      "name": "main",
      "provider": "provider[\"registry.terraform.io/hashicorp/azurerm\"]",
      "instances": [
        {
          "schema_version": 1,
          "attributes": {
            "client_id": "ebee713f-b2d4-48cd-972a-79be533c3a60",
            "id": "/subscriptions/356b0996-276c-4104-b906-efa2014f9d64/resourceGroups/rg-website-dev-r19q/providers/Microsoft.ManagedIdentity/userAssignedIdentities/id-website-dev-r19q",
            "location": "australiaeast",
            "name": "id-website-dev-r19q",
            "principal_id": "951153c1-0064-4daa-b7a4-9e1f3d0c23c4",
            "resource_group_name": "rg-website-dev-r19q",
            "tags": {
              "Environment": "dev",
              "ManagedBy": "terraform",
              "Owner": "charles",
              "Project": "website"
            },
            "tenant_id": "42ff806a-1ba2-48f1-a4af-eadec06d2486",
            "timeouts": null
          },
          "sensitive_attributes": [],
          "identity_schema_version": 0,
          "private": "eyJlMmJmYjczMC1lY2FhLTExZTYtOGY4OC0zNDM2M2JjN2M0YzAiOnsiY3JlYXRlIjoxODAwMDAwMDAwMDAwLCJkZWxldGUiOjE4MDAwMDAwMDAwMDAsInJlYWQiOjMwMDAwMDAwMDAwMCwidXBkYXRlIjoxODAwMDAwMDAwMDAwfSwic2NoZW1hX3ZlcnNpb24iOiIxIn0=",
          "dependencies": [
            "azurerm_resource_group.main",
            "random_string.suffix"
          ]
        }
      ]
    },
    {
      "mode": "managed",
      "type": "random_string",
      "name": "suffix",
      "provider": "provider[\"registry.terraform.io/hashicorp/random\"]",
      "instances": [
        {
          "schema_version": 2,
          "attributes": {
            "id": "r19q",
            "keepers": null,
            "length": 4,
            "lower": true,
            "min_lower": 0,
            "min_numeric": 0,
            "min_special": 0,
            "min_upper": 0,
            "number": true,
            "numeric": true,
            "override_special": null,
            "result": "r19q",
            "special": false,
            "upper": false
          },
          "sensitive_attributes": [],
          "identity_schema_version": 0
        }
      ]
    }
  ],
  "check_results": null
}
