{
  "version": 4,
  "terraform_version": "1.12.1",
  "serial": 36,
  "lineage": "6a71f98b-6ab6-9e32-ae4b-82e27edc8a0e",
  "outputs": {
    "keyvault_id": {
      "value": "/subscriptions/356b0996-276c-4104-b906-efa2014f9d64/resourceGroups/rg-website-dev-r19q/providers/Microsoft.KeyVault/vaults/kv-website-dev-r19q",
      "type": "string"
    },
    "keyvault_name": {
      "value": "kv-website-dev-r19q",
      "type": "string"
    },
    "managed_identity_client_id": {
      "value": "ebee713f-b2d4-48cd-972a-79be533c3a60",
      "type": "string"
    },
    "managed_identity_name": {
      "value": "id-website-dev-r19q",
      "type": "string"
    },
    "managed_identity_principal_id": {
      "value": "951153c1-0064-4daa-b7a4-9e1f3d0c23c4",
      "type": "string"
    },
    "mysql_admin_username": {
      "value": "ghostadmin",
      "type": "string"
    },
    "mysql_database_name": {
      "value": "ghost",
      "type": "string"
    },
    "mysql_server_fqdn": {
      "value": "mysql-website-dev-r19q.mysql.database.azure.com",
      "type": "string"
    },
    "mysql_server_name": {
      "value": "mysql-website-dev-r19q",
      "type": "string"
    }
  },
  "resources": [
    {
      "mode": "data",
      "type": "azurerm_client_config",
      "name": "current",
      "provider": "provider[\"registry.terraform.io/hashicorp/azurerm\"]",
      "instances": [
        {
          "schema_version": 0,
          "attributes": {
            "client_id": "04b07795-8ddb-461a-bbee-02f9e1bf7b46",
            "id": "Y2xpZW50Q29uZmlncy9jbGllbnRJZD0wNGIwNzc5NS04ZGRiLTQ2MWEtYmJlZS0wMmY5ZTFiZjdiNDY7b2JqZWN0SWQ9NjhhM2JjMWMtMGQzZi00MDU3LThkYzMtMTM2MDA3ZjAxN2JkO3N1YnNjcmlwdGlvbklkPTM1NmIwOTk2LTI3NmMtNDEwNC1iOTA2LWVmYTIwMTRmOWQ2NDt0ZW5hbnRJZD00MmZmODA2YS0xYmEyLTQ4ZjEtYTRhZi1lYWRlYzA2ZDI0ODY=",
            "object_id": "68a3bc1c-0d3f-4057-8dc3-136007f017bd",
            "subscription_id": "356b0996-276c-4104-b906-efa2014f9d64",
            "tenant_id": "42ff806a-1ba2-48f1-a4af-eadec06d2486",
            "timeouts": null
          },
          "sensitive_attributes": [],
          "identity_schema_version": 0
        }
      ]
    },
    {
      "mode": "data",
      "type": "terraform_remote_state",
      "name": "aks",
      "provider": "provider[\"terraform.io/builtin/terraform\"]",
      "instances": [
        {
          "schema_version": 0,
          "attributes": {
            "backend": "local",
            "config": {
              "value": {
                "path": "../aks/dev.tfstate"
              },
              "type": [
                "object",
                {
                  "path": "string"
                }
              ]
            },
            "defaults": null,
            "outputs": {
              "value": {
                "aks_admin_group_id": "6bac73ca-4bbc-43b0-80fa-13cead802330",
                "aks_admin_group_name": "heartbeat-k8s-aks-admins-dev",
                "client_certificate": "",
                "client_key": "",
                "cluster_ca_certificate": "LS0tLS1CRUdJTiBDRVJUSUZJQ0FURS0tLS0tCk1JSUU2VENDQXRHZ0F3SUJBZ0lSQUlFZFBBdzNNd29qY1dpcVNqUStEcVF3RFFZSktvWklodmNOQVFFTEJRQXcKRFRFTE1Ba0dBMVVFQXhNQ1kyRXdJQmNOTWpVd056QXhNVEUxTXpReldoZ1BNakExTlRBM01ERXhNakF6TkROYQpNQTB4Q3pBSkJnTlZCQU1UQW1OaE1JSUNJakFOQmdrcWhraUc5dzBCQVFFRkFBT0NBZzhBTUlJQ0NnS0NBZ0VBCm1NZzdTWXE3Tno4Q2R5SzNxeHF1eU1sV1VWSm8rU1E0ZFIxaGxoRUNpOEUvWlRCbTNDS28wcW9jYWZvcjR1dnoKL2MwSkp4UUdFUTV1ZmRhMzRUd2VNN3dwVDc3SlltdUZpeXVaV3JVN1lWbTZoTW1BNnQxZ3IyN1M4WjQzaGNLSgpRWTg3Y3hoZGdET3RXSGJrNFNGc2tLczdsZHRmcUpOQnIzVys3dTF0L3o0cFFzKytJMEFOaTZyK0N3YW42ZlowCkdWWXVYTlZjelBVRThvbnVXWTYrbVdSdGtyamRRNDByOXhsVWh0dHgxU3RPU3YyOTI0clU4TVl5cVNzNS9SclEKMHgxOFdrdTFFN3pFWEpsUGhZVUZqdzFzazhMN1hyZGVTRVk3eWduZDV0UGpnTUUzOFVpaHdoWE1wY0FHUlhISgpCQUxnRnhUZy9iVmhxaGxaTFFSL0pGVEoyZ1owUWZ3MzR4M3dLekF4NHZuL1dpSWtZUmlUeEVkdUhSbWlRYUdwCnZVWWhPaWNzVWIzYnpQR3dGV1dCd254SVhRdzlyYitnSkp2U05NTlRkMnd0ODJmblBkZzhsaWNiUlRJN2ZJanIKVEFCQUJHSVAvcWpYUDd6UGp0ay9BNHVvdXVnUTFPSTl1bkx2ZXhKMCtnZEJpSzVwbkhsMzVCRFlmNG5mam84bgpJVXZ6eWxXM2oyVXF6RFhRdnFtUWdyeElTODNVUzE3Q1lESHFiQkRLYURnZ0lkcWVWLzFFaDlvMmlXRllnMHJpCmhWSDlCMkdNMUJZOXpFMmxOTEpicWlORWVBOTlKM0JPL0lJM2F3eWxuZm5jbkQ1cnBYbmdZbS9nbzgyNWRGNGYKR2UvbmhsNGlLS3RlbGY2d2RGWXJmSWlZVldkZW0vR0ZydHN2K3ZDN0pzMENBd0VBQWFOQ01FQXdEZ1lEVlIwUApBUUgvQkFRREFnS2tNQThHQTFVZEV3RUIvd1FGTUFNQkFmOHdIUVlEVlIwT0JCWUVGRGcrY0pYZkFaYzFsSmd4Cll4QVNnNGI5OEpyZE1BMEdDU3FHU0liM0RRRUJDd1VBQTRJQ0FRQ1Z2NnNuSlRXRXFJMGhGRStrdHpwSjVTWFMKcXdzczNOcEk3bTZ4OGpMZm90MU03VktCTGRoVDFQQTQ2ZHlBZTI5LzgzWTR4Rzd6RTZWa3B1S2NtemJON3Q1eAp4VWUrbkNIZGJ6RmV6UmY0YmtTR1AzK2xBRFJVakxjbmFmOXhoRHR5eWJXeW5vUk1KcGlUT3p0NzQxNmhXc1A1CkV4QUZ5U05xQkR6SEp5c3R2eXNEaW1jWENUbk05SUo5Y2RoSi9rbDhVWUdzNGJXSWttSWJ2VlBpZDkvK2lUMGIKaS83aWx3T0RTZ3QrWjFtMWV1bm13V2ZGM2k2N3BHNGZRblhEMGlYbFZXcUJVa0tmOG1zWjNGYzY5VUxsY3E2Ygp1T2NUakg5eEhrQXhEdFd3RUVsTWRBMDNod3NScUpDTXZRUjR6ekZ1aUtkYUkyWWozSkpJVFk1S0xpN3dORU9vCnJIRFNZZTFJM09sQ1RQVkduMFpXMWZCMDlYeVl6b2NteXNaRXNXYmVxOXI4dVA2V0lxcW9DbC9zNmU5M1FIRTYKTFpQR0ZCRFVhMndXWlpPeGNQOU04SlJUQVlIRWtZL0tKd2tJK0YrRnhWQ01qcXdTRkx1V2haazJEd0c4cytLZAo3bi9zc2dDNXlDSDBGc2JzRldUOVMwU1d0SVJjb3NCL2c0NDM4VmFOdUh6U2JjTUMwMWRSME40UU5WS0pHTjlsClgrcUZ2Wm9GaTM4dHV5bitVMVZEMDZndlNZV0J0TEZJRXlBYWcxOEY1WEtENHBPR3pNQnR6MzFtbEF0WXB4MU4KZGx2bWRvRnJON3lOejFHTmlXRDRibG1FVzFTUElRV2hyOEZFczJWaVk1SVhoQ2RRdjBnUUVySHoweWNwT0pHSgpDSWtid0tlTkV2Y1RTWjJ3cnc9PQotLS0tLUVORCBDRVJUSUZJQ0FURS0tLS0tCg==",
                "cluster_endpoint": "https://heartbeat-k8s-dev-26r9byec-n0aeke3u.hcp.australiaeast.azmk8s.io:443",
                "cluster_fqdn": "heartbeat-k8s-dev-26r9byec-n0aeke3u.hcp.australiaeast.azmk8s.io",
                "cluster_name": "heartbeat-k8s-dev-26r9byec",
                "kube_config": "apiVersion: v1\nclusters:\n- cluster:\n    certificate-authority-data: LS0tLS1CRUdJTiBDRVJUSUZJQ0FURS0tLS0tCk1JSUU2VENDQXRHZ0F3SUJBZ0lSQUlFZFBBdzNNd29qY1dpcVNqUStEcVF3RFFZSktvWklodmNOQVFFTEJRQXcKRFRFTE1Ba0dBMVVFQXhNQ1kyRXdJQmNOTWpVd056QXhNVEUxTXpReldoZ1BNakExTlRBM01ERXhNakF6TkROYQpNQTB4Q3pBSkJnTlZCQU1UQW1OaE1JSUNJakFOQmdrcWhraUc5dzBCQVFFRkFBT0NBZzhBTUlJQ0NnS0NBZ0VBCm1NZzdTWXE3Tno4Q2R5SzNxeHF1eU1sV1VWSm8rU1E0ZFIxaGxoRUNpOEUvWlRCbTNDS28wcW9jYWZvcjR1dnoKL2MwSkp4UUdFUTV1ZmRhMzRUd2VNN3dwVDc3SlltdUZpeXVaV3JVN1lWbTZoTW1BNnQxZ3IyN1M4WjQzaGNLSgpRWTg3Y3hoZGdET3RXSGJrNFNGc2tLczdsZHRmcUpOQnIzVys3dTF0L3o0cFFzKytJMEFOaTZyK0N3YW42ZlowCkdWWXVYTlZjelBVRThvbnVXWTYrbVdSdGtyamRRNDByOXhsVWh0dHgxU3RPU3YyOTI0clU4TVl5cVNzNS9SclEKMHgxOFdrdTFFN3pFWEpsUGhZVUZqdzFzazhMN1hyZGVTRVk3eWduZDV0UGpnTUUzOFVpaHdoWE1wY0FHUlhISgpCQUxnRnhUZy9iVmhxaGxaTFFSL0pGVEoyZ1owUWZ3MzR4M3dLekF4NHZuL1dpSWtZUmlUeEVkdUhSbWlRYUdwCnZVWWhPaWNzVWIzYnpQR3dGV1dCd254SVhRdzlyYitnSkp2U05NTlRkMnd0ODJmblBkZzhsaWNiUlRJN2ZJanIKVEFCQUJHSVAvcWpYUDd6UGp0ay9BNHVvdXVnUTFPSTl1bkx2ZXhKMCtnZEJpSzVwbkhsMzVCRFlmNG5mam84bgpJVXZ6eWxXM2oyVXF6RFhRdnFtUWdyeElTODNVUzE3Q1lESHFiQkRLYURnZ0lkcWVWLzFFaDlvMmlXRllnMHJpCmhWSDlCMkdNMUJZOXpFMmxOTEpicWlORWVBOTlKM0JPL0lJM2F3eWxuZm5jbkQ1cnBYbmdZbS9nbzgyNWRGNGYKR2UvbmhsNGlLS3RlbGY2d2RGWXJmSWlZVldkZW0vR0ZydHN2K3ZDN0pzMENBd0VBQWFOQ01FQXdEZ1lEVlIwUApBUUgvQkFRREFnS2tNQThHQTFVZEV3RUIvd1FGTUFNQkFmOHdIUVlEVlIwT0JCWUVGRGcrY0pYZkFaYzFsSmd4Cll4QVNnNGI5OEpyZE1BMEdDU3FHU0liM0RRRUJDd1VBQTRJQ0FRQ1Z2NnNuSlRXRXFJMGhGRStrdHpwSjVTWFMKcXdzczNOcEk3bTZ4OGpMZm90MU03VktCTGRoVDFQQTQ2ZHlBZTI5LzgzWTR4Rzd6RTZWa3B1S2NtemJON3Q1eAp4VWUrbkNIZGJ6RmV6UmY0YmtTR1AzK2xBRFJVakxjbmFmOXhoRHR5eWJXeW5vUk1KcGlUT3p0NzQxNmhXc1A1CkV4QUZ5U05xQkR6SEp5c3R2eXNEaW1jWENUbk05SUo5Y2RoSi9rbDhVWUdzNGJXSWttSWJ2VlBpZDkvK2lUMGIKaS83aWx3T0RTZ3QrWjFtMWV1bm13V2ZGM2k2N3BHNGZRblhEMGlYbFZXcUJVa0tmOG1zWjNGYzY5VUxsY3E2Ygp1T2NUakg5eEhrQXhEdFd3RUVsTWRBMDNod3NScUpDTXZRUjR6ekZ1aUtkYUkyWWozSkpJVFk1S0xpN3dORU9vCnJIRFNZZTFJM09sQ1RQVkduMFpXMWZCMDlYeVl6b2NteXNaRXNXYmVxOXI4dVA2V0lxcW9DbC9zNmU5M1FIRTYKTFpQR0ZCRFVhMndXWlpPeGNQOU04SlJUQVlIRWtZL0tKd2tJK0YrRnhWQ01qcXdTRkx1V2haazJEd0c4cytLZAo3bi9zc2dDNXlDSDBGc2JzRldUOVMwU1d0SVJjb3NCL2c0NDM4VmFOdUh6U2JjTUMwMWRSME40UU5WS0pHTjlsClgrcUZ2Wm9GaTM4dHV5bitVMVZEMDZndlNZV0J0TEZJRXlBYWcxOEY1WEtENHBPR3pNQnR6MzFtbEF0WXB4MU4KZGx2bWRvRnJON3lOejFHTmlXRDRibG1FVzFTUElRV2hyOEZFczJWaVk1SVhoQ2RRdjBnUUVySHoweWNwT0pHSgpDSWtid0tlTkV2Y1RTWjJ3cnc9PQotLS0tLUVORCBDRVJUSUZJQ0FURS0tLS0tCg==\n    server: https://heartbeat-k8s-dev-26r9byec-n0aeke3u.hcp.australiaeast.azmk8s.io:443\n  name: heartbeat-k8s-dev-26r9byec\ncontexts:\n- context:\n    cluster: heartbeat-k8s-dev-26r9byec\n    user: clusterUser_rg-heartbeat-k8s-aks-dev-26r9byec_heartbeat-k8s-dev-26r9byec\n  name: heartbeat-k8s-dev-26r9byec\ncurrent-context: heartbeat-k8s-dev-26r9byec\nkind: Config\npreferences: {}\nusers:\n- name: clusterUser_rg-heartbeat-k8s-aks-dev-26r9byec_heartbeat-k8s-dev-26r9byec\n  user:\n    exec:\n      apiVersion: client.authentication.k8s.io/v1beta1\n      args:\n      - get-token\n      - --environment\n      - AzurePublicCloud\n      - --server-id\n      - 6dae42f8-4368-4678-94ff-3960e28e3630\n      - --client-id\n      - 80faf920-1908-4b52-b5ef-a8e7bedfc67a\n      - --tenant-id\n      - 42ff806a-1ba2-48f1-a4af-eadec06d2486\n      - --login\n      - devicecode\n      command: kubelogin\n      env: null\n      installHint: |2\n\n        kubelogin is not installed which is required to connect to AAD enabled cluster.\n\n        To learn more, please go to https://aka.ms/aks/kubelogin\n      provideClusterInfo: false\n",
                "kubelet_identity_object_id": "c6d13428-15a4-40e1-9abc-a61f571f6295",
                "log_analytics_workspace_id": "/subscriptions/356b0996-276c-4104-b906-efa2014f9d64/resourceGroups/rg-heartbeat-k8s-aks-dev-26r9byec/providers/Microsoft.OperationalInsights/workspaces/log-heartbeat-k8s-aks-dev-26r9byec",
                "managed_identity_principal_id": "45cfd77c-4738-49fa-a0e7-de8e82230303",
                "oidc_issuer_url": "https://australiaeast.oic.prod-aks.azure.com/42ff806a-1ba2-48f1-a4af-eadec06d2486/93f27b71-2aa2-4e4b-a2aa-4929d3dc1a32/",
                "resource_group_name": "rg-heartbeat-k8s-aks-dev-26r9byec"
              },
              "type": [
                "object",
                {
                  "aks_admin_group_id": "string",
                  "aks_admin_group_name": "string",
                  "client_certificate": "string",
                  "client_key": "string",
                  "cluster_ca_certificate": "string",
                  "cluster_endpoint": "string",
                  "cluster_fqdn": "string",
                  "cluster_name": "string",
                  "kube_config": "string",
                  "kubelet_identity_object_id": "string",
                  "log_analytics_workspace_id": "string",
                  "managed_identity_principal_id": "string",
                  "oidc_issuer_url": "string",
                  "resource_group_name": "string"
                }
              ]
            },
            "workspace": null
          },
          "sensitive_attributes": [],
          "identity_schema_version": 0
        }
      ]
    },
    {
      "mode": "managed",
      "type": "azurerm_federated_identity_credential",
      "name": "website_workload_identity",
      "provider": "provider[\"registry.terraform.io/hashicorp/azurerm\"]",
      "instances": [
        {
          "schema_version": 0,
          "attributes": {
            "audience": [
              "api://AzureADTokenExchange"
            ],
            "id": "/subscriptions/356b0996-276c-4104-b906-efa2014f9d64/resourceGroups/rg-website-dev-r19q/providers/Microsoft.ManagedIdentity/userAssignedIdentities/id-website-dev-r19q/federatedIdentityCredentials/website-workload-identity",
            "issuer": "https://australiaeast.oic.prod-aks.azure.com/42ff806a-1ba2-48f1-a4af-eadec06d2486/93f27b71-2aa2-4e4b-a2aa-4929d3dc1a32/",
            "name": "website-workload-identity",
            "parent_id": "/subscriptions/356b0996-276c-4104-b906-efa2014f9d64/resourceGroups/rg-website-dev-r19q/providers/Microsoft.ManagedIdentity/userAssignedIdentities/id-website-dev-r19q",
            "resource_group_name": "rg-website-dev-r19q",
            "subject": "system:serviceaccount:website-dev:website-sa",
            "timeouts": null
          },
          "sensitive_attributes": [],
          "identity_schema_version": 0,
          "private": "eyJlMmJmYjczMC1lY2FhLTExZTYtOGY4OC0zNDM2M2JjN2M0YzAiOnsiY3JlYXRlIjoxODAwMDAwMDAwMDAwLCJkZWxldGUiOjE4MDAwMDAwMDAwMDAsInJlYWQiOjMwMDAwMDAwMDAwMCwidXBkYXRlIjoxODAwMDAwMDAwMDAwfX0=",
          "dependencies": [
            "azurerm_resource_group.main",
            "azurerm_user_assigned_identity.main",
            "data.terraform_remote_state.aks",
            "random_string.suffix"
          ]
        }
      ]
    },
    {
      "mode": "managed",
      "type": "azurerm_key_vault",
      "name": "main",
      "provider": "provider[\"registry.terraform.io/hashicorp/azurerm\"]",
      "instances": [
        {
          "schema_version": 2,
          "attributes": {
            "access_policy": [],
            "contact": [],
            "enable_rbac_authorization": true,
            "enabled_for_deployment": false,
            "enabled_for_disk_encryption": false,
            "enabled_for_template_deployment": false,
            "id": "/subscriptions/356b0996-276c-4104-b906-efa2014f9d64/resourceGroups/rg-website-dev-r19q/providers/Microsoft.KeyVault/vaults/kv-website-dev-r19q",
            "location": "australiaeast",
            "name": "kv-website-dev-r19q",
            "network_acls": [
              {
                "bypass": "AzureServices",
                "default_action": "Allow",
                "ip_rules": [],
                "virtual_network_subnet_ids": []
              }
            ],
            "public_network_access_enabled": true,
            "purge_protection_enabled": false,
            "resource_group_name": "rg-website-dev-r19q",
            "sku_name": "standard",
            "soft_delete_retention_days": 7,
            "tags": {
              "Environment": "dev",
              "ManagedBy": "terraform",
              "Owner": "charles",
              "Project": "website"
            },
            "tenant_id": "42ff806a-1ba2-48f1-a4af-eadec06d2486",
            "timeouts": null,
            "vault_uri": "https://kv-website-dev-r19q.vault.azure.net/"
          },
          "sensitive_attributes": [],
          "identity_schema_version": 0,
          "private": "eyJlMmJmYjczMC1lY2FhLTExZTYtOGY4OC0zNDM2M2JjN2M0YzAiOnsiY3JlYXRlIjoxODAwMDAwMDAwMDAwLCJkZWxldGUiOjE4MDAwMDAwMDAwMDAsInJlYWQiOjMwMDAwMDAwMDAwMCwidXBkYXRlIjoxODAwMDAwMDAwMDAwfSwic2NoZW1hX3ZlcnNpb24iOiIyIn0=",
          "dependencies": [
            "azurerm_resource_group.main",
            "data.azurerm_client_config.current",
            "random_string.suffix"
          ]
        }
      ]
    },
    {
      "mode": "managed",
      "type": "azurerm_key_vault_secret",
      "name": "cloudflare_tunnel_token",
      "provider": "provider[\"registry.terraform.io/hashicorp/azurerm\"]",
      "instances": [
        {
          "schema_version": 0,
          "attributes": {
            "content_type": "",
            "expiration_date": null,
            "id": "https://kv-website-dev-r19q.vault.azure.net/secrets/cloudflare-tunnel-token/36b279f55c794b78806a345df608adab",
            "key_vault_id": "/subscriptions/356b0996-276c-4104-b906-efa2014f9d64/resourceGroups/rg-website-dev-r19q/providers/Microsoft.KeyVault/vaults/kv-website-dev-r19q",
            "name": "cloudflare-tunnel-token",
            "not_before_date": null,
            "resource_id": "/subscriptions/356b0996-276c-4104-b906-efa2014f9d64/resourceGroups/rg-website-dev-r19q/providers/Microsoft.KeyVault/vaults/kv-website-dev-r19q/secrets/cloudflare-tunnel-token/versions/36b279f55c794b78806a345df608adab",
            "resource_versionless_id": "/subscriptions/356b0996-276c-4104-b906-efa2014f9d64/resourceGroups/rg-website-dev-r19q/providers/Microsoft.KeyVault/vaults/kv-website-dev-r19q/secrets/cloudflare-tunnel-token",
            "tags": {},
            "timeouts": null,
            "value": "eyJhIjoiZDI2YTg3NzExNjI0NDJhNTYzMzcxZWE4MDk3YWNjODkiLCJ0IjoiNzRiNjg3MzctYWQxMS00NTAxLTgwMGQtMTRiZjRjY2QxOGViIiwicyI6Ik1tRmtOamt5WXpJdE4yTTVaUzAwWWpRM0xXSTVOR0V0T0RoaU4yTXpOV0U0TlRSayJ9",
            "version": "134ef97b370e4f129656f4ba16380b50",
            "versionless_id": "https://kv-website-dev-r19q.vault.azure.net/secrets/cloudflare-tunnel-token"
          },
          "sensitive_attributes": [
            [
              {
                "type": "get_attr",
                "value": "value"
              }
            ]
          ],
          "identity_schema_version": 0,
          "private": "eyJlMmJmYjczMC1lY2FhLTExZTYtOGY4OC0zNDM2M2JjN2M0YzAiOnsiY3JlYXRlIjoxODAwMDAwMDAwMDAwLCJkZWxldGUiOjE4MDAwMDAwMDAwMDAsInJlYWQiOjE4MDAwMDAwMDAwMDAsInVwZGF0ZSI6MTgwMDAwMDAwMDAwMH19",
          "dependencies": [
            "azurerm_key_vault.main",
            "azurerm_resource_group.main",
            "azurerm_role_assignment.keyvault_secrets_user",
            "azurerm_user_assigned_identity.main",
            "data.azurerm_client_config.current",
            "random_string.suffix"
          ]
        }
      ]
    },
    {
      "mode": "managed",
      "type": "azurerm_key_vault_secret",
      "name": "gmail_app_password",
      "provider": "provider[\"registry.terraform.io/hashicorp/azurerm\"]",
      "instances": [
        {
          "schema_version": 0,
          "attributes": {
            "content_type": "",
            "expiration_date": null,
            "id": "https://kv-website-dev-r19q.vault.azure.net/secrets/gmail-app-password/1f93ab47f6e04a5ba021d21b1bf80c9d",
            "key_vault_id": "/subscriptions/356b0996-276c-4104-b906-efa2014f9d64/resourceGroups/rg-website-dev-r19q/providers/Microsoft.KeyVault/vaults/kv-website-dev-r19q",
            "name": "gmail-app-password",
            "not_before_date": null,
            "resource_id": "/subscriptions/356b0996-276c-4104-b906-efa2014f9d64/resourceGroups/rg-website-dev-r19q/providers/Microsoft.KeyVault/vaults/kv-website-dev-r19q/secrets/gmail-app-password/versions/1f93ab47f6e04a5ba021d21b1bf80c9d",
            "resource_versionless_id": "/subscriptions/356b0996-276c-4104-b906-efa2014f9d64/resourceGroups/rg-website-dev-r19q/providers/Microsoft.KeyVault/vaults/kv-website-dev-r19q/secrets/gmail-app-password",
            "tags": null,
            "timeouts": null,
            "value": "placeholder-gmail-app-password-replace-with-actual-value",
            "version": "1f93ab47f6e04a5ba021d21b1bf80c9d",
            "versionless_id": "https://kv-website-dev-r19q.vault.azure.net/secrets/gmail-app-password"
          },
          "sensitive_attributes": [
            [
              {
                "type": "get_attr",
                "value": "value"
              }
            ]
          ],
          "identity_schema_version": 0,
          "private": "eyJlMmJmYjczMC1lY2FhLTExZTYtOGY4OC0zNDM2M2JjN2M0YzAiOnsiY3JlYXRlIjoxODAwMDAwMDAwMDAwLCJkZWxldGUiOjE4MDAwMDAwMDAwMDAsInJlYWQiOjE4MDAwMDAwMDAwMDAsInVwZGF0ZSI6MTgwMDAwMDAwMDAwMH19",
          "dependencies": [
            "azurerm_key_vault.main",
            "azurerm_resource_group.main",
            "azurerm_role_assignment.keyvault_secrets_user",
            "azurerm_user_assigned_identity.main",
            "data.azurerm_client_config.current",
            "random_string.suffix"
          ]
        }
      ]
    },
    {
      "mode": "managed",
      "type": "azurerm_key_vault_secret",
      "name": "mysql_connection_string",
      "provider": "provider[\"registry.terraform.io/hashicorp/azurerm\"]",
      "instances": [
        {
          "schema_version": 0,
          "attributes": {
            "content_type": "",
            "expiration_date": null,
            "id": "https://kv-website-dev-r19q.vault.azure.net/secrets/mysql-connection-string/4f59b71625314f5593c033e241774a3d",
            "key_vault_id": "/subscriptions/356b0996-276c-4104-b906-efa2014f9d64/resourceGroups/rg-website-dev-r19q/providers/Microsoft.KeyVault/vaults/kv-website-dev-r19q",
            "name": "mysql-connection-string",
            "not_before_date": null,
            "resource_id": "/subscriptions/356b0996-276c-4104-b906-efa2014f9d64/resourceGroups/rg-website-dev-r19q/providers/Microsoft.KeyVault/vaults/kv-website-dev-r19q/secrets/mysql-connection-string/versions/4f59b71625314f5593c033e241774a3d",
            "resource_versionless_id": "/subscriptions/356b0996-276c-4104-b906-efa2014f9d64/resourceGroups/rg-website-dev-r19q/providers/Microsoft.KeyVault/vaults/kv-website-dev-r19q/secrets/mysql-connection-string",
            "tags": {},
            "timeouts": null,
            "value": "mysql://ghostadmin:?hF5F_R5Mkt0K?C}@mysql-website-dev-r19q.mysql.database.azure.com:3306/ghost?ssl=true",
            "version": "4f59b71625314f5593c033e241774a3d",
            "versionless_id": "https://kv-website-dev-r19q.vault.azure.net/secrets/mysql-connection-string"
          },
          "sensitive_attributes": [
            [
              {
                "type": "get_attr",
                "value": "value"
              }
            ]
          ],
          "identity_schema_version": 0,
          "private": "eyJlMmJmYjczMC1lY2FhLTExZTYtOGY4OC0zNDM2M2JjN2M0YzAiOnsiY3JlYXRlIjoxODAwMDAwMDAwMDAwLCJkZWxldGUiOjE4MDAwMDAwMDAwMDAsInJlYWQiOjE4MDAwMDAwMDAwMDAsInVwZGF0ZSI6MTgwMDAwMDAwMDAwMH19",
          "dependencies": [
            "azurerm_key_vault.main",
            "azurerm_mysql_flexible_database.ghost",
            "azurerm_mysql_flexible_server.main",
            "azurerm_resource_group.main",
            "azurerm_role_assignment.keyvault_secrets_user",
            "azurerm_user_assigned_identity.main",
            "data.azurerm_client_config.current",
            "random_password.mysql_admin",
            "random_string.suffix"
          ]
        }
      ]
    },
    {
      "mode": "managed",
      "type": "azurerm_key_vault_secret",
      "name": "mysql_host",
      "provider": "provider[\"registry.terraform.io/hashicorp/azurerm\"]",
      "instances": [
        {
          "schema_version": 0,
          "attributes": {
            "content_type": "",
            "expiration_date": null,
            "id": "https://kv-website-dev-r19q.vault.azure.net/secrets/mysql-host/fdeff7b5207b45ec9fb22a53fe0cb0c3",
            "key_vault_id": "/subscriptions/356b0996-276c-4104-b906-efa2014f9d64/resourceGroups/rg-website-dev-r19q/providers/Microsoft.KeyVault/vaults/kv-website-dev-r19q",
            "name": "mysql-host",
            "not_before_date": null,
            "resource_id": "/subscriptions/356b0996-276c-4104-b906-efa2014f9d64/resourceGroups/rg-website-dev-r19q/providers/Microsoft.KeyVault/vaults/kv-website-dev-r19q/secrets/mysql-host/versions/fdeff7b5207b45ec9fb22a53fe0cb0c3",
            "resource_versionless_id": "/subscriptions/356b0996-276c-4104-b906-efa2014f9d64/resourceGroups/rg-website-dev-r19q/providers/Microsoft.KeyVault/vaults/kv-website-dev-r19q/secrets/mysql-host",
            "tags": {},
            "timeouts": null,
            "value": "mysql-website-dev-r19q.mysql.database.azure.com",
            "version": "fdeff7b5207b45ec9fb22a53fe0cb0c3",
            "versionless_id": "https://kv-website-dev-r19q.vault.azure.net/secrets/mysql-host"
          },
          "sensitive_attributes": [
            [
              {
                "type": "get_attr",
                "value": "value"
              }
            ]
          ],
          "identity_schema_version": 0,
          "private": "eyJlMmJmYjczMC1lY2FhLTExZTYtOGY4OC0zNDM2M2JjN2M0YzAiOnsiY3JlYXRlIjoxODAwMDAwMDAwMDAwLCJkZWxldGUiOjE4MDAwMDAwMDAwMDAsInJlYWQiOjE4MDAwMDAwMDAwMDAsInVwZGF0ZSI6MTgwMDAwMDAwMDAwMH19",
          "dependencies": [
            "azurerm_key_vault.main",
            "azurerm_mysql_flexible_server.main",
            "azurerm_resource_group.main",
            "azurerm_role_assignment.keyvault_secrets_user",
            "azurerm_user_assigned_identity.main",
            "data.azurerm_client_config.current",
            "random_password.mysql_admin",
            "random_string.suffix"
          ]
        }
      ]
    },
    {
      "mode": "managed",
      "type": "azurerm_key_vault_secret",
      "name": "mysql_password",
      "provider": "provider[\"registry.terraform.io/hashicorp/azurerm\"]",
      "instances": [
        {
          "schema_version": 0,
          "attributes": {
            "content_type": "",
            "expiration_date": null,
            "id": "https://kv-website-dev-r19q.vault.azure.net/secrets/mysql-password/b2ad2061345c478e9b7899880b72945b",
            "key_vault_id": "/subscriptions/356b0996-276c-4104-b906-efa2014f9d64/resourceGroups/rg-website-dev-r19q/providers/Microsoft.KeyVault/vaults/kv-website-dev-r19q",
            "name": "mysql-password",
            "not_before_date": null,
            "resource_id": "/subscriptions/356b0996-276c-4104-b906-efa2014f9d64/resourceGroups/rg-website-dev-r19q/providers/Microsoft.KeyVault/vaults/kv-website-dev-r19q/secrets/mysql-password/versions/b2ad2061345c478e9b7899880b72945b",
            "resource_versionless_id": "/subscriptions/356b0996-276c-4104-b906-efa2014f9d64/resourceGroups/rg-website-dev-r19q/providers/Microsoft.KeyVault/vaults/kv-website-dev-r19q/secrets/mysql-password",
            "tags": {},
            "timeouts": null,
            "value": "?hF5F_R5Mkt0K?C}",
            "version": "b2ad2061345c478e9b7899880b72945b",
            "versionless_id": "https://kv-website-dev-r19q.vault.azure.net/secrets/mysql-password"
          },
          "sensitive_attributes": [
            [
              {
                "type": "get_attr",
                "value": "value"
              }
            ]
          ],
          "identity_schema_version": 0,
          "private": "eyJlMmJmYjczMC1lY2FhLTExZTYtOGY4OC0zNDM2M2JjN2M0YzAiOnsiY3JlYXRlIjoxODAwMDAwMDAwMDAwLCJkZWxldGUiOjE4MDAwMDAwMDAwMDAsInJlYWQiOjE4MDAwMDAwMDAwMDAsInVwZGF0ZSI6MTgwMDAwMDAwMDAwMH19",
          "dependencies": [
            "azurerm_key_vault.main",
            "azurerm_resource_group.main",
            "azurerm_role_assignment.keyvault_secrets_user",
            "azurerm_user_assigned_identity.main",
            "data.azurerm_client_config.current",
            "random_password.mysql_admin",
            "random_string.suffix"
          ]
        }
      ]
    },
    {
      "mode": "managed",
      "type": "azurerm_mysql_flexible_database",
      "name": "ghost",
      "provider": "provider[\"registry.terraform.io/hashicorp/azurerm\"]",
      "instances": [
        {
          "schema_version": 0,
          "attributes": {
            "charset": "utf8mb4",
            "collation": "utf8mb4_unicode_ci",
            "id": "/subscriptions/356b0996-276c-4104-b906-efa2014f9d64/resourceGroups/rg-website-dev-r19q/providers/Microsoft.DBforMySQL/flexibleServers/mysql-website-dev-r19q/databases/ghost",
            "name": "ghost",
            "resource_group_name": "rg-website-dev-r19q",
            "server_name": "mysql-website-dev-r19q",
            "timeouts": null
          },
          "sensitive_attributes": [],
          "identity_schema_version": 0,
          "private": "eyJlMmJmYjczMC1lY2FhLTExZTYtOGY4OC0zNDM2M2JjN2M0YzAiOnsiY3JlYXRlIjozNjAwMDAwMDAwMDAwLCJkZWxldGUiOjM2MDAwMDAwMDAwMDAsInJlYWQiOjMwMDAwMDAwMDAwMH19",
          "dependencies": [
            "azurerm_mysql_flexible_server.main",
            "azurerm_resource_group.main",
            "random_password.mysql_admin",
            "random_string.suffix"
          ]
        }
      ]
    },
    {
      "mode": "managed",
      "type": "azurerm_mysql_flexible_server",
      "name": "main",
      "provider": "provider[\"registry.terraform.io/hashicorp/azurerm\"]",
      "instances": [
        {
          "schema_version": 0,
          "attributes": {
            "administrator_login": "ghostadmin",
            "administrator_password": "?hF5F_R5Mkt0K?C}",
            "backup_retention_days": 7,
            "create_mode": null,
            "customer_managed_key": [],
            "delegated_subnet_id": "",
            "fqdn": "mysql-website-dev-r19q.mysql.database.azure.com",
            "geo_redundant_backup_enabled": false,
            "high_availability": [],
            "id": "/subscriptions/356b0996-276c-4104-b906-efa2014f9d64/resourceGroups/rg-website-dev-r19q/providers/Microsoft.DBforMySQL/flexibleServers/mysql-website-dev-r19q",
            "identity": [],
            "location": "australiaeast",
            "maintenance_window": [],
            "name": "mysql-website-dev-r19q",
            "point_in_time_restore_time_in_utc": null,
            "private_dns_zone_id": "",
            "public_network_access_enabled": true,
            "replica_capacity": 10,
            "replication_role": "None",
            "resource_group_name": "rg-website-dev-r19q",
            "sku_name": "B_Standard_B1ms",
            "source_server_id": null,
            "storage": [
              {
                "auto_grow_enabled": true,
                "io_scaling_enabled": false,
                "iops": 360,
                "size_gb": 20
              }
            ],
            "tags": {
              "Environment": "dev",
              "ManagedBy": "terraform",
              "Owner": "charles",
              "Project": "website"
            },
            "timeouts": null,
            "version": "8.0.21",
            "zone": "1"
          },
          "sensitive_attributes": [
            [
              {
                "type": "get_attr",
                "value": "administrator_password"
              }
            ]
          ],
          "identity_schema_version": 0,
          "private": "eyJlMmJmYjczMC1lY2FhLTExZTYtOGY4OC0zNDM2M2JjN2M0YzAiOnsiY3JlYXRlIjozNjAwMDAwMDAwMDAwLCJkZWxldGUiOjM2MDAwMDAwMDAwMDAsInJlYWQiOjMwMDAwMDAwMDAwMCwidXBkYXRlIjozNjAwMDAwMDAwMDAwfX0=",
          "dependencies": [
            "azurerm_resource_group.main",
            "random_password.mysql_admin",
            "random_string.suffix"
          ]
        }
      ]
    },
    {
      "mode": "managed",
      "type": "azurerm_mysql_flexible_server_firewall_rule",
      "name": "allow_azure_services",
      "provider": "provider[\"registry.terraform.io/hashicorp/azurerm\"]",
      "instances": [
        {
          "schema_version": 0,
          "attributes": {
            "end_ip_address": "0.0.0.0",
            "id": "/subscriptions/356b0996-276c-4104-b906-efa2014f9d64/resourceGroups/rg-website-dev-r19q/providers/Microsoft.DBforMySQL/flexibleServers/mysql-website-dev-r19q/firewallRules/AllowAzureServices",
            "name": "AllowAzureServices",
            "resource_group_name": "rg-website-dev-r19q",
            "server_name": "mysql-website-dev-r19q",
            "start_ip_address": "0.0.0.0",
            "timeouts": null
          },
          "sensitive_attributes": [],
          "identity_schema_version": 0,
          "private": "eyJlMmJmYjczMC1lY2FhLTExZTYtOGY4OC0zNDM2M2JjN2M0YzAiOnsiY3JlYXRlIjoxODAwMDAwMDAwMDAwLCJkZWxldGUiOjE4MDAwMDAwMDAwMDAsInJlYWQiOjMwMDAwMDAwMDAwMCwidXBkYXRlIjoxODAwMDAwMDAwMDAwfX0=",
          "dependencies": [
            "azurerm_mysql_flexible_server.main",
            "azurerm_resource_group.main",
            "random_password.mysql_admin",
            "random_string.suffix"
          ]
        }
      ]
    },
    {
      "mode": "managed",
      "type": "azurerm_resource_group",
      "name": "main",
      "provider": "provider[\"registry.terraform.io/hashicorp/azurerm\"]",
      "instances": [
        {
          "schema_version": 0,
          "attributes": {
            "id": "/subscriptions/356b0996-276c-4104-b906-efa2014f9d64/resourceGroups/rg-website-dev-r19q",
            "location": "australiaeast",
            "managed_by": "",
            "name": "rg-website-dev-r19q",
            "tags": {
              "Environment": "dev",
              "ManagedBy": "terraform",
              "Owner": "charles",
              "Project": "website"
            },
            "timeouts": null
          },
          "sensitive_attributes": [],
          "identity_schema_version": 0,
          "private": "eyJlMmJmYjczMC1lY2FhLTExZTYtOGY4OC0zNDM2M2JjN2M0YzAiOnsiY3JlYXRlIjo1NDAwMDAwMDAwMDAwLCJkZWxldGUiOjU0MDAwMDAwMDAwMDAsInJlYWQiOjMwMDAwMDAwMDAwMCwidXBkYXRlIjo1NDAwMDAwMDAwMDAwfX0=",
          "dependencies": [
            "random_string.suffix"
          ]
        }
      ]
    },
    {
      "mode": "managed",
      "type": "azurerm_role_assignment",
      "name": "aks_identity_operator",
      "provider": "provider[\"registry.terraform.io/hashicorp/azurerm\"]",
      "instances": [
        {
          "schema_version": 0,
          "attributes": {
            "condition": "",
            "condition_version": "",
            "delegated_managed_identity_resource_id": "",
            "description": "",
            "id": "/subscriptions/356b0996-276c-4104-b906-efa2014f9d64/resourceGroups/rg-website-dev-r19q/providers/Microsoft.ManagedIdentity/userAssignedIdentities/id-website-dev-r19q/providers/Microsoft.Authorization/roleAssignments/574bef20-faa6-8ab3-9778-34c1cfa3b4fd",
            "name": "574bef20-faa6-8ab3-9778-34c1cfa3b4fd",
            "principal_id": "c6d13428-15a4-40e1-9abc-a61f571f6295",
            "principal_type": "ServicePrincipal",
            "role_definition_id": "/subscriptions/356b0996-276c-4104-b906-efa2014f9d64/providers/Microsoft.Authorization/roleDefinitions/f1a07417-d97a-45cb-824c-7a7467783830",
            "role_definition_name": "Managed Identity Operator",
            "scope": "/subscriptions/356b0996-276c-4104-b906-efa2014f9d64/resourceGroups/rg-website-dev-r19q/providers/Microsoft.ManagedIdentity/userAssignedIdentities/id-website-dev-r19q",
            "skip_service_principal_aad_check": null,
            "timeouts": null
          },
          "sensitive_attributes": [],
          "identity_schema_version": 0,
          "private": "eyJlMmJmYjczMC1lY2FhLTExZTYtOGY4OC0zNDM2M2JjN2M0YzAiOnsiY3JlYXRlIjoxODAwMDAwMDAwMDAwLCJkZWxldGUiOjE4MDAwMDAwMDAwMDAsInJlYWQiOjMwMDAwMDAwMDAwMH19",
          "dependencies": [
            "azurerm_resource_group.main",
            "azurerm_user_assigned_identity.main",
            "random_string.suffix"
          ]
        }
      ]
    },
    {
      "mode": "managed",
      "type": "azurerm_role_assignment",
      "name": "current_user_keyvault_admin",
      "provider": "provider[\"registry.terraform.io/hashicorp/azurerm\"]",
      "instances": [
        {
          "schema_version": 0,
          "attributes": {
            "condition": "",
            "condition_version": "",
            "delegated_managed_identity_resource_id": "",
            "description": "",
            "id": "/subscriptions/356b0996-276c-4104-b906-efa2014f9d64/resourceGroups/rg-website-dev-r19q/providers/Microsoft.KeyVault/vaults/kv-website-dev-r19q/providers/Microsoft.Authorization/roleAssignments/00634730-ff2e-3c86-9bea-f3d0861d7a35",
            "name": "00634730-ff2e-3c86-9bea-f3d0861d7a35",
            "principal_id": "68a3bc1c-0d3f-4057-8dc3-136007f017bd",
            "principal_type": "User",
            "role_definition_id": "/subscriptions/356b0996-276c-4104-b906-efa2014f9d64/providers/Microsoft.Authorization/roleDefinitions/00482a5a-887f-4fb3-b363-3b7fe8e74483",
            "role_definition_name": "Key Vault Administrator",
            "scope": "/subscriptions/356b0996-276c-4104-b906-efa2014f9d64/resourceGroups/rg-website-dev-r19q/providers/Microsoft.KeyVault/vaults/kv-website-dev-r19q",
            "skip_service_principal_aad_check": null,
            "timeouts": null
          },
          "sensitive_attributes": [],
          "identity_schema_version": 0,
          "private": "eyJlMmJmYjczMC1lY2FhLTExZTYtOGY4OC0zNDM2M2JjN2M0YzAiOnsiY3JlYXRlIjoxODAwMDAwMDAwMDAwLCJkZWxldGUiOjE4MDAwMDAwMDAwMDAsInJlYWQiOjMwMDAwMDAwMDAwMH19",
          "dependencies": [
            "azurerm_key_vault.main",
            "azurerm_resource_group.main",
            "data.azurerm_client_config.current",
            "random_string.suffix"
          ]
        }
      ]
    },
    {
      "mode": "managed",
      "type": "azurerm_role_assignment",
      "name": "keyvault_secrets_user",
      "provider": "provider[\"registry.terraform.io/hashicorp/azurerm\"]",
      "instances": [
        {
          "schema_version": 0,
          "attributes": {
            "condition": "",
            "condition_version": "",
            "delegated_managed_identity_resource_id": "",
            "description": "",
            "id": "/subscriptions/356b0996-276c-4104-b906-efa2014f9d64/resourceGroups/rg-website-dev-r19q/providers/Microsoft.KeyVault/vaults/kv-website-dev-r19q/providers/Microsoft.Authorization/roleAssignments/e6fb28a4-ec48-6b5a-c021-621575d0fb41",
            "name": "e6fb28a4-ec48-6b5a-c021-621575d0fb41",
            "principal_id": "951153c1-0064-4daa-b7a4-9e1f3d0c23c4",
            "principal_type": "ServicePrincipal",
            "role_definition_id": "/subscriptions/356b0996-276c-4104-b906-efa2014f9d64/providers/Microsoft.Authorization/roleDefinitions/4633458b-17de-408a-b874-0445c86b69e6",
            "role_definition_name": "Key Vault Secrets User",
            "scope": "/subscriptions/356b0996-276c-4104-b906-efa2014f9d64/resourceGroups/rg-website-dev-r19q/providers/Microsoft.KeyVault/vaults/kv-website-dev-r19q",
            "skip_service_principal_aad_check": null,
            "timeouts": null
          },
          "sensitive_attributes": [],
          "identity_schema_version": 0,
          "private": "eyJlMmJmYjczMC1lY2FhLTExZTYtOGY4OC0zNDM2M2JjN2M0YzAiOnsiY3JlYXRlIjoxODAwMDAwMDAwMDAwLCJkZWxldGUiOjE4MDAwMDAwMDAwMDAsInJlYWQiOjMwMDAwMDAwMDAwMH19",
          "dependencies": [
            "azurerm_key_vault.main",
            "azurerm_resource_group.main",
            "azurerm_user_assigned_identity.main",
            "data.azurerm_client_config.current",
            "random_string.suffix"
          ]
        }
      ]
    },
    {
      "mode": "managed",
      "type": "azurerm_user_assigned_identity",
      "name": "main",
      "provider": "provider[\"registry.terraform.io/hashicorp/azurerm\"]",
      "instances": [
        {
          "schema_version": 1,
          "attributes": {
            "client_id": "ebee713f-b2d4-48cd-972a-79be533c3a60",
            "id": "/subscriptions/356b0996-276c-4104-b906-efa2014f9d64/resourceGroups/rg-website-dev-r19q/providers/Microsoft.ManagedIdentity/userAssignedIdentities/id-website-dev-r19q",
            "location": "australiaeast",
            "name": "id-website-dev-r19q",
            "principal_id": "951153c1-0064-4daa-b7a4-9e1f3d0c23c4",
            "resource_group_name": "rg-website-dev-r19q",
            "tags": {
              "Environment": "dev",
              "ManagedBy": "terraform",
              "Owner": "charles",
              "Project": "website"
            },
            "tenant_id": "42ff806a-1ba2-48f1-a4af-eadec06d2486",
            "timeouts": null
          },
          "sensitive_attributes": [],
          "identity_schema_version": 0,
          "private": "eyJlMmJmYjczMC1lY2FhLTExZTYtOGY4OC0zNDM2M2JjN2M0YzAiOnsiY3JlYXRlIjoxODAwMDAwMDAwMDAwLCJkZWxldGUiOjE4MDAwMDAwMDAwMDAsInJlYWQiOjMwMDAwMDAwMDAwMCwidXBkYXRlIjoxODAwMDAwMDAwMDAwfSwic2NoZW1hX3ZlcnNpb24iOiIxIn0=",
          "dependencies": [
            "azurerm_resource_group.main",
            "random_string.suffix"
          ]
        }
      ]
    },
    {
      "mode": "managed",
      "type": "random_password",
      "name": "mysql_admin",
      "provider": "provider[\"registry.terraform.io/hashicorp/random\"]",
      "instances": [
        {
          "schema_version": 3,
          "attributes": {
            "bcrypt_hash": "$2a$10$9BaO9lKvZC1ky3SBH740/.Cq66CH72XT4v89Bls4RkU10cqm98mYi",
            "id": "none",
            "keepers": null,
            "length": 16,
            "lower": true,
            "min_lower": 0,
            "min_numeric": 0,
            "min_special": 0,
            "min_upper": 0,
            "number": true,
            "numeric": true,
            "override_special": null,
            "result": "?hF5F_R5Mkt0K?C}",
            "special": true,
            "upper": true
          },
          "sensitive_attributes": [
            [
              {
                "type": "get_attr",
                "value": "bcrypt_hash"
              }
            ],
            [
              {
                "type": "get_attr",
                "value": "result"
              }
            ]
          ],
          "identity_schema_version": 0
        }
      ]
    },
    {
      "mode": "managed",
      "type": "random_string",
      "name": "suffix",
      "provider": "provider[\"registry.terraform.io/hashicorp/random\"]",
      "instances": [
        {
          "schema_version": 2,
          "attributes": {
            "id": "r19q",
            "keepers": null,
            "length": 4,
            "lower": true,
            "min_lower": 0,
            "min_numeric": 0,
            "min_special": 0,
            "min_upper": 0,
            "number": true,
            "numeric": true,
            "override_special": null,
            "result": "r19q",
            "special": false,
            "upper": false
          },
          "sensitive_attributes": [],
          "identity_schema_version": 0
        }
      ]
    }
  ],
  "check_results": null
}
