{
  "version": 4,
  "terraform_version": "1.12.1",
  "serial": 30,
  "lineage": "6a71f98b-6ab6-9e32-ae4b-82e27edc8a0e",
  "outputs": {
    "keyvault_id": {
      "value": "/subscriptions/356b0996-276c-4104-b906-efa2014f9d64/resourceGroups/rg-website-dev-r19q/providers/Microsoft.KeyVault/vaults/kv-website-dev-r19q",
      "type": "string"
    },
    "keyvault_name": {
      "value": "kv-website-dev-r19q",
      "type": "string"
    },
    "managed_identity_client_id": {
      "value": "ebee713f-b2d4-48cd-972a-79be533c3a60",
      "type": "string"
    },
    "managed_identity_name": {
      "value": "id-website-dev-r19q",
      "type": "string"
    },
    "managed_identity_principal_id": {
      "value": "951153c1-0064-4daa-b7a4-9e1f3d0c23c4",
      "type": "string"
    },
    "mysql_admin_username": {
      "value": "ghostadmin",
      "type": "string"
    },
    "mysql_database_name": {
      "value": "ghost",
      "type": "string"
    },
    "mysql_server_fqdn": {
      "value": "mysql-website-dev-r19q.mysql.database.azure.com",
      "type": "string"
    },
    "mysql_server_name": {
      "value": "mysql-website-dev-r19q",
      "type": "string"
    }
  },
  "resources": [
    {
      "mode": "data",
      "type": "azurerm_client_config",
      "name": "current",
      "provider": "provider[\"registry.terraform.io/hashicorp/azurerm\"]",
      "instances": [
        {
          "schema_version": 0,
          "attributes": {
            "client_id": "04b07795-8ddb-461a-bbee-02f9e1bf7b46",
            "id": "Y2xpZW50Q29uZmlncy9jbGllbnRJZD0wNGIwNzc5NS04ZGRiLTQ2MWEtYmJlZS0wMmY5ZTFiZjdiNDY7b2JqZWN0SWQ9NjhhM2JjMWMtMGQzZi00MDU3LThkYzMtMTM2MDA3ZjAxN2JkO3N1YnNjcmlwdGlvbklkPTM1NmIwOTk2LTI3NmMtNDEwNC1iOTA2LWVmYTIwMTRmOWQ2NDt0ZW5hbnRJZD00MmZmODA2YS0xYmEyLTQ4ZjEtYTRhZi1lYWRlYzA2ZDI0ODY=",
            "object_id": "68a3bc1c-0d3f-4057-8dc3-136007f017bd",
            "subscription_id": "356b0996-276c-4104-b906-efa2014f9d64",
            "tenant_id": "42ff806a-1ba2-48f1-a4af-eadec06d2486",
            "timeouts": null
          },
          "sensitive_attributes": [],
          "identity_schema_version": 0
        }
      ]
    },
    {
      "mode": "managed",
      "type": "azurerm_key_vault",
      "name": "main",
      "provider": "provider[\"registry.terraform.io/hashicorp/azurerm\"]",
      "instances": [
        {
          "schema_version": 2,
          "attributes": {
            "access_policy": [],
            "contact": [],
            "enable_rbac_authorization": true,
            "enabled_for_deployment": false,
            "enabled_for_disk_encryption": false,
            "enabled_for_template_deployment": false,
            "id": "/subscriptions/356b0996-276c-4104-b906-efa2014f9d64/resourceGroups/rg-website-dev-r19q/providers/Microsoft.KeyVault/vaults/kv-website-dev-r19q",
            "location": "australiaeast",
            "name": "kv-website-dev-r19q",
            "network_acls": [
              {
                "bypass": "AzureServices",
                "default_action": "Allow",
                "ip_rules": [],
                "virtual_network_subnet_ids": []
              }
            ],
            "public_network_access_enabled": true,
            "purge_protection_enabled": false,
            "resource_group_name": "rg-website-dev-r19q",
            "sku_name": "standard",
            "soft_delete_retention_days": 7,
            "tags": {
              "Environment": "dev",
              "ManagedBy": "terraform",
              "Owner": "charles",
              "Project": "website"
            },
            "tenant_id": "42ff806a-1ba2-48f1-a4af-eadec06d2486",
            "timeouts": null,
            "vault_uri": "https://kv-website-dev-r19q.vault.azure.net/"
          },
          "sensitive_attributes": [],
          "identity_schema_version": 0,
          "private": "eyJlMmJmYjczMC1lY2FhLTExZTYtOGY4OC0zNDM2M2JjN2M0YzAiOnsiY3JlYXRlIjoxODAwMDAwMDAwMDAwLCJkZWxldGUiOjE4MDAwMDAwMDAwMDAsInJlYWQiOjMwMDAwMDAwMDAwMCwidXBkYXRlIjoxODAwMDAwMDAwMDAwfSwic2NoZW1hX3ZlcnNpb24iOiIyIn0=",
          "dependencies": [
            "azurerm_resource_group.main",
            "data.azurerm_client_config.current",
            "random_string.suffix"
          ]
        }
      ]
    },
    {
      "mode": "managed",
      "type": "azurerm_key_vault_secret",
      "name": "mysql_connection_string",
      "provider": "provider[\"registry.terraform.io/hashicorp/azurerm\"]",
      "instances": [
        {
          "schema_version": 0,
          "attributes": {
            "content_type": "",
            "expiration_date": null,
            "id": "https://kv-website-dev-r19q.vault.azure.net/secrets/mysql-connection-string/4f59b71625314f5593c033e241774a3d",
            "key_vault_id": "/subscriptions/356b0996-276c-4104-b906-efa2014f9d64/resourceGroups/rg-website-dev-r19q/providers/Microsoft.KeyVault/vaults/kv-website-dev-r19q",
            "name": "mysql-connection-string",
            "not_before_date": null,
            "resource_id": "/subscriptions/356b0996-276c-4104-b906-efa2014f9d64/resourceGroups/rg-website-dev-r19q/providers/Microsoft.KeyVault/vaults/kv-website-dev-r19q/secrets/mysql-connection-string/versions/4f59b71625314f5593c033e241774a3d",
            "resource_versionless_id": "/subscriptions/356b0996-276c-4104-b906-efa2014f9d64/resourceGroups/rg-website-dev-r19q/providers/Microsoft.KeyVault/vaults/kv-website-dev-r19q/secrets/mysql-connection-string",
            "tags": null,
            "timeouts": null,
            "value": "mysql://ghostadmin:?hF5F_R5Mkt0K?C}@mysql-website-dev-r19q.mysql.database.azure.com:3306/ghost?ssl=true",
            "version": "4f59b71625314f5593c033e241774a3d",
            "versionless_id": "https://kv-website-dev-r19q.vault.azure.net/secrets/mysql-connection-string"
          },
          "sensitive_attributes": [
            [
              {
                "type": "get_attr",
                "value": "value"
              }
            ]
          ],
          "identity_schema_version": 0,
          "private": "eyJlMmJmYjczMC1lY2FhLTExZTYtOGY4OC0zNDM2M2JjN2M0YzAiOnsiY3JlYXRlIjoxODAwMDAwMDAwMDAwLCJkZWxldGUiOjE4MDAwMDAwMDAwMDAsInJlYWQiOjE4MDAwMDAwMDAwMDAsInVwZGF0ZSI6MTgwMDAwMDAwMDAwMH19",
          "dependencies": [
            "azurerm_key_vault.main",
            "azurerm_mysql_flexible_database.ghost",
            "azurerm_mysql_flexible_server.main",
            "azurerm_resource_group.main",
            "azurerm_role_assignment.keyvault_secrets_user",
            "azurerm_user_assigned_identity.main",
            "data.azurerm_client_config.current",
            "random_password.mysql_admin",
            "random_string.suffix"
          ]
        }
      ]
    },
    {
      "mode": "managed",
      "type": "azurerm_key_vault_secret",
      "name": "mysql_host",
      "provider": "provider[\"registry.terraform.io/hashicorp/azurerm\"]",
      "instances": [
        {
          "schema_version": 0,
          "attributes": {
            "content_type": "",
            "expiration_date": null,
            "id": "https://kv-website-dev-r19q.vault.azure.net/secrets/mysql-host/fdeff7b5207b45ec9fb22a53fe0cb0c3",
            "key_vault_id": "/subscriptions/356b0996-276c-4104-b906-efa2014f9d64/resourceGroups/rg-website-dev-r19q/providers/Microsoft.KeyVault/vaults/kv-website-dev-r19q",
            "name": "mysql-host",
            "not_before_date": null,
            "resource_id": "/subscriptions/356b0996-276c-4104-b906-efa2014f9d64/resourceGroups/rg-website-dev-r19q/providers/Microsoft.KeyVault/vaults/kv-website-dev-r19q/secrets/mysql-host/versions/fdeff7b5207b45ec9fb22a53fe0cb0c3",
            "resource_versionless_id": "/subscriptions/356b0996-276c-4104-b906-efa2014f9d64/resourceGroups/rg-website-dev-r19q/providers/Microsoft.KeyVault/vaults/kv-website-dev-r19q/secrets/mysql-host",
            "tags": null,
            "timeouts": null,
            "value": "mysql-website-dev-r19q.mysql.database.azure.com",
            "version": "fdeff7b5207b45ec9fb22a53fe0cb0c3",
            "versionless_id": "https://kv-website-dev-r19q.vault.azure.net/secrets/mysql-host"
          },
          "sensitive_attributes": [
            [
              {
                "type": "get_attr",
                "value": "value"
              }
            ]
          ],
          "identity_schema_version": 0,
          "private": "eyJlMmJmYjczMC1lY2FhLTExZTYtOGY4OC0zNDM2M2JjN2M0YzAiOnsiY3JlYXRlIjoxODAwMDAwMDAwMDAwLCJkZWxldGUiOjE4MDAwMDAwMDAwMDAsInJlYWQiOjE4MDAwMDAwMDAwMDAsInVwZGF0ZSI6MTgwMDAwMDAwMDAwMH19",
          "dependencies": [
            "azurerm_key_vault.main",
            "azurerm_mysql_flexible_server.main",
            "azurerm_resource_group.main",
            "azurerm_role_assignment.keyvault_secrets_user",
            "azurerm_user_assigned_identity.main",
            "data.azurerm_client_config.current",
            "random_password.mysql_admin",
            "random_string.suffix"
          ]
        }
      ]
    },
    {
      "mode": "managed",
      "type": "azurerm_key_vault_secret",
      "name": "mysql_password",
      "provider": "provider[\"registry.terraform.io/hashicorp/azurerm\"]",
      "instances": [
        {
          "schema_version": 0,
          "attributes": {
            "content_type": "",
            "expiration_date": null,
            "id": "https://kv-website-dev-r19q.vault.azure.net/secrets/mysql-password/b2ad2061345c478e9b7899880b72945b",
            "key_vault_id": "/subscriptions/356b0996-276c-4104-b906-efa2014f9d64/resourceGroups/rg-website-dev-r19q/providers/Microsoft.KeyVault/vaults/kv-website-dev-r19q",
            "name": "mysql-password",
            "not_before_date": null,
            "resource_id": "/subscriptions/356b0996-276c-4104-b906-efa2014f9d64/resourceGroups/rg-website-dev-r19q/providers/Microsoft.KeyVault/vaults/kv-website-dev-r19q/secrets/mysql-password/versions/b2ad2061345c478e9b7899880b72945b",
            "resource_versionless_id": "/subscriptions/356b0996-276c-4104-b906-efa2014f9d64/resourceGroups/rg-website-dev-r19q/providers/Microsoft.KeyVault/vaults/kv-website-dev-r19q/secrets/mysql-password",
            "tags": null,
            "timeouts": null,
            "value": "?hF5F_R5Mkt0K?C}",
            "version": "b2ad2061345c478e9b7899880b72945b",
            "versionless_id": "https://kv-website-dev-r19q.vault.azure.net/secrets/mysql-password"
          },
          "sensitive_attributes": [
            [
              {
                "type": "get_attr",
                "value": "value"
              }
            ]
          ],
          "identity_schema_version": 0,
          "private": "eyJlMmJmYjczMC1lY2FhLTExZTYtOGY4OC0zNDM2M2JjN2M0YzAiOnsiY3JlYXRlIjoxODAwMDAwMDAwMDAwLCJkZWxldGUiOjE4MDAwMDAwMDAwMDAsInJlYWQiOjE4MDAwMDAwMDAwMDAsInVwZGF0ZSI6MTgwMDAwMDAwMDAwMH19",
          "dependencies": [
            "azurerm_key_vault.main",
            "azurerm_resource_group.main",
            "azurerm_role_assignment.keyvault_secrets_user",
            "azurerm_user_assigned_identity.main",
            "data.azurerm_client_config.current",
            "random_password.mysql_admin",
            "random_string.suffix"
          ]
        }
      ]
    },
    {
      "mode": "managed",
      "type": "azurerm_mysql_flexible_database",
      "name": "ghost",
      "provider": "provider[\"registry.terraform.io/hashicorp/azurerm\"]",
      "instances": [
        {
          "schema_version": 0,
          "attributes": {
            "charset": "utf8mb4",
            "collation": "utf8mb4_unicode_ci",
            "id": "/subscriptions/356b0996-276c-4104-b906-efa2014f9d64/resourceGroups/rg-website-dev-r19q/providers/Microsoft.DBforMySQL/flexibleServers/mysql-website-dev-r19q/databases/ghost",
            "name": "ghost",
            "resource_group_name": "rg-website-dev-r19q",
            "server_name": "mysql-website-dev-r19q",
            "timeouts": null
          },
          "sensitive_attributes": [],
          "identity_schema_version": 0,
          "private": "eyJlMmJmYjczMC1lY2FhLTExZTYtOGY4OC0zNDM2M2JjN2M0YzAiOnsiY3JlYXRlIjozNjAwMDAwMDAwMDAwLCJkZWxldGUiOjM2MDAwMDAwMDAwMDAsInJlYWQiOjMwMDAwMDAwMDAwMH19",
          "dependencies": [
            "azurerm_mysql_flexible_server.main",
            "azurerm_resource_group.main",
            "random_password.mysql_admin",
            "random_string.suffix"
          ]
        }
      ]
    },
    {
      "mode": "managed",
      "type": "azurerm_mysql_flexible_server",
      "name": "main",
      "provider": "provider[\"registry.terraform.io/hashicorp/azurerm\"]",
      "instances": [
        {
          "schema_version": 0,
          "attributes": {
            "administrator_login": "ghostadmin",
            "administrator_password": "?hF5F_R5Mkt0K?C}",
            "backup_retention_days": 7,
            "create_mode": null,
            "customer_managed_key": [],
            "delegated_subnet_id": "",
            "fqdn": "mysql-website-dev-r19q.mysql.database.azure.com",
            "geo_redundant_backup_enabled": false,
            "high_availability": [],
            "id": "/subscriptions/356b0996-276c-4104-b906-efa2014f9d64/resourceGroups/rg-website-dev-r19q/providers/Microsoft.DBforMySQL/flexibleServers/mysql-website-dev-r19q",
            "identity": [],
            "location": "australiaeast",
            "maintenance_window": [],
            "name": "mysql-website-dev-r19q",
            "point_in_time_restore_time_in_utc": null,
            "private_dns_zone_id": "",
            "public_network_access_enabled": true,
            "replica_capacity": 10,
            "replication_role": "None",
            "resource_group_name": "rg-website-dev-r19q",
            "sku_name": "B_Standard_B1ms",
            "source_server_id": null,
            "storage": [
              {
                "auto_grow_enabled": true,
                "io_scaling_enabled": false,
                "iops": 360,
                "size_gb": 20
              }
            ],
            "tags": {
              "Environment": "dev",
              "ManagedBy": "terraform",
              "Owner": "charles",
              "Project": "website"
            },
            "timeouts": null,
            "version": "8.0.21",
            "zone": "1"
          },
          "sensitive_attributes": [
            [
              {
                "type": "get_attr",
                "value": "administrator_password"
              }
            ]
          ],
          "identity_schema_version": 0,
          "private": "eyJlMmJmYjczMC1lY2FhLTExZTYtOGY4OC0zNDM2M2JjN2M0YzAiOnsiY3JlYXRlIjozNjAwMDAwMDAwMDAwLCJkZWxldGUiOjM2MDAwMDAwMDAwMDAsInJlYWQiOjMwMDAwMDAwMDAwMCwidXBkYXRlIjozNjAwMDAwMDAwMDAwfX0=",
          "dependencies": [
            "azurerm_resource_group.main",
            "random_password.mysql_admin",
            "random_string.suffix"
          ]
        }
      ]
    },
    {
      "mode": "managed",
      "type": "azurerm_mysql_flexible_server_firewall_rule",
      "name": "allow_azure_services",
      "provider": "provider[\"registry.terraform.io/hashicorp/azurerm\"]",
      "instances": [
        {
          "schema_version": 0,
          "attributes": {
            "end_ip_address": "0.0.0.0",
            "id": "/subscriptions/356b0996-276c-4104-b906-efa2014f9d64/resourceGroups/rg-website-dev-r19q/providers/Microsoft.DBforMySQL/flexibleServers/mysql-website-dev-r19q/firewallRules/AllowAzureServices",
            "name": "AllowAzureServices",
            "resource_group_name": "rg-website-dev-r19q",
            "server_name": "mysql-website-dev-r19q",
            "start_ip_address": "0.0.0.0",
            "timeouts": null
          },
          "sensitive_attributes": [],
          "identity_schema_version": 0,
          "private": "eyJlMmJmYjczMC1lY2FhLTExZTYtOGY4OC0zNDM2M2JjN2M0YzAiOnsiY3JlYXRlIjoxODAwMDAwMDAwMDAwLCJkZWxldGUiOjE4MDAwMDAwMDAwMDAsInJlYWQiOjMwMDAwMDAwMDAwMCwidXBkYXRlIjoxODAwMDAwMDAwMDAwfX0=",
          "dependencies": [
            "azurerm_mysql_flexible_server.main",
            "azurerm_resource_group.main",
            "random_password.mysql_admin",
            "random_string.suffix"
          ]
        }
      ]
    },
    {
      "mode": "managed",
      "type": "azurerm_resource_group",
      "name": "main",
      "provider": "provider[\"registry.terraform.io/hashicorp/azurerm\"]",
      "instances": [
        {
          "schema_version": 0,
          "attributes": {
            "id": "/subscriptions/356b0996-276c-4104-b906-efa2014f9d64/resourceGroups/rg-website-dev-r19q",
            "location": "australiaeast",
            "managed_by": "",
            "name": "rg-website-dev-r19q",
            "tags": {
              "Environment": "dev",
              "ManagedBy": "terraform",
              "Owner": "charles",
              "Project": "website"
            },
            "timeouts": null
          },
          "sensitive_attributes": [],
          "identity_schema_version": 0,
          "private": "eyJlMmJmYjczMC1lY2FhLTExZTYtOGY4OC0zNDM2M2JjN2M0YzAiOnsiY3JlYXRlIjo1NDAwMDAwMDAwMDAwLCJkZWxldGUiOjU0MDAwMDAwMDAwMDAsInJlYWQiOjMwMDAwMDAwMDAwMCwidXBkYXRlIjo1NDAwMDAwMDAwMDAwfX0=",
          "dependencies": [
            "random_string.suffix"
          ]
        }
      ]
    },
    {
      "mode": "managed",
      "type": "azurerm_role_assignment",
      "name": "aks_identity_operator",
      "provider": "provider[\"registry.terraform.io/hashicorp/azurerm\"]",
      "instances": [
        {
          "schema_version": 0,
          "attributes": {
            "condition": "",
            "condition_version": "",
            "delegated_managed_identity_resource_id": "",
            "description": "",
            "id": "/subscriptions/356b0996-276c-4104-b906-efa2014f9d64/resourceGroups/rg-website-dev-r19q/providers/Microsoft.ManagedIdentity/userAssignedIdentities/id-website-dev-r19q/providers/Microsoft.Authorization/roleAssignments/574bef20-faa6-8ab3-9778-34c1cfa3b4fd",
            "name": "574bef20-faa6-8ab3-9778-34c1cfa3b4fd",
            "principal_id": "c6d13428-15a4-40e1-9abc-a61f571f6295",
            "principal_type": "ServicePrincipal",
            "role_definition_id": "/subscriptions/356b0996-276c-4104-b906-efa2014f9d64/providers/Microsoft.Authorization/roleDefinitions/f1a07417-d97a-45cb-824c-7a7467783830",
            "role_definition_name": "Managed Identity Operator",
            "scope": "/subscriptions/356b0996-276c-4104-b906-efa2014f9d64/resourceGroups/rg-website-dev-r19q/providers/Microsoft.ManagedIdentity/userAssignedIdentities/id-website-dev-r19q",
            "skip_service_principal_aad_check": null,
            "timeouts": null
          },
          "sensitive_attributes": [],
          "identity_schema_version": 0,
          "private": "eyJlMmJmYjczMC1lY2FhLTExZTYtOGY4OC0zNDM2M2JjN2M0YzAiOnsiY3JlYXRlIjoxODAwMDAwMDAwMDAwLCJkZWxldGUiOjE4MDAwMDAwMDAwMDAsInJlYWQiOjMwMDAwMDAwMDAwMH19",
          "dependencies": [
            "azurerm_resource_group.main",
            "azurerm_user_assigned_identity.main",
            "random_string.suffix"
          ]
        }
      ]
    },
    {
      "mode": "managed",
      "type": "azurerm_role_assignment",
      "name": "current_user_keyvault_admin",
      "provider": "provider[\"registry.terraform.io/hashicorp/azurerm\"]",
      "instances": [
        {
          "schema_version": 0,
          "attributes": {
            "condition": "",
            "condition_version": "",
            "delegated_managed_identity_resource_id": "",
            "description": "",
            "id": "/subscriptions/356b0996-276c-4104-b906-efa2014f9d64/resourceGroups/rg-website-dev-r19q/providers/Microsoft.KeyVault/vaults/kv-website-dev-r19q/providers/Microsoft.Authorization/roleAssignments/00634730-ff2e-3c86-9bea-f3d0861d7a35",
            "name": "00634730-ff2e-3c86-9bea-f3d0861d7a35",
            "principal_id": "68a3bc1c-0d3f-4057-8dc3-136007f017bd",
            "principal_type": "User",
            "role_definition_id": "/subscriptions/356b0996-276c-4104-b906-efa2014f9d64/providers/Microsoft.Authorization/roleDefinitions/00482a5a-887f-4fb3-b363-3b7fe8e74483",
            "role_definition_name": "Key Vault Administrator",
            "scope": "/subscriptions/356b0996-276c-4104-b906-efa2014f9d64/resourceGroups/rg-website-dev-r19q/providers/Microsoft.KeyVault/vaults/kv-website-dev-r19q",
            "skip_service_principal_aad_check": null,
            "timeouts": null
          },
          "sensitive_attributes": [],
          "identity_schema_version": 0,
          "private": "eyJlMmJmYjczMC1lY2FhLTExZTYtOGY4OC0zNDM2M2JjN2M0YzAiOnsiY3JlYXRlIjoxODAwMDAwMDAwMDAwLCJkZWxldGUiOjE4MDAwMDAwMDAwMDAsInJlYWQiOjMwMDAwMDAwMDAwMH19",
          "dependencies": [
            "azurerm_key_vault.main",
            "azurerm_resource_group.main",
            "data.azurerm_client_config.current",
            "random_string.suffix"
          ]
        }
      ]
    },
    {
      "mode": "managed",
      "type": "azurerm_role_assignment",
      "name": "keyvault_secrets_user",
      "provider": "provider[\"registry.terraform.io/hashicorp/azurerm\"]",
      "instances": [
        {
          "schema_version": 0,
          "attributes": {
            "condition": "",
            "condition_version": "",
            "delegated_managed_identity_resource_id": "",
            "description": "",
            "id": "/subscriptions/356b0996-276c-4104-b906-efa2014f9d64/resourceGroups/rg-website-dev-r19q/providers/Microsoft.KeyVault/vaults/kv-website-dev-r19q/providers/Microsoft.Authorization/roleAssignments/e6fb28a4-ec48-6b5a-c021-621575d0fb41",
            "name": "e6fb28a4-ec48-6b5a-c021-621575d0fb41",
            "principal_id": "951153c1-0064-4daa-b7a4-9e1f3d0c23c4",
            "principal_type": "ServicePrincipal",
            "role_definition_id": "/subscriptions/356b0996-276c-4104-b906-efa2014f9d64/providers/Microsoft.Authorization/roleDefinitions/4633458b-17de-408a-b874-0445c86b69e6",
            "role_definition_name": "Key Vault Secrets User",
            "scope": "/subscriptions/356b0996-276c-4104-b906-efa2014f9d64/resourceGroups/rg-website-dev-r19q/providers/Microsoft.KeyVault/vaults/kv-website-dev-r19q",
            "skip_service_principal_aad_check": null,
            "timeouts": null
          },
          "sensitive_attributes": [],
          "identity_schema_version": 0,
          "private": "eyJlMmJmYjczMC1lY2FhLTExZTYtOGY4OC0zNDM2M2JjN2M0YzAiOnsiY3JlYXRlIjoxODAwMDAwMDAwMDAwLCJkZWxldGUiOjE4MDAwMDAwMDAwMDAsInJlYWQiOjMwMDAwMDAwMDAwMH19",
          "dependencies": [
            "azurerm_key_vault.main",
            "azurerm_resource_group.main",
            "azurerm_user_assigned_identity.main",
            "data.azurerm_client_config.current",
            "random_string.suffix"
          ]
        }
      ]
    },
    {
      "mode": "managed",
      "type": "azurerm_user_assigned_identity",
      "name": "main",
      "provider": "provider[\"registry.terraform.io/hashicorp/azurerm\"]",
      "instances": [
        {
          "schema_version": 1,
          "attributes": {
            "client_id": "ebee713f-b2d4-48cd-972a-79be533c3a60",
            "id": "/subscriptions/356b0996-276c-4104-b906-efa2014f9d64/resourceGroups/rg-website-dev-r19q/providers/Microsoft.ManagedIdentity/userAssignedIdentities/id-website-dev-r19q",
            "location": "australiaeast",
            "name": "id-website-dev-r19q",
            "principal_id": "951153c1-0064-4daa-b7a4-9e1f3d0c23c4",
            "resource_group_name": "rg-website-dev-r19q",
            "tags": {
              "Environment": "dev",
              "ManagedBy": "terraform",
              "Owner": "charles",
              "Project": "website"
            },
            "tenant_id": "42ff806a-1ba2-48f1-a4af-eadec06d2486",
            "timeouts": null
          },
          "sensitive_attributes": [],
          "identity_schema_version": 0,
          "private": "eyJlMmJmYjczMC1lY2FhLTExZTYtOGY4OC0zNDM2M2JjN2M0YzAiOnsiY3JlYXRlIjoxODAwMDAwMDAwMDAwLCJkZWxldGUiOjE4MDAwMDAwMDAwMDAsInJlYWQiOjMwMDAwMDAwMDAwMCwidXBkYXRlIjoxODAwMDAwMDAwMDAwfSwic2NoZW1hX3ZlcnNpb24iOiIxIn0=",
          "dependencies": [
            "azurerm_resource_group.main",
            "random_string.suffix"
          ]
        }
      ]
    },
    {
      "mode": "managed",
      "type": "random_password",
      "name": "mysql_admin",
      "provider": "provider[\"registry.terraform.io/hashicorp/random\"]",
      "instances": [
        {
          "schema_version": 3,
          "attributes": {
            "bcrypt_hash": "$2a$10$9BaO9lKvZC1ky3SBH740/.Cq66CH72XT4v89Bls4RkU10cqm98mYi",
            "id": "none",
            "keepers": null,
            "length": 16,
            "lower": true,
            "min_lower": 0,
            "min_numeric": 0,
            "min_special": 0,
            "min_upper": 0,
            "number": true,
            "numeric": true,
            "override_special": null,
            "result": "?hF5F_R5Mkt0K?C}",
            "special": true,
            "upper": true
          },
          "sensitive_attributes": [
            [
              {
                "type": "get_attr",
                "value": "bcrypt_hash"
              }
            ],
            [
              {
                "type": "get_attr",
                "value": "result"
              }
            ]
          ],
          "identity_schema_version": 0
        }
      ]
    },
    {
      "mode": "managed",
      "type": "random_string",
      "name": "suffix",
      "provider": "provider[\"registry.terraform.io/hashicorp/random\"]",
      "instances": [
        {
          "schema_version": 2,
          "attributes": {
            "id": "r19q",
            "keepers": null,
            "length": 4,
            "lower": true,
            "min_lower": 0,
            "min_numeric": 0,
            "min_special": 0,
            "min_upper": 0,
            "number": true,
            "numeric": true,
            "override_special": null,
            "result": "r19q",
            "special": false,
            "upper": false
          },
          "sensitive_attributes": [],
          "identity_schema_version": 0
        }
      ]
    }
  ],
  "check_results": null
}
