{
  "version": 4,
  "terraform_version": "1.12.1",
  "serial": 18,
  "lineage": "93888e62-8608-ea79-deaf-d2f4c3f8155f",
  "outputs": {
    "keyvault_id": {
      "value": "/subscriptions/356b0996-276c-4104-b906-efa2014f9d64/resourceGroups/rg-website-prod-tj5l/providers/Microsoft.KeyVault/vaults/kv-website-prod-tj5l",
      "type": "string"
    },
    "keyvault_name": {
      "value": "kv-website-prod-tj5l",
      "type": "string"
    },
    "managed_identity_client_id": {
      "value": "9f12c58a-a357-4fa5-80b9-c5d05b6c6125",
      "type": "string"
    },
    "managed_identity_name": {
      "value": "id-website-prod-tj5l",
      "type": "string"
    },
    "managed_identity_principal_id": {
      "value": "a77c35f2-cbc7-4a86-b89f-2d43c27a660e",
      "type": "string"
    },
    "mysql_admin_username": {
      "value": "ghostadmin",
      "type": "string"
    },
    "mysql_database_name": {
      "value": "ghost",
      "type": "string"
    },
    "mysql_server_fqdn": {
      "value": "mysql-website-prod-tj5l.mysql.database.azure.com",
      "type": "string"
    },
    "mysql_server_name": {
      "value": "mysql-website-prod-tj5l",
      "type": "string"
    }
  },
  "resources": [
    {
      "mode": "data",
      "type": "azurerm_client_config",
      "name": "current",
      "provider": "provider[\"registry.terraform.io/hashicorp/azurerm\"]",
      "instances": [
        {
          "schema_version": 0,
          "attributes": {
            "client_id": "04b07795-8ddb-461a-bbee-02f9e1bf7b46",
            "id": "Y2xpZW50Q29uZmlncy9jbGllbnRJZD0wNGIwNzc5NS04ZGRiLTQ2MWEtYmJlZS0wMmY5ZTFiZjdiNDY7b2JqZWN0SWQ9NjhhM2JjMWMtMGQzZi00MDU3LThkYzMtMTM2MDA3ZjAxN2JkO3N1YnNjcmlwdGlvbklkPTM1NmIwOTk2LTI3NmMtNDEwNC1iOTA2LWVmYTIwMTRmOWQ2NDt0ZW5hbnRJZD00MmZmODA2YS0xYmEyLTQ4ZjEtYTRhZi1lYWRlYzA2ZDI0ODY=",
            "object_id": "68a3bc1c-0d3f-4057-8dc3-136007f017bd",
            "subscription_id": "356b0996-276c-4104-b906-efa2014f9d64",
            "tenant_id": "42ff806a-1ba2-48f1-a4af-eadec06d2486",
            "timeouts": null
          },
          "sensitive_attributes": [],
          "identity_schema_version": 0
        }
      ]
    },
    {
      "mode": "data",
      "type": "terraform_remote_state",
      "name": "aks",
      "provider": "provider[\"terraform.io/builtin/terraform\"]",
      "instances": [
        {
          "schema_version": 0,
          "attributes": {
            "backend": "local",
            "config": {
              "value": {
                "path": "../aks/prod.tfstate"
              },
              "type": [
                "object",
                {
                  "path": "string"
                }
              ]
            },
            "defaults": null,
            "outputs": {
              "value": {
                "aks_admin_group_id": "42e41c89-9ef9-4512-8fc6-ee5654cd07a8",
                "aks_admin_group_name": "heartbeat-k8s-aks-admins-prod",
                "client_certificate": "",
                "client_key": "",
                "cluster_ca_certificate": "LS0tLS1CRUdJTiBDRVJUSUZJQ0FURS0tLS0tCk1JSUU2RENDQXRDZ0F3SUJBZ0lRRjhGQlVZQkorNGtwRkV1MnU2WE5LVEFOQmdrcWhraUc5dzBCQVFzRkFEQU4KTVFzd0NRWURWUVFERXdKallUQWdGdzB5TlRBM01UY3dNVEEyTURSYUdBOHlNRFUxTURjeE56QXhNVFl3TkZvdwpEVEVMTUFrR0ExVUVBeE1DWTJFd2dnSWlNQTBHQ1NxR1NJYjNEUUVCQVFVQUE0SUNEd0F3Z2dJS0FvSUNBUUREClBvWDM0OWJNT29yK0VXZTJpL1FXL3UwUUNaL0NHdVFGSnRZR0dIaGRDQVRVakNJZW5SeHczdjRxZFhTQm9oTzMKSGpRdVkxMytaSUNMdHpQcVVjNEg3aVBLNThuZzVRNXZibmVFeVJKWWs5TFMyMkNYekhGSHdVNUpSem5ZVmhaMwpKUkxYSHBuZndZWmNhTjIyTkxiaTNuZHJlUXpqM2poLzBxcytweTREbjNKR2NqSVlmUTluUjIvb3d6dTNvbXdPCi94UXkxdFRLOW4wenNjK1FtSFhCUHBYRkhZcE1JQ3NqNVNvNnkreFRkTElzZGRONWN5MVU1YXVLR0pKbVp2VzYKSGg1Z2FWMlR3Rkt6NTA5N1NHZlBPazBvVk01TDg1cGN6clhZNy8vaVJBK2JkNzVaNEdka2hyZW5UaUdVODVlbQp1WENneFVsMFBUQjkzQmZmRk5QdnV0ZmlERGpHWitoSDcxMU8rTTBQZDd6WTVPWkdrOFBBODJ2aExHWFZZUTk5CmwyUEYvWC9sUWZWa2xJRUFEK3hINXRKSnoyWFMySENBVlRYVmpXT0lNQWl1OHNId0ZNY1F4VE1ibGJZTEFGeVQKeVlsbjcwYzBYK20raXZEK0RLZW9Ia1c5OXg3YUVjQmxNdHo1WkRkZXVDZW9MTWpQYlp4RVd0bnBuVnEvVEFmbgpoRm1TRjdsOEk5UHBPRlhzUVYzQzFkQ0ZlOWcwWmhweGFCQzZTaTNhbnloK3ZRa0dHZDU3WjgwZnI4aUFaRzczCjhsMXFRVkFDTHRBazVrSUUybUIvbGpBR0d2NmdwVlpFOXE2Yk5rU3BUY2FEczg5eFZybWt4M2pvT0dPYS9XQ2MKY3I0S0wyY1VUengvdGZBOURTZ3ErelNDR3dkeXpEeWYzekZGWlRxbXR3SURBUUFCbzBJd1FEQU9CZ05WSFE4QgpBZjhFQkFNQ0FxUXdEd1lEVlIwVEFRSC9CQVV3QXdFQi96QWRCZ05WSFE0RUZnUVVUaVBiMyszajEybFhxckVQCnNSN2xLTEkrbzRnd0RRWUpLb1pJaHZjTkFRRUxCUUFEZ2dJQkFGYjhKVHkyNFZmUTNudmc3UFJNc0lidzVKZ2cKdDhrS2ZuUVAyaTRhNm1sVjJzODVyMFlEeWIxZXhoMmIzYy8yRFNCcEJvdUlKUFNsNjZabTZnck9yLzI3aTlGUwp0dm5ZUkhvYktrRWhBaDlHYWJ1V0hPWkVuSnlxNGFVN1YwR3ZxYkg0bncrTGZJaVc3ZEFNOGhvNzE2MThzYmZTCitrdXgxbitUenFvRGl5a05zbnV0WEd2MzBKYUpRUUdzTytpb3RPRUh5UzNMdnZqQ3pOd3dNK3JzQTJxbnprdmIKTU5yWFhRRkw2SjFmaVA4S2RCbEJxakJueHpMQWIvOWltRll5SVBoaHgrQUJlaHBtN0l0dWZEc2RlenpIYm1KdQpteFBDeTd1ZWRwQVBqZCsxRTNJTkVBUEpWbU9NUGdpUi9sVmdzWHpUVHN5YUZJUWJTMDRCaUxQaFdCeXA2TkRSClg5ZE1adlgyTEdzODBnNWdVVzIzWkZveFYrVkZ2cUtsa2Q4SStTSkJSYWNxOUQ4ZUxUZ1kvRThQZllGWnBWZXMKdWNjeUM4MFZuLzh2UmFCd2ZFcm9YWnpJM1ZpSzg5ODcrNFV1TDNhV3I3TmIzeGRONFJwZ3pXWEFEdDFxREVVNgpyVi94REh0TGpMZjlpZEMyOWhkUy9Ba3NYVk5yanhrL1NQUkh6WUQ1aDFuRU9sUmY5ZmxsakpqMHJvdzJDR1F4ClVxdy9oVk1KQSsrd3I4blRya1NNa2k0OWgvblpRNm51NTVqUU1KckNobFRhN0JOQjJ2UEdEaUdXcTVmRDlNd0oKY0FhQ1hmQ1ZlNVJFR2xVQnpJeWdDMDBxY1V2V0VEcStnTVBMVWN1ajczak5BRGdSK1ZTelh0dVNLeDNTbHBtKwo2bUFubm9zNW8wNWZFWXRuCi0tLS0tRU5EIENFUlRJRklDQVRFLS0tLS0K",
                "cluster_endpoint": "https://heartbeat-k8s-prod-5bw56ru5-xntt6t9f.c75a43ff-4bbc-4ae9-8547-13f41587f0e3.privatelink.australiaeast.azmk8s.io:443",
                "cluster_fqdn": "",
                "cluster_name": "heartbeat-k8s-prod-5bw56ru5",
                "kube_config": "apiVersion: v1\nclusters:\n- cluster:\n    certificate-authority-data: LS0tLS1CRUdJTiBDRVJUSUZJQ0FURS0tLS0tCk1JSUU2RENDQXRDZ0F3SUJBZ0lRRjhGQlVZQkorNGtwRkV1MnU2WE5LVEFOQmdrcWhraUc5dzBCQVFzRkFEQU4KTVFzd0NRWURWUVFERXdKallUQWdGdzB5TlRBM01UY3dNVEEyTURSYUdBOHlNRFUxTURjeE56QXhNVFl3TkZvdwpEVEVMTUFrR0ExVUVBeE1DWTJFd2dnSWlNQTBHQ1NxR1NJYjNEUUVCQVFVQUE0SUNEd0F3Z2dJS0FvSUNBUUREClBvWDM0OWJNT29yK0VXZTJpL1FXL3UwUUNaL0NHdVFGSnRZR0dIaGRDQVRVakNJZW5SeHczdjRxZFhTQm9oTzMKSGpRdVkxMytaSUNMdHpQcVVjNEg3aVBLNThuZzVRNXZibmVFeVJKWWs5TFMyMkNYekhGSHdVNUpSem5ZVmhaMwpKUkxYSHBuZndZWmNhTjIyTkxiaTNuZHJlUXpqM2poLzBxcytweTREbjNKR2NqSVlmUTluUjIvb3d6dTNvbXdPCi94UXkxdFRLOW4wenNjK1FtSFhCUHBYRkhZcE1JQ3NqNVNvNnkreFRkTElzZGRONWN5MVU1YXVLR0pKbVp2VzYKSGg1Z2FWMlR3Rkt6NTA5N1NHZlBPazBvVk01TDg1cGN6clhZNy8vaVJBK2JkNzVaNEdka2hyZW5UaUdVODVlbQp1WENneFVsMFBUQjkzQmZmRk5QdnV0ZmlERGpHWitoSDcxMU8rTTBQZDd6WTVPWkdrOFBBODJ2aExHWFZZUTk5CmwyUEYvWC9sUWZWa2xJRUFEK3hINXRKSnoyWFMySENBVlRYVmpXT0lNQWl1OHNId0ZNY1F4VE1ibGJZTEFGeVQKeVlsbjcwYzBYK20raXZEK0RLZW9Ia1c5OXg3YUVjQmxNdHo1WkRkZXVDZW9MTWpQYlp4RVd0bnBuVnEvVEFmbgpoRm1TRjdsOEk5UHBPRlhzUVYzQzFkQ0ZlOWcwWmhweGFCQzZTaTNhbnloK3ZRa0dHZDU3WjgwZnI4aUFaRzczCjhsMXFRVkFDTHRBazVrSUUybUIvbGpBR0d2NmdwVlpFOXE2Yk5rU3BUY2FEczg5eFZybWt4M2pvT0dPYS9XQ2MKY3I0S0wyY1VUengvdGZBOURTZ3ErelNDR3dkeXpEeWYzekZGWlRxbXR3SURBUUFCbzBJd1FEQU9CZ05WSFE4QgpBZjhFQkFNQ0FxUXdEd1lEVlIwVEFRSC9CQVV3QXdFQi96QWRCZ05WSFE0RUZnUVVUaVBiMyszajEybFhxckVQCnNSN2xLTEkrbzRnd0RRWUpLb1pJaHZjTkFRRUxCUUFEZ2dJQkFGYjhKVHkyNFZmUTNudmc3UFJNc0lidzVKZ2cKdDhrS2ZuUVAyaTRhNm1sVjJzODVyMFlEeWIxZXhoMmIzYy8yRFNCcEJvdUlKUFNsNjZabTZnck9yLzI3aTlGUwp0dm5ZUkhvYktrRWhBaDlHYWJ1V0hPWkVuSnlxNGFVN1YwR3ZxYkg0bncrTGZJaVc3ZEFNOGhvNzE2MThzYmZTCitrdXgxbitUenFvRGl5a05zbnV0WEd2MzBKYUpRUUdzTytpb3RPRUh5UzNMdnZqQ3pOd3dNK3JzQTJxbnprdmIKTU5yWFhRRkw2SjFmaVA4S2RCbEJxakJueHpMQWIvOWltRll5SVBoaHgrQUJlaHBtN0l0dWZEc2RlenpIYm1KdQpteFBDeTd1ZWRwQVBqZCsxRTNJTkVBUEpWbU9NUGdpUi9sVmdzWHpUVHN5YUZJUWJTMDRCaUxQaFdCeXA2TkRSClg5ZE1adlgyTEdzODBnNWdVVzIzWkZveFYrVkZ2cUtsa2Q4SStTSkJSYWNxOUQ4ZUxUZ1kvRThQZllGWnBWZXMKdWNjeUM4MFZuLzh2UmFCd2ZFcm9YWnpJM1ZpSzg5ODcrNFV1TDNhV3I3TmIzeGRONFJwZ3pXWEFEdDFxREVVNgpyVi94REh0TGpMZjlpZEMyOWhkUy9Ba3NYVk5yanhrL1NQUkh6WUQ1aDFuRU9sUmY5ZmxsakpqMHJvdzJDR1F4ClVxdy9oVk1KQSsrd3I4blRya1NNa2k0OWgvblpRNm51NTVqUU1KckNobFRhN0JOQjJ2UEdEaUdXcTVmRDlNd0oKY0FhQ1hmQ1ZlNVJFR2xVQnpJeWdDMDBxY1V2V0VEcStnTVBMVWN1ajczak5BRGdSK1ZTelh0dVNLeDNTbHBtKwo2bUFubm9zNW8wNWZFWXRuCi0tLS0tRU5EIENFUlRJRklDQVRFLS0tLS0K\n    server: https://heartbeat-k8s-prod-5bw56ru5-xntt6t9f.c75a43ff-4bbc-4ae9-8547-13f41587f0e3.privatelink.australiaeast.azmk8s.io:443\n  name: heartbeat-k8s-prod-5bw56ru5\ncontexts:\n- context:\n    cluster: heartbeat-k8s-prod-5bw56ru5\n    user: clusterUser_rg-heartbeat-k8s-aks-prod-5bw56ru5_heartbeat-k8s-prod-5bw56ru5\n  name: heartbeat-k8s-prod-5bw56ru5\ncurrent-context: heartbeat-k8s-prod-5bw56ru5\nkind: Config\npreferences: {}\nusers:\n- name: clusterUser_rg-heartbeat-k8s-aks-prod-5bw56ru5_heartbeat-k8s-prod-5bw56ru5\n  user:\n    exec:\n      apiVersion: client.authentication.k8s.io/v1beta1\n      args:\n      - get-token\n      - --environment\n      - AzurePublicCloud\n      - --server-id\n      - 6dae42f8-4368-4678-94ff-3960e28e3630\n      - --client-id\n      - 80faf920-1908-4b52-b5ef-a8e7bedfc67a\n      - --tenant-id\n      - 42ff806a-1ba2-48f1-a4af-eadec06d2486\n      - --login\n      - devicecode\n      command: kubelogin\n      env: null\n      installHint: |2\n\n        kubelogin is not installed which is required to connect to AAD enabled cluster.\n\n        To learn more, please go to https://aka.ms/aks/kubelogin\n      provideClusterInfo: false\n",
                "kubelet_identity_object_id": "542f81f5-5636-41b9-b6d9-e7730d55bad4",
                "log_analytics_workspace_id": "/subscriptions/356b0996-276c-4104-b906-efa2014f9d64/resourceGroups/rg-heartbeat-k8s-aks-prod-5bw56ru5/providers/Microsoft.OperationalInsights/workspaces/log-heartbeat-k8s-aks-prod-5bw56ru5",
                "managed_identity_principal_id": "c009dfc3-38f5-42ed-b3fe-0c0206d88bd4",
                "oidc_issuer_url": "https://australiaeast.oic.prod-aks.azure.com/42ff806a-1ba2-48f1-a4af-eadec06d2486/4fb187c5-4a5e-4502-ab53-660c8c78a39d/",
                "resource_group_name": "rg-heartbeat-k8s-aks-prod-5bw56ru5"
              },
              "type": [
                "object",
                {
                  "aks_admin_group_id": "string",
                  "aks_admin_group_name": "string",
                  "client_certificate": "string",
                  "client_key": "string",
                  "cluster_ca_certificate": "string",
                  "cluster_endpoint": "string",
                  "cluster_fqdn": "string",
                  "cluster_name": "string",
                  "kube_config": "string",
                  "kubelet_identity_object_id": "string",
                  "log_analytics_workspace_id": "string",
                  "managed_identity_principal_id": "string",
                  "oidc_issuer_url": "string",
                  "resource_group_name": "string"
                }
              ]
            },
            "workspace": null
          },
          "sensitive_attributes": [],
          "identity_schema_version": 0
        }
      ]
    },
    {
      "mode": "managed",
      "type": "azurerm_federated_identity_credential",
      "name": "website_workload_identity",
      "provider": "provider[\"registry.terraform.io/hashicorp/azurerm\"]",
      "instances": [
        {
          "schema_version": 0,
          "attributes": {
            "audience": [
              "api://AzureADTokenExchange"
            ],
            "id": "/subscriptions/356b0996-276c-4104-b906-efa2014f9d64/resourceGroups/rg-website-prod-tj5l/providers/Microsoft.ManagedIdentity/userAssignedIdentities/id-website-prod-tj5l/federatedIdentityCredentials/website-workload-identity",
            "issuer": "https://australiaeast.oic.prod-aks.azure.com/42ff806a-1ba2-48f1-a4af-eadec06d2486/4fb187c5-4a5e-4502-ab53-660c8c78a39d/",
            "name": "website-workload-identity",
            "parent_id": "/subscriptions/356b0996-276c-4104-b906-efa2014f9d64/resourceGroups/rg-website-prod-tj5l/providers/Microsoft.ManagedIdentity/userAssignedIdentities/id-website-prod-tj5l",
            "resource_group_name": "rg-website-prod-tj5l",
            "subject": "system:serviceaccount:website-prod:website-sa",
            "timeouts": null
          },
          "sensitive_attributes": [],
          "identity_schema_version": 0,
          "private": "eyJlMmJmYjczMC1lY2FhLTExZTYtOGY4OC0zNDM2M2JjN2M0YzAiOnsiY3JlYXRlIjoxODAwMDAwMDAwMDAwLCJkZWxldGUiOjE4MDAwMDAwMDAwMDAsInJlYWQiOjMwMDAwMDAwMDAwMCwidXBkYXRlIjoxODAwMDAwMDAwMDAwfX0=",
          "dependencies": [
            "azurerm_resource_group.main",
            "azurerm_user_assigned_identity.main",
            "data.terraform_remote_state.aks",
            "random_string.suffix"
          ]
        }
      ]
    },
    {
      "mode": "managed",
      "type": "azurerm_key_vault",
      "name": "main",
      "provider": "provider[\"registry.terraform.io/hashicorp/azurerm\"]",
      "instances": [
        {
          "schema_version": 2,
          "attributes": {
            "access_policy": [],
            "contact": [],
            "enable_rbac_authorization": true,
            "enabled_for_deployment": false,
            "enabled_for_disk_encryption": false,
            "enabled_for_template_deployment": false,
            "id": "/subscriptions/356b0996-276c-4104-b906-efa2014f9d64/resourceGroups/rg-website-prod-tj5l/providers/Microsoft.KeyVault/vaults/kv-website-prod-tj5l",
            "location": "australiaeast",
            "name": "kv-website-prod-tj5l",
            "network_acls": [
              {
                "bypass": "AzureServices",
                "default_action": "Allow",
                "ip_rules": null,
                "virtual_network_subnet_ids": null
              }
            ],
            "public_network_access_enabled": true,
            "purge_protection_enabled": false,
            "resource_group_name": "rg-website-prod-tj5l",
            "sku_name": "standard",
            "soft_delete_retention_days": 7,
            "tags": {
              "Environment": "prod",
              "ManagedBy": "terraform",
              "Owner": "charles",
              "Project": "website"
            },
            "tenant_id": "42ff806a-1ba2-48f1-a4af-eadec06d2486",
            "timeouts": null,
            "vault_uri": "https://kv-website-prod-tj5l.vault.azure.net/"
          },
          "sensitive_attributes": [],
          "identity_schema_version": 0,
          "private": "eyJlMmJmYjczMC1lY2FhLTExZTYtOGY4OC0zNDM2M2JjN2M0YzAiOnsiY3JlYXRlIjoxODAwMDAwMDAwMDAwLCJkZWxldGUiOjE4MDAwMDAwMDAwMDAsInJlYWQiOjMwMDAwMDAwMDAwMCwidXBkYXRlIjoxODAwMDAwMDAwMDAwfSwic2NoZW1hX3ZlcnNpb24iOiIyIn0=",
          "dependencies": [
            "azurerm_resource_group.main",
            "data.azurerm_client_config.current",
            "random_string.suffix"
          ]
        }
      ]
    },
    {
      "mode": "managed",
      "type": "azurerm_key_vault_secret",
      "name": "cloudflare_tunnel_token",
      "provider": "provider[\"registry.terraform.io/hashicorp/azurerm\"]",
      "instances": [
        {
          "schema_version": 0,
          "attributes": {
            "content_type": "",
            "expiration_date": null,
            "id": "https://kv-website-prod-tj5l.vault.azure.net/secrets/cloudflare-tunnel-token/1211cff103e94fa7bdec9833ce19cea4",
            "key_vault_id": "/subscriptions/356b0996-276c-4104-b906-efa2014f9d64/resourceGroups/rg-website-prod-tj5l/providers/Microsoft.KeyVault/vaults/kv-website-prod-tj5l",
            "name": "cloudflare-tunnel-token",
            "not_before_date": null,
            "resource_id": "/subscriptions/356b0996-276c-4104-b906-efa2014f9d64/resourceGroups/rg-website-prod-tj5l/providers/Microsoft.KeyVault/vaults/kv-website-prod-tj5l/secrets/cloudflare-tunnel-token/versions/1211cff103e94fa7bdec9833ce19cea4",
            "resource_versionless_id": "/subscriptions/356b0996-276c-4104-b906-efa2014f9d64/resourceGroups/rg-website-prod-tj5l/providers/Microsoft.KeyVault/vaults/kv-website-prod-tj5l/secrets/cloudflare-tunnel-token",
            "tags": null,
            "timeouts": null,
            "value": "placeholder-token-replace-with-actual-cloudflare-tunnel-token",
            "version": "1211cff103e94fa7bdec9833ce19cea4",
            "versionless_id": "https://kv-website-prod-tj5l.vault.azure.net/secrets/cloudflare-tunnel-token"
          },
          "sensitive_attributes": [
            [
              {
                "type": "get_attr",
                "value": "value"
              }
            ]
          ],
          "identity_schema_version": 0,
          "private": "eyJlMmJmYjczMC1lY2FhLTExZTYtOGY4OC0zNDM2M2JjN2M0YzAiOnsiY3JlYXRlIjoxODAwMDAwMDAwMDAwLCJkZWxldGUiOjE4MDAwMDAwMDAwMDAsInJlYWQiOjE4MDAwMDAwMDAwMDAsInVwZGF0ZSI6MTgwMDAwMDAwMDAwMH19",
          "dependencies": [
            "azurerm_key_vault.main",
            "azurerm_resource_group.main",
            "azurerm_role_assignment.keyvault_secrets_user",
            "azurerm_user_assigned_identity.main",
            "data.azurerm_client_config.current",
            "random_string.suffix"
          ]
        }
      ]
    },
    {
      "mode": "managed",
      "type": "azurerm_key_vault_secret",
      "name": "gmail_app_password",
      "provider": "provider[\"registry.terraform.io/hashicorp/azurerm\"]",
      "instances": [
        {
          "schema_version": 0,
          "attributes": {
            "content_type": "",
            "expiration_date": null,
            "id": "https://kv-website-prod-tj5l.vault.azure.net/secrets/gmail-app-password/ea7055add86a4a7ebc3da339af91bb99",
            "key_vault_id": "/subscriptions/356b0996-276c-4104-b906-efa2014f9d64/resourceGroups/rg-website-prod-tj5l/providers/Microsoft.KeyVault/vaults/kv-website-prod-tj5l",
            "name": "gmail-app-password",
            "not_before_date": null,
            "resource_id": "/subscriptions/356b0996-276c-4104-b906-efa2014f9d64/resourceGroups/rg-website-prod-tj5l/providers/Microsoft.KeyVault/vaults/kv-website-prod-tj5l/secrets/gmail-app-password/versions/ea7055add86a4a7ebc3da339af91bb99",
            "resource_versionless_id": "/subscriptions/356b0996-276c-4104-b906-efa2014f9d64/resourceGroups/rg-website-prod-tj5l/providers/Microsoft.KeyVault/vaults/kv-website-prod-tj5l/secrets/gmail-app-password",
            "tags": null,
            "timeouts": null,
            "value": "placeholder-gmail-app-password-replace-with-actual-value",
            "version": "ea7055add86a4a7ebc3da339af91bb99",
            "versionless_id": "https://kv-website-prod-tj5l.vault.azure.net/secrets/gmail-app-password"
          },
          "sensitive_attributes": [
            [
              {
                "type": "get_attr",
                "value": "value"
              }
            ]
          ],
          "identity_schema_version": 0,
          "private": "eyJlMmJmYjczMC1lY2FhLTExZTYtOGY4OC0zNDM2M2JjN2M0YzAiOnsiY3JlYXRlIjoxODAwMDAwMDAwMDAwLCJkZWxldGUiOjE4MDAwMDAwMDAwMDAsInJlYWQiOjE4MDAwMDAwMDAwMDAsInVwZGF0ZSI6MTgwMDAwMDAwMDAwMH19",
          "dependencies": [
            "azurerm_key_vault.main",
            "azurerm_resource_group.main",
            "azurerm_role_assignment.keyvault_secrets_user",
            "azurerm_user_assigned_identity.main",
            "data.azurerm_client_config.current",
            "random_string.suffix"
          ]
        }
      ]
    },
    {
      "mode": "managed",
      "type": "azurerm_key_vault_secret",
      "name": "mysql_connection_string",
      "provider": "provider[\"registry.terraform.io/hashicorp/azurerm\"]",
      "instances": [
        {
          "schema_version": 0,
          "attributes": {
            "content_type": "",
            "expiration_date": null,
            "id": "https://kv-website-prod-tj5l.vault.azure.net/secrets/mysql-connection-string/03416a4aaca443f9ab7e4a3e4de5770b",
            "key_vault_id": "/subscriptions/356b0996-276c-4104-b906-efa2014f9d64/resourceGroups/rg-website-prod-tj5l/providers/Microsoft.KeyVault/vaults/kv-website-prod-tj5l",
            "name": "mysql-connection-string",
            "not_before_date": null,
            "resource_id": "/subscriptions/356b0996-276c-4104-b906-efa2014f9d64/resourceGroups/rg-website-prod-tj5l/providers/Microsoft.KeyVault/vaults/kv-website-prod-tj5l/secrets/mysql-connection-string/versions/03416a4aaca443f9ab7e4a3e4de5770b",
            "resource_versionless_id": "/subscriptions/356b0996-276c-4104-b906-efa2014f9d64/resourceGroups/rg-website-prod-tj5l/providers/Microsoft.KeyVault/vaults/kv-website-prod-tj5l/secrets/mysql-connection-string",
            "tags": null,
            "timeouts": null,
            "value": "mysql://ghostadmin:?Tq?%3jzx0:92{!4@mysql-website-prod-tj5l.mysql.database.azure.com:3306/ghost?ssl=true",
            "version": "03416a4aaca443f9ab7e4a3e4de5770b",
            "versionless_id": "https://kv-website-prod-tj5l.vault.azure.net/secrets/mysql-connection-string"
          },
          "sensitive_attributes": [
            [
              {
                "type": "get_attr",
                "value": "value"
              }
            ]
          ],
          "identity_schema_version": 0,
          "private": "eyJlMmJmYjczMC1lY2FhLTExZTYtOGY4OC0zNDM2M2JjN2M0YzAiOnsiY3JlYXRlIjoxODAwMDAwMDAwMDAwLCJkZWxldGUiOjE4MDAwMDAwMDAwMDAsInJlYWQiOjE4MDAwMDAwMDAwMDAsInVwZGF0ZSI6MTgwMDAwMDAwMDAwMH19",
          "dependencies": [
            "azurerm_key_vault.main",
            "azurerm_mysql_flexible_database.ghost",
            "azurerm_mysql_flexible_server.main",
            "azurerm_resource_group.main",
            "azurerm_role_assignment.keyvault_secrets_user",
            "azurerm_user_assigned_identity.main",
            "data.azurerm_client_config.current",
            "random_password.mysql_admin",
            "random_string.suffix"
          ]
        }
      ]
    },
    {
      "mode": "managed",
      "type": "azurerm_key_vault_secret",
      "name": "mysql_host",
      "provider": "provider[\"registry.terraform.io/hashicorp/azurerm\"]",
      "instances": [
        {
          "schema_version": 0,
          "attributes": {
            "content_type": "",
            "expiration_date": null,
            "id": "https://kv-website-prod-tj5l.vault.azure.net/secrets/mysql-host/83d863a935ad4cabb393f29c15b99c77",
            "key_vault_id": "/subscriptions/356b0996-276c-4104-b906-efa2014f9d64/resourceGroups/rg-website-prod-tj5l/providers/Microsoft.KeyVault/vaults/kv-website-prod-tj5l",
            "name": "mysql-host",
            "not_before_date": null,
            "resource_id": "/subscriptions/356b0996-276c-4104-b906-efa2014f9d64/resourceGroups/rg-website-prod-tj5l/providers/Microsoft.KeyVault/vaults/kv-website-prod-tj5l/secrets/mysql-host/versions/83d863a935ad4cabb393f29c15b99c77",
            "resource_versionless_id": "/subscriptions/356b0996-276c-4104-b906-efa2014f9d64/resourceGroups/rg-website-prod-tj5l/providers/Microsoft.KeyVault/vaults/kv-website-prod-tj5l/secrets/mysql-host",
            "tags": null,
            "timeouts": null,
            "value": "mysql-website-prod-tj5l.mysql.database.azure.com",
            "version": "83d863a935ad4cabb393f29c15b99c77",
            "versionless_id": "https://kv-website-prod-tj5l.vault.azure.net/secrets/mysql-host"
          },
          "sensitive_attributes": [
            [
              {
                "type": "get_attr",
                "value": "value"
              }
            ]
          ],
          "identity_schema_version": 0,
          "private": "eyJlMmJmYjczMC1lY2FhLTExZTYtOGY4OC0zNDM2M2JjN2M0YzAiOnsiY3JlYXRlIjoxODAwMDAwMDAwMDAwLCJkZWxldGUiOjE4MDAwMDAwMDAwMDAsInJlYWQiOjE4MDAwMDAwMDAwMDAsInVwZGF0ZSI6MTgwMDAwMDAwMDAwMH19",
          "dependencies": [
            "azurerm_key_vault.main",
            "azurerm_mysql_flexible_server.main",
            "azurerm_resource_group.main",
            "azurerm_role_assignment.keyvault_secrets_user",
            "azurerm_user_assigned_identity.main",
            "data.azurerm_client_config.current",
            "random_password.mysql_admin",
            "random_string.suffix"
          ]
        }
      ]
    },
    {
      "mode": "managed",
      "type": "azurerm_key_vault_secret",
      "name": "mysql_password",
      "provider": "provider[\"registry.terraform.io/hashicorp/azurerm\"]",
      "instances": [
        {
          "schema_version": 0,
          "attributes": {
            "content_type": "",
            "expiration_date": null,
            "id": "https://kv-website-prod-tj5l.vault.azure.net/secrets/mysql-password/51fa09e1a7c94888bb908598018b3bdc",
            "key_vault_id": "/subscriptions/356b0996-276c-4104-b906-efa2014f9d64/resourceGroups/rg-website-prod-tj5l/providers/Microsoft.KeyVault/vaults/kv-website-prod-tj5l",
            "name": "mysql-password",
            "not_before_date": null,
            "resource_id": "/subscriptions/356b0996-276c-4104-b906-efa2014f9d64/resourceGroups/rg-website-prod-tj5l/providers/Microsoft.KeyVault/vaults/kv-website-prod-tj5l/secrets/mysql-password/versions/51fa09e1a7c94888bb908598018b3bdc",
            "resource_versionless_id": "/subscriptions/356b0996-276c-4104-b906-efa2014f9d64/resourceGroups/rg-website-prod-tj5l/providers/Microsoft.KeyVault/vaults/kv-website-prod-tj5l/secrets/mysql-password",
            "tags": null,
            "timeouts": null,
            "value": "?Tq?%3jzx0:92{!4",
            "version": "51fa09e1a7c94888bb908598018b3bdc",
            "versionless_id": "https://kv-website-prod-tj5l.vault.azure.net/secrets/mysql-password"
          },
          "sensitive_attributes": [
            [
              {
                "type": "get_attr",
                "value": "value"
              }
            ]
          ],
          "identity_schema_version": 0,
          "private": "eyJlMmJmYjczMC1lY2FhLTExZTYtOGY4OC0zNDM2M2JjN2M0YzAiOnsiY3JlYXRlIjoxODAwMDAwMDAwMDAwLCJkZWxldGUiOjE4MDAwMDAwMDAwMDAsInJlYWQiOjE4MDAwMDAwMDAwMDAsInVwZGF0ZSI6MTgwMDAwMDAwMDAwMH19",
          "dependencies": [
            "azurerm_key_vault.main",
            "azurerm_resource_group.main",
            "azurerm_role_assignment.keyvault_secrets_user",
            "azurerm_user_assigned_identity.main",
            "data.azurerm_client_config.current",
            "random_password.mysql_admin",
            "random_string.suffix"
          ]
        }
      ]
    },
    {
      "mode": "managed",
      "type": "azurerm_mysql_flexible_database",
      "name": "ghost",
      "provider": "provider[\"registry.terraform.io/hashicorp/azurerm\"]",
      "instances": [
        {
          "schema_version": 0,
          "attributes": {
            "charset": "utf8mb4",
            "collation": "utf8mb4_unicode_ci",
            "id": "/subscriptions/356b0996-276c-4104-b906-efa2014f9d64/resourceGroups/rg-website-prod-tj5l/providers/Microsoft.DBforMySQL/flexibleServers/mysql-website-prod-tj5l/databases/ghost",
            "name": "ghost",
            "resource_group_name": "rg-website-prod-tj5l",
            "server_name": "mysql-website-prod-tj5l",
            "timeouts": null
          },
          "sensitive_attributes": [],
          "identity_schema_version": 0,
          "private": "eyJlMmJmYjczMC1lY2FhLTExZTYtOGY4OC0zNDM2M2JjN2M0YzAiOnsiY3JlYXRlIjozNjAwMDAwMDAwMDAwLCJkZWxldGUiOjM2MDAwMDAwMDAwMDAsInJlYWQiOjMwMDAwMDAwMDAwMH19",
          "dependencies": [
            "azurerm_mysql_flexible_server.main",
            "azurerm_resource_group.main",
            "random_password.mysql_admin",
            "random_string.suffix"
          ]
        }
      ]
    },
    {
      "mode": "managed",
      "type": "azurerm_mysql_flexible_server",
      "name": "main",
      "provider": "provider[\"registry.terraform.io/hashicorp/azurerm\"]",
      "instances": [
        {
          "schema_version": 0,
          "attributes": {
            "administrator_login": "ghostadmin",
            "administrator_password": "?Tq?%3jzx0:92{!4",
            "backup_retention_days": 7,
            "create_mode": null,
            "customer_managed_key": [],
            "delegated_subnet_id": "",
            "fqdn": "mysql-website-prod-tj5l.mysql.database.azure.com",
            "geo_redundant_backup_enabled": false,
            "high_availability": [],
            "id": "/subscriptions/356b0996-276c-4104-b906-efa2014f9d64/resourceGroups/rg-website-prod-tj5l/providers/Microsoft.DBforMySQL/flexibleServers/mysql-website-prod-tj5l",
            "identity": [],
            "location": "australiaeast",
            "maintenance_window": [],
            "name": "mysql-website-prod-tj5l",
            "point_in_time_restore_time_in_utc": null,
            "private_dns_zone_id": "",
            "public_network_access_enabled": true,
            "replica_capacity": 10,
            "replication_role": "None",
            "resource_group_name": "rg-website-prod-tj5l",
            "sku_name": "B_Standard_B1ms",
            "source_server_id": null,
            "storage": [
              {
                "auto_grow_enabled": true,
                "io_scaling_enabled": false,
                "iops": 360,
                "size_gb": 20
              }
            ],
            "tags": {
              "Environment": "prod",
              "ManagedBy": "terraform",
              "Owner": "charles",
              "Project": "website"
            },
            "timeouts": null,
            "version": "8.0.21",
            "zone": "1"
          },
          "sensitive_attributes": [
            [
              {
                "type": "get_attr",
                "value": "administrator_password"
              }
            ]
          ],
          "identity_schema_version": 0,
          "private": "eyJlMmJmYjczMC1lY2FhLTExZTYtOGY4OC0zNDM2M2JjN2M0YzAiOnsiY3JlYXRlIjozNjAwMDAwMDAwMDAwLCJkZWxldGUiOjM2MDAwMDAwMDAwMDAsInJlYWQiOjMwMDAwMDAwMDAwMCwidXBkYXRlIjozNjAwMDAwMDAwMDAwfX0=",
          "dependencies": [
            "azurerm_resource_group.main",
            "random_password.mysql_admin",
            "random_string.suffix"
          ]
        }
      ]
    },
    {
      "mode": "managed",
      "type": "azurerm_mysql_flexible_server_firewall_rule",
      "name": "allow_azure_services",
      "provider": "provider[\"registry.terraform.io/hashicorp/azurerm\"]",
      "instances": [
        {
          "schema_version": 0,
          "attributes": {
            "end_ip_address": "0.0.0.0",
            "id": "/subscriptions/356b0996-276c-4104-b906-efa2014f9d64/resourceGroups/rg-website-prod-tj5l/providers/Microsoft.DBforMySQL/flexibleServers/mysql-website-prod-tj5l/firewallRules/AllowAzureServices",
            "name": "AllowAzureServices",
            "resource_group_name": "rg-website-prod-tj5l",
            "server_name": "mysql-website-prod-tj5l",
            "start_ip_address": "0.0.0.0",
            "timeouts": null
          },
          "sensitive_attributes": [],
          "identity_schema_version": 0,
          "private": "eyJlMmJmYjczMC1lY2FhLTExZTYtOGY4OC0zNDM2M2JjN2M0YzAiOnsiY3JlYXRlIjoxODAwMDAwMDAwMDAwLCJkZWxldGUiOjE4MDAwMDAwMDAwMDAsInJlYWQiOjMwMDAwMDAwMDAwMCwidXBkYXRlIjoxODAwMDAwMDAwMDAwfX0=",
          "dependencies": [
            "azurerm_mysql_flexible_server.main",
            "azurerm_resource_group.main",
            "random_password.mysql_admin",
            "random_string.suffix"
          ]
        }
      ]
    },
    {
      "mode": "managed",
      "type": "azurerm_resource_group",
      "name": "main",
      "provider": "provider[\"registry.terraform.io/hashicorp/azurerm\"]",
      "instances": [
        {
          "schema_version": 0,
          "attributes": {
            "id": "/subscriptions/356b0996-276c-4104-b906-efa2014f9d64/resourceGroups/rg-website-prod-tj5l",
            "location": "australiaeast",
            "managed_by": "",
            "name": "rg-website-prod-tj5l",
            "tags": {
              "Environment": "prod",
              "ManagedBy": "terraform",
              "Owner": "charles",
              "Project": "website"
            },
            "timeouts": null
          },
          "sensitive_attributes": [],
          "identity_schema_version": 0,
          "private": "eyJlMmJmYjczMC1lY2FhLTExZTYtOGY4OC0zNDM2M2JjN2M0YzAiOnsiY3JlYXRlIjo1NDAwMDAwMDAwMDAwLCJkZWxldGUiOjU0MDAwMDAwMDAwMDAsInJlYWQiOjMwMDAwMDAwMDAwMCwidXBkYXRlIjo1NDAwMDAwMDAwMDAwfX0=",
          "dependencies": [
            "random_string.suffix"
          ]
        }
      ]
    },
    {
      "mode": "managed",
      "type": "azurerm_role_assignment",
      "name": "aks_identity_operator",
      "provider": "provider[\"registry.terraform.io/hashicorp/azurerm\"]",
      "instances": [
        {
          "schema_version": 0,
          "attributes": {
            "condition": "",
            "condition_version": "",
            "delegated_managed_identity_resource_id": "",
            "description": "",
            "id": "/subscriptions/356b0996-276c-4104-b906-efa2014f9d64/resourceGroups/rg-website-prod-tj5l/providers/Microsoft.ManagedIdentity/userAssignedIdentities/id-website-prod-tj5l/providers/Microsoft.Authorization/roleAssignments/dbd38a9e-db38-33f8-216d-8ee3aa48cd96",
            "name": "dbd38a9e-db38-33f8-216d-8ee3aa48cd96",
            "principal_id": "542f81f5-5636-41b9-b6d9-e7730d55bad4",
            "principal_type": "ServicePrincipal",
            "role_definition_id": "/subscriptions/356b0996-276c-4104-b906-efa2014f9d64/providers/Microsoft.Authorization/roleDefinitions/f1a07417-d97a-45cb-824c-7a7467783830",
            "role_definition_name": "Managed Identity Operator",
            "scope": "/subscriptions/356b0996-276c-4104-b906-efa2014f9d64/resourceGroups/rg-website-prod-tj5l/providers/Microsoft.ManagedIdentity/userAssignedIdentities/id-website-prod-tj5l",
            "skip_service_principal_aad_check": null,
            "timeouts": null
          },
          "sensitive_attributes": [],
          "identity_schema_version": 0,
          "private": "eyJlMmJmYjczMC1lY2FhLTExZTYtOGY4OC0zNDM2M2JjN2M0YzAiOnsiY3JlYXRlIjoxODAwMDAwMDAwMDAwLCJkZWxldGUiOjE4MDAwMDAwMDAwMDAsInJlYWQiOjMwMDAwMDAwMDAwMH19",
          "dependencies": [
            "azurerm_resource_group.main",
            "azurerm_user_assigned_identity.main",
            "random_string.suffix"
          ]
        }
      ]
    },
    {
      "mode": "managed",
      "type": "azurerm_role_assignment",
      "name": "current_user_keyvault_admin",
      "provider": "provider[\"registry.terraform.io/hashicorp/azurerm\"]",
      "instances": [
        {
          "schema_version": 0,
          "attributes": {
            "condition": "",
            "condition_version": "",
            "delegated_managed_identity_resource_id": "",
            "description": "",
            "id": "/subscriptions/356b0996-276c-4104-b906-efa2014f9d64/resourceGroups/rg-website-prod-tj5l/providers/Microsoft.KeyVault/vaults/kv-website-prod-tj5l/providers/Microsoft.Authorization/roleAssignments/82a09164-c722-bdde-87de-ce25f156e2c7",
            "name": "82a09164-c722-bdde-87de-ce25f156e2c7",
            "principal_id": "68a3bc1c-0d3f-4057-8dc3-136007f017bd",
            "principal_type": "User",
            "role_definition_id": "/subscriptions/356b0996-276c-4104-b906-efa2014f9d64/providers/Microsoft.Authorization/roleDefinitions/00482a5a-887f-4fb3-b363-3b7fe8e74483",
            "role_definition_name": "Key Vault Administrator",
            "scope": "/subscriptions/356b0996-276c-4104-b906-efa2014f9d64/resourceGroups/rg-website-prod-tj5l/providers/Microsoft.KeyVault/vaults/kv-website-prod-tj5l",
            "skip_service_principal_aad_check": null,
            "timeouts": null
          },
          "sensitive_attributes": [],
          "identity_schema_version": 0,
          "private": "eyJlMmJmYjczMC1lY2FhLTExZTYtOGY4OC0zNDM2M2JjN2M0YzAiOnsiY3JlYXRlIjoxODAwMDAwMDAwMDAwLCJkZWxldGUiOjE4MDAwMDAwMDAwMDAsInJlYWQiOjMwMDAwMDAwMDAwMH19",
          "dependencies": [
            "azurerm_key_vault.main",
            "azurerm_resource_group.main",
            "data.azurerm_client_config.current",
            "random_string.suffix"
          ]
        }
      ]
    },
    {
      "mode": "managed",
      "type": "azurerm_role_assignment",
      "name": "keyvault_secrets_user",
      "provider": "provider[\"registry.terraform.io/hashicorp/azurerm\"]",
      "instances": [
        {
          "schema_version": 0,
          "attributes": {
            "condition": "",
            "condition_version": "",
            "delegated_managed_identity_resource_id": "",
            "description": "",
            "id": "/subscriptions/356b0996-276c-4104-b906-efa2014f9d64/resourceGroups/rg-website-prod-tj5l/providers/Microsoft.KeyVault/vaults/kv-website-prod-tj5l/providers/Microsoft.Authorization/roleAssignments/136aac04-2be5-1b3e-a2db-7b6e1f745d4d",
            "name": "136aac04-2be5-1b3e-a2db-7b6e1f745d4d",
            "principal_id": "a77c35f2-cbc7-4a86-b89f-2d43c27a660e",
            "principal_type": "ServicePrincipal",
            "role_definition_id": "/subscriptions/356b0996-276c-4104-b906-efa2014f9d64/providers/Microsoft.Authorization/roleDefinitions/4633458b-17de-408a-b874-0445c86b69e6",
            "role_definition_name": "Key Vault Secrets User",
            "scope": "/subscriptions/356b0996-276c-4104-b906-efa2014f9d64/resourceGroups/rg-website-prod-tj5l/providers/Microsoft.KeyVault/vaults/kv-website-prod-tj5l",
            "skip_service_principal_aad_check": null,
            "timeouts": null
          },
          "sensitive_attributes": [],
          "identity_schema_version": 0,
          "private": "eyJlMmJmYjczMC1lY2FhLTExZTYtOGY4OC0zNDM2M2JjN2M0YzAiOnsiY3JlYXRlIjoxODAwMDAwMDAwMDAwLCJkZWxldGUiOjE4MDAwMDAwMDAwMDAsInJlYWQiOjMwMDAwMDAwMDAwMH19",
          "dependencies": [
            "azurerm_key_vault.main",
            "azurerm_resource_group.main",
            "azurerm_user_assigned_identity.main",
            "data.azurerm_client_config.current",
            "random_string.suffix"
          ]
        }
      ]
    },
    {
      "mode": "managed",
      "type": "azurerm_user_assigned_identity",
      "name": "main",
      "provider": "provider[\"registry.terraform.io/hashicorp/azurerm\"]",
      "instances": [
        {
          "schema_version": 1,
          "attributes": {
            "client_id": "9f12c58a-a357-4fa5-80b9-c5d05b6c6125",
            "id": "/subscriptions/356b0996-276c-4104-b906-efa2014f9d64/resourceGroups/rg-website-prod-tj5l/providers/Microsoft.ManagedIdentity/userAssignedIdentities/id-website-prod-tj5l",
            "location": "australiaeast",
            "name": "id-website-prod-tj5l",
            "principal_id": "a77c35f2-cbc7-4a86-b89f-2d43c27a660e",
            "resource_group_name": "rg-website-prod-tj5l",
            "tags": {
              "Environment": "prod",
              "ManagedBy": "terraform",
              "Owner": "charles",
              "Project": "website"
            },
            "tenant_id": "42ff806a-1ba2-48f1-a4af-eadec06d2486",
            "timeouts": null
          },
          "sensitive_attributes": [],
          "identity_schema_version": 0,
          "private": "eyJlMmJmYjczMC1lY2FhLTExZTYtOGY4OC0zNDM2M2JjN2M0YzAiOnsiY3JlYXRlIjoxODAwMDAwMDAwMDAwLCJkZWxldGUiOjE4MDAwMDAwMDAwMDAsInJlYWQiOjMwMDAwMDAwMDAwMCwidXBkYXRlIjoxODAwMDAwMDAwMDAwfSwic2NoZW1hX3ZlcnNpb24iOiIxIn0=",
          "dependencies": [
            "azurerm_resource_group.main",
            "random_string.suffix"
          ]
        }
      ]
    },
    {
      "mode": "managed",
      "type": "random_password",
      "name": "mysql_admin",
      "provider": "provider[\"registry.terraform.io/hashicorp/random\"]",
      "instances": [
        {
          "schema_version": 3,
          "attributes": {
            "bcrypt_hash": "$2a$10$WbaoFZBPCcOcMNopHURBp.kaX.g8b5.Jg5ieETc6UYdB.Owo950Oe",
            "id": "none",
            "keepers": null,
            "length": 16,
            "lower": true,
            "min_lower": 0,
            "min_numeric": 0,
            "min_special": 0,
            "min_upper": 0,
            "number": true,
            "numeric": true,
            "override_special": null,
            "result": "?Tq?%3jzx0:92{!4",
            "special": true,
            "upper": true
          },
          "sensitive_attributes": [
            [
              {
                "type": "get_attr",
                "value": "bcrypt_hash"
              }
            ],
            [
              {
                "type": "get_attr",
                "value": "result"
              }
            ]
          ],
          "identity_schema_version": 0
        }
      ]
    },
    {
      "mode": "managed",
      "type": "random_string",
      "name": "suffix",
      "provider": "provider[\"registry.terraform.io/hashicorp/random\"]",
      "instances": [
        {
          "schema_version": 2,
          "attributes": {
            "id": "tj5l",
            "keepers": null,
            "length": 4,
            "lower": true,
            "min_lower": 0,
            "min_numeric": 0,
            "min_special": 0,
            "min_upper": 0,
            "number": true,
            "numeric": true,
            "override_special": null,
            "result": "tj5l",
            "special": false,
            "upper": false
          },
          "sensitive_attributes": [],
          "identity_schema_version": 0
        }
      ]
    }
  ],
  "check_results": null
}
