{
  "version": 4,
  "terraform_version": "1.12.1",
  "serial": 23,
  "lineage": "ceeb192d-eccc-d220-7f8c-a92df2f7b090",
  "outputs": {
    "cloudflare_tunnel_container_app_name": {
      "value": "ca-tunnel-dev-ip4g",
      "type": "string"
    },
    "container_app_environment_name": {
      "value": "cae-site-dev-ip4g",
      "type": "string"
    },
    "ghost_container_app_fqdn": {
      "value": "ca-ghost-dev-ip4g.salmongrass-c45429b2.australiaeast.azurecontainerapps.io",
      "type": "string"
    },
    "ghost_container_app_name": {
      "value": "ca-ghost-dev-ip4g",
      "type": "string"
    },
    "keyvault_id": {
      "value": "/subscriptions/356b0996-276c-4104-b906-efa2014f9d64/resourceGroups/rg-site-dev-ip4g/providers/Microsoft.KeyVault/vaults/kv-site-dev-ip4g",
      "type": "string"
    },
    "keyvault_name": {
      "value": "kv-site-dev-ip4g",
      "type": "string"
    },
    "managed_identity_client_id": {
      "value": "41d7a169-3472-4faf-afc9-6d093fc1ac0a",
      "type": "string"
    },
    "managed_identity_name": {
      "value": "id-site-dev-ip4g",
      "type": "string"
    },
    "managed_identity_principal_id": {
      "value": "173c38c1-5f49-4148-915b-14388f3502bb",
      "type": "string"
    },
    "resource_group_name": {
      "value": "rg-site-dev-ip4g",
      "type": "string"
    },
    "storage_account_name": {
      "value": "stsitedevip4g",
      "type": "string"
    },
    "website_url": {
      "value": "https://dev2.heartbeatchurch.com.au",
      "type": "string"
    }
  },
  "resources": [
    {
      "mode": "data",
      "type": "azurerm_client_config",
      "name": "current",
      "provider": "provider[\"registry.terraform.io/hashicorp/azurerm\"]",
      "instances": [
        {
          "schema_version": 0,
          "attributes": {
            "client_id": "04b07795-8ddb-461a-bbee-02f9e1bf7b46",
            "id": "Y2xpZW50Q29uZmlncy9jbGllbnRJZD0wNGIwNzc5NS04ZGRiLTQ2MWEtYmJlZS0wMmY5ZTFiZjdiNDY7b2JqZWN0SWQ9NjhhM2JjMWMtMGQzZi00MDU3LThkYzMtMTM2MDA3ZjAxN2JkO3N1YnNjcmlwdGlvbklkPTM1NmIwOTk2LTI3NmMtNDEwNC1iOTA2LWVmYTIwMTRmOWQ2NDt0ZW5hbnRJZD00MmZmODA2YS0xYmEyLTQ4ZjEtYTRhZi1lYWRlYzA2ZDI0ODY=",
            "object_id": "68a3bc1c-0d3f-4057-8dc3-136007f017bd",
            "subscription_id": "356b0996-276c-4104-b906-efa2014f9d64",
            "tenant_id": "42ff806a-1ba2-48f1-a4af-eadec06d2486",
            "timeouts": null
          },
          "sensitive_attributes": [],
          "identity_schema_version": 0
        }
      ]
    },
    {
      "mode": "managed",
      "type": "azurerm_container_app",
      "name": "cloudflare_tunnel",
      "provider": "provider[\"registry.terraform.io/hashicorp/azurerm\"]",
      "instances": [
        {
          "schema_version": 0,
          "attributes": {
            "container_app_environment_id": "/subscriptions/356b0996-276c-4104-b906-efa2014f9d64/resourceGroups/rg-site-dev-ip4g/providers/Microsoft.App/managedEnvironments/cae-site-dev-ip4g",
            "custom_domain_verification_id": "8CA0B91967D935AF2C3CB1440E37A09A33F794554CF7619F2C45DA864DBA045D",
            "dapr": [],
            "id": "/subscriptions/356b0996-276c-4104-b906-efa2014f9d64/resourceGroups/rg-site-dev-ip4g/providers/Microsoft.App/containerApps/ca-tunnel-dev-ip4g",
            "identity": [
              {
                "identity_ids": [
                  "/subscriptions/356b0996-276c-4104-b906-efa2014f9d64/resourceGroups/rg-site-dev-ip4g/providers/Microsoft.ManagedIdentity/userAssignedIdentities/id-site-dev-ip4g"
                ],
                "principal_id": "",
                "tenant_id": "",
                "type": "UserAssigned"
              }
            ],
            "ingress": [],
            "latest_revision_fqdn": "",
            "latest_revision_name": "ca-tunnel-dev-ip4g--x9307s0",
            "location": "australiaeast",
            "name": "ca-tunnel-dev-ip4g",
            "outbound_ip_addresses": [
              "20.43.106.5"
            ],
            "registry": [],
            "resource_group_name": "rg-site-dev-ip4g",
            "revision_mode": "Single",
            "secret": [
              {
                "identity": "/subscriptions/356b0996-276c-4104-b906-efa2014f9d64/resourceGroups/rg-site-dev-ip4g/providers/Microsoft.ManagedIdentity/userAssignedIdentities/id-site-dev-ip4g",
                "key_vault_secret_id": "https://kv-site-dev-ip4g.vault.azure.net/secrets/cloudflare-tunnel-token/b25a7c8a2bad450998d45494f63a5c18",
                "name": "cloudflare-tunnel-token",
                "value": ""
              }
            ],
            "tags": {
              "Environment": "dev",
              "ManagedBy": "terraform",
              "Owner": "charles",
              "Project": "website-container"
            },
            "template": [
              {
                "azure_queue_scale_rule": [],
                "container": [
                  {
                    "args": [
                      "tunnel",
                      "run",
                      "--token",
                      "$(TUNNEL_TOKEN)"
                    ],
                    "command": null,
                    "cpu": 0.25,
                    "env": [
                      {
                        "name": "TUNNEL_TOKEN",
                        "secret_name": "cloudflare-tunnel-token",
                        "value": ""
                      }
                    ],
                    "ephemeral_storage": "1Gi",
                    "image": "cloudflare/cloudflared:latest",
                    "liveness_probe": [],
                    "memory": "0.5Gi",
                    "name": "cloudflared",
                    "readiness_probe": [],
                    "startup_probe": [],
                    "volume_mounts": []
                  }
                ],
                "custom_scale_rule": [],
                "http_scale_rule": [],
                "init_container": [],
                "max_replicas": 1,
                "min_replicas": 1,
                "revision_suffix": "",
                "tcp_scale_rule": [],
                "volume": []
              }
            ],
            "timeouts": null,
            "workload_profile_name": ""
          },
          "sensitive_attributes": [
            [
              {
                "type": "get_attr",
                "value": "custom_domain_verification_id"
              }
            ],
            [
              {
                "type": "get_attr",
                "value": "secret"
              }
            ]
          ],
          "identity_schema_version": 0,
          "private": "eyJlMmJmYjczMC1lY2FhLTExZTYtOGY4OC0zNDM2M2JjN2M0YzAiOnsiY3JlYXRlIjoxODAwMDAwMDAwMDAwLCJkZWxldGUiOjE4MDAwMDAwMDAwMDAsInJlYWQiOjMwMDAwMDAwMDAwMCwidXBkYXRlIjoxODAwMDAwMDAwMDAwfX0=",
          "dependencies": [
            "azurerm_container_app_environment.main",
            "azurerm_key_vault.main",
            "azurerm_key_vault_secret.cloudflare_tunnel_token",
            "azurerm_resource_group.main",
            "azurerm_role_assignment.current_user_keyvault_admin",
            "azurerm_role_assignment.keyvault_secrets_user",
            "azurerm_user_assigned_identity.main",
            "data.azurerm_client_config.current",
            "random_string.suffix"
          ]
        }
      ]
    },
    {
      "mode": "managed",
      "type": "azurerm_container_app",
      "name": "ghost",
      "provider": "provider[\"registry.terraform.io/hashicorp/azurerm\"]",
      "instances": [
        {
          "schema_version": 0,
          "attributes": {
            "container_app_environment_id": "/subscriptions/356b0996-276c-4104-b906-efa2014f9d64/resourceGroups/rg-site-dev-ip4g/providers/Microsoft.App/managedEnvironments/cae-site-dev-ip4g",
            "custom_domain_verification_id": "8CA0B91967D935AF2C3CB1440E37A09A33F794554CF7619F2C45DA864DBA045D",
            "dapr": [],
            "id": "/subscriptions/356b0996-276c-4104-b906-efa2014f9d64/resourceGroups/rg-site-dev-ip4g/providers/Microsoft.App/containerApps/ca-ghost-dev-ip4g",
            "identity": [
              {
                "identity_ids": [
                  "/subscriptions/356b0996-276c-4104-b906-efa2014f9d64/resourceGroups/rg-site-dev-ip4g/providers/Microsoft.ManagedIdentity/userAssignedIdentities/id-site-dev-ip4g"
                ],
                "principal_id": "",
                "tenant_id": "",
                "type": "UserAssigned"
              }
            ],
            "ingress": [
              {
                "allow_insecure_connections": false,
                "custom_domain": [],
                "exposed_port": 0,
                "external_enabled": true,
                "fqdn": "ca-ghost-dev-ip4g.salmongrass-c45429b2.australiaeast.azurecontainerapps.io",
                "ip_security_restriction": [],
                "target_port": 2368,
                "traffic_weight": [
                  {
                    "label": "",
                    "latest_revision": true,
                    "percentage": 100,
                    "revision_suffix": ""
                  }
                ],
                "transport": "auto"
              }
            ],
            "latest_revision_fqdn": "ca-ghost-dev-ip4g--6fvem7e.salmongrass-c45429b2.australiaeast.azurecontainerapps.io",
            "latest_revision_name": "ca-ghost-dev-ip4g--6fvem7e",
            "location": "australiaeast",
            "name": "ca-ghost-dev-ip4g",
            "outbound_ip_addresses": [
              "20.43.106.5"
            ],
            "registry": [],
            "resource_group_name": "rg-site-dev-ip4g",
            "revision_mode": "Single",
            "secret": [
              {
                "identity": "/subscriptions/356b0996-276c-4104-b906-efa2014f9d64/resourceGroups/rg-site-dev-ip4g/providers/Microsoft.ManagedIdentity/userAssignedIdentities/id-site-dev-ip4g",
                "key_vault_secret_id": "https://kv-site-dev-ip4g.vault.azure.net/secrets/gmail-app-password/e56dba8c2b344b9a82ab860b4e3aedf5",
                "name": "gmail-app-password",
                "value": ""
              }
            ],
            "tags": {
              "Environment": "dev",
              "ManagedBy": "terraform",
              "Owner": "charles",
              "Project": "website-container"
            },
            "template": [
              {
                "azure_queue_scale_rule": [],
                "container": [
                  {
                    "args": null,
                    "command": null,
                    "cpu": 0.5,
                    "env": [
                      {
                        "name": "NODE_ENV",
                        "secret_name": "",
                        "value": "production"
                      },
                      {
                        "name": "url",
                        "secret_name": "",
                        "value": "https://dev2.heartbeatchurch.com.au"
                      },
                      {
                        "name": "database__client",
                        "secret_name": "",
                        "value": "sqlite3"
                      },
                      {
                        "name": "database__connection__filename",
                        "secret_name": "",
                        "value": "/var/lib/ghost/content/data/ghost.db"
                      },
                      {
                        "name": "mail__transport",
                        "secret_name": "",
                        "value": "SMTP"
                      },
                      {
                        "name": "mail__from",
                        "secret_name": "",
                        "value": "hello@heartbeatchurch.com.au"
                      },
                      {
                        "name": "mail__options__host",
                        "secret_name": "",
                        "value": "smtp.gmail.com"
                      },
                      {
                        "name": "mail__options__port",
                        "secret_name": "",
                        "value": "465"
                      },
                      {
                        "name": "mail__options__secure",
                        "secret_name": "",
                        "value": "true"
                      },
                      {
                        "name": "mail__options__auth__user",
                        "secret_name": "",
                        "value": "hello@heartbeatchurch.com.au"
                      },
                      {
                        "name": "mail__options__auth__pass",
                        "secret_name": "gmail-app-password",
                        "value": ""
                      }
                    ],
                    "ephemeral_storage": "2Gi",
                    "image": "ghost:5.96.0-alpine",
                    "liveness_probe": [],
                    "memory": "1Gi",
                    "name": "ghost",
                    "readiness_probe": [],
                    "startup_probe": [],
                    "volume_mounts": [
                      {
                        "name": "ghost-content",
                        "path": "/var/lib/ghost/content"
                      }
                    ]
                  }
                ],
                "custom_scale_rule": [],
                "http_scale_rule": [],
                "init_container": [],
                "max_replicas": 2,
                "min_replicas": 1,
                "revision_suffix": "",
                "tcp_scale_rule": [],
                "volume": [
                  {
                    "name": "ghost-content",
                    "storage_name": "ghost-content-storage",
                    "storage_type": "AzureFile"
                  }
                ]
              }
            ],
            "timeouts": null,
            "workload_profile_name": ""
          },
          "sensitive_attributes": [
            [
              {
                "type": "get_attr",
                "value": "custom_domain_verification_id"
              }
            ],
            [
              {
                "type": "get_attr",
                "value": "secret"
              }
            ]
          ],
          "identity_schema_version": 0,
          "private": "eyJlMmJmYjczMC1lY2FhLTExZTYtOGY4OC0zNDM2M2JjN2M0YzAiOnsiY3JlYXRlIjoxODAwMDAwMDAwMDAwLCJkZWxldGUiOjE4MDAwMDAwMDAwMDAsInJlYWQiOjMwMDAwMDAwMDAwMCwidXBkYXRlIjoxODAwMDAwMDAwMDAwfX0=",
          "dependencies": [
            "azurerm_container_app_environment.main",
            "azurerm_container_app_environment_storage.ghost_content",
            "azurerm_key_vault.main",
            "azurerm_key_vault_secret.gmail_app_password",
            "azurerm_resource_group.main",
            "azurerm_role_assignment.current_user_keyvault_admin",
            "azurerm_role_assignment.keyvault_secrets_user",
            "azurerm_storage_account.main",
            "azurerm_storage_share.ghost_content",
            "azurerm_user_assigned_identity.main",
            "data.azurerm_client_config.current",
            "random_string.suffix"
          ]
        }
      ]
    },
    {
      "mode": "managed",
      "type": "azurerm_container_app_environment",
      "name": "main",
      "provider": "provider[\"registry.terraform.io/hashicorp/azurerm\"]",
      "instances": [
        {
          "schema_version": 0,
          "attributes": {
            "custom_domain_verification_id": "8CA0B91967D935AF2C3CB1440E37A09A33F794554CF7619F2C45DA864DBA045D",
            "dapr_application_insights_connection_string": "",
            "default_domain": "salmongrass-c45429b2.australiaeast.azurecontainerapps.io",
            "docker_bridge_cidr": "",
            "id": "/subscriptions/356b0996-276c-4104-b906-efa2014f9d64/resourceGroups/rg-site-dev-ip4g/providers/Microsoft.App/managedEnvironments/cae-site-dev-ip4g",
            "infrastructure_resource_group_name": "",
            "infrastructure_subnet_id": "",
            "internal_load_balancer_enabled": false,
            "location": "australiaeast",
            "log_analytics_workspace_id": "",
            "mutual_tls_enabled": false,
            "name": "cae-site-dev-ip4g",
            "platform_reserved_cidr": "",
            "platform_reserved_dns_ip_address": "",
            "resource_group_name": "rg-site-dev-ip4g",
            "static_ip_address": "4.254.38.92",
            "tags": {
              "Environment": "dev",
              "ManagedBy": "terraform",
              "Owner": "charles",
              "Project": "website-container"
            },
            "timeouts": null,
            "workload_profile": [],
            "zone_redundancy_enabled": false
          },
          "sensitive_attributes": [
            [
              {
                "type": "get_attr",
                "value": "dapr_application_insights_connection_string"
              }
            ]
          ],
          "identity_schema_version": 0,
          "private": "eyJlMmJmYjczMC1lY2FhLTExZTYtOGY4OC0zNDM2M2JjN2M0YzAiOnsiY3JlYXRlIjoxODAwMDAwMDAwMDAwLCJkZWxldGUiOjE4MDAwMDAwMDAwMDAsInJlYWQiOjMwMDAwMDAwMDAwMCwidXBkYXRlIjoxODAwMDAwMDAwMDAwfX0=",
          "dependencies": [
            "azurerm_resource_group.main",
            "random_string.suffix"
          ]
        }
      ]
    },
    {
      "mode": "managed",
      "type": "azurerm_container_app_environment_storage",
      "name": "ghost_content",
      "provider": "provider[\"registry.terraform.io/hashicorp/azurerm\"]",
      "instances": [
        {
          "schema_version": 0,
          "attributes": {
            "access_key": "21SjgoyrzSinC4bwU8dJkUPsDWMDhRhvjKQ/QMdaoSSOge6m1KrW32LDk3Va9hvtAI9RWiuOXatF+AStzpK5Vw==",
            "access_mode": "ReadWrite",
            "account_name": "stsitedevip4g",
            "container_app_environment_id": "/subscriptions/356b0996-276c-4104-b906-efa2014f9d64/resourceGroups/rg-site-dev-ip4g/providers/Microsoft.App/managedEnvironments/cae-site-dev-ip4g",
            "id": "/subscriptions/356b0996-276c-4104-b906-efa2014f9d64/resourceGroups/rg-site-dev-ip4g/providers/Microsoft.App/managedEnvironments/cae-site-dev-ip4g/storages/ghost-content-storage",
            "name": "ghost-content-storage",
            "share_name": "ghost-content",
            "timeouts": null
          },
          "sensitive_attributes": [
            [
              {
                "type": "get_attr",
                "value": "access_key"
              }
            ]
          ],
          "identity_schema_version": 0,
          "private": "eyJlMmJmYjczMC1lY2FhLTExZTYtOGY4OC0zNDM2M2JjN2M0YzAiOnsiY3JlYXRlIjoxODAwMDAwMDAwMDAwLCJkZWxldGUiOjE4MDAwMDAwMDAwMDAsInJlYWQiOjMwMDAwMDAwMDAwMCwidXBkYXRlIjoxODAwMDAwMDAwMDAwfX0=",
          "dependencies": [
            "azurerm_container_app_environment.main",
            "azurerm_resource_group.main",
            "azurerm_storage_account.main",
            "azurerm_storage_share.ghost_content",
            "random_string.suffix"
          ]
        }
      ]
    },
    {
      "mode": "managed",
      "type": "azurerm_key_vault",
      "name": "main",
      "provider": "provider[\"registry.terraform.io/hashicorp/azurerm\"]",
      "instances": [
        {
          "schema_version": 2,
          "attributes": {
            "access_policy": [],
            "contact": [],
            "enable_rbac_authorization": true,
            "enabled_for_deployment": false,
            "enabled_for_disk_encryption": false,
            "enabled_for_template_deployment": false,
            "id": "/subscriptions/356b0996-276c-4104-b906-efa2014f9d64/resourceGroups/rg-site-dev-ip4g/providers/Microsoft.KeyVault/vaults/kv-site-dev-ip4g",
            "location": "australiaeast",
            "name": "kv-site-dev-ip4g",
            "network_acls": [
              {
                "bypass": "AzureServices",
                "default_action": "Allow",
                "ip_rules": [],
                "virtual_network_subnet_ids": []
              }
            ],
            "public_network_access_enabled": true,
            "purge_protection_enabled": false,
            "resource_group_name": "rg-site-dev-ip4g",
            "sku_name": "standard",
            "soft_delete_retention_days": 7,
            "tags": {
              "Environment": "dev",
              "ManagedBy": "terraform",
              "Owner": "charles",
              "Project": "website-container"
            },
            "tenant_id": "42ff806a-1ba2-48f1-a4af-eadec06d2486",
            "timeouts": null,
            "vault_uri": "https://kv-site-dev-ip4g.vault.azure.net/"
          },
          "sensitive_attributes": [],
          "identity_schema_version": 0,
          "private": "eyJlMmJmYjczMC1lY2FhLTExZTYtOGY4OC0zNDM2M2JjN2M0YzAiOnsiY3JlYXRlIjoxODAwMDAwMDAwMDAwLCJkZWxldGUiOjE4MDAwMDAwMDAwMDAsInJlYWQiOjMwMDAwMDAwMDAwMCwidXBkYXRlIjoxODAwMDAwMDAwMDAwfSwic2NoZW1hX3ZlcnNpb24iOiIyIn0=",
          "dependencies": [
            "azurerm_resource_group.main",
            "data.azurerm_client_config.current",
            "random_string.suffix"
          ]
        }
      ]
    },
    {
      "mode": "managed",
      "type": "azurerm_key_vault_secret",
      "name": "cloudflare_tunnel_token",
      "provider": "provider[\"registry.terraform.io/hashicorp/azurerm\"]",
      "instances": [
        {
          "schema_version": 0,
          "attributes": {
            "content_type": "",
            "expiration_date": null,
            "id": "https://kv-site-dev-ip4g.vault.azure.net/secrets/cloudflare-tunnel-token/b25a7c8a2bad450998d45494f63a5c18",
            "key_vault_id": "/subscriptions/356b0996-276c-4104-b906-efa2014f9d64/resourceGroups/rg-site-dev-ip4g/providers/Microsoft.KeyVault/vaults/kv-site-dev-ip4g",
            "name": "cloudflare-tunnel-token",
            "not_before_date": null,
            "resource_id": "/subscriptions/356b0996-276c-4104-b906-efa2014f9d64/resourceGroups/rg-site-dev-ip4g/providers/Microsoft.KeyVault/vaults/kv-site-dev-ip4g/secrets/cloudflare-tunnel-token/versions/b25a7c8a2bad450998d45494f63a5c18",
            "resource_versionless_id": "/subscriptions/356b0996-276c-4104-b906-efa2014f9d64/resourceGroups/rg-site-dev-ip4g/providers/Microsoft.KeyVault/vaults/kv-site-dev-ip4g/secrets/cloudflare-tunnel-token",
            "tags": {},
            "timeouts": null,
            "value": "placeholder-tunnel-token-replace-with-actual-value",
            "version": "b25a7c8a2bad450998d45494f63a5c18",
            "versionless_id": "https://kv-site-dev-ip4g.vault.azure.net/secrets/cloudflare-tunnel-token"
          },
          "sensitive_attributes": [
            [
              {
                "type": "get_attr",
                "value": "value"
              }
            ]
          ],
          "identity_schema_version": 0,
          "private": "eyJlMmJmYjczMC1lY2FhLTExZTYtOGY4OC0zNDM2M2JjN2M0YzAiOnsiY3JlYXRlIjoxODAwMDAwMDAwMDAwLCJkZWxldGUiOjE4MDAwMDAwMDAwMDAsInJlYWQiOjE4MDAwMDAwMDAwMDAsInVwZGF0ZSI6MTgwMDAwMDAwMDAwMH19",
          "dependencies": [
            "azurerm_key_vault.main",
            "azurerm_resource_group.main",
            "azurerm_role_assignment.current_user_keyvault_admin",
            "data.azurerm_client_config.current",
            "random_string.suffix"
          ]
        }
      ]
    },
    {
      "mode": "managed",
      "type": "azurerm_key_vault_secret",
      "name": "gmail_app_password",
      "provider": "provider[\"registry.terraform.io/hashicorp/azurerm\"]",
      "instances": [
        {
          "schema_version": 0,
          "attributes": {
            "content_type": "",
            "expiration_date": null,
            "id": "https://kv-site-dev-ip4g.vault.azure.net/secrets/gmail-app-password/e56dba8c2b344b9a82ab860b4e3aedf5",
            "key_vault_id": "/subscriptions/356b0996-276c-4104-b906-efa2014f9d64/resourceGroups/rg-site-dev-ip4g/providers/Microsoft.KeyVault/vaults/kv-site-dev-ip4g",
            "name": "gmail-app-password",
            "not_before_date": null,
            "resource_id": "/subscriptions/356b0996-276c-4104-b906-efa2014f9d64/resourceGroups/rg-site-dev-ip4g/providers/Microsoft.KeyVault/vaults/kv-site-dev-ip4g/secrets/gmail-app-password/versions/e56dba8c2b344b9a82ab860b4e3aedf5",
            "resource_versionless_id": "/subscriptions/356b0996-276c-4104-b906-efa2014f9d64/resourceGroups/rg-site-dev-ip4g/providers/Microsoft.KeyVault/vaults/kv-site-dev-ip4g/secrets/gmail-app-password",
            "tags": {},
            "timeouts": null,
            "value": "placeholder-gmail-app-password-replace-with-actual-value",
            "version": "e56dba8c2b344b9a82ab860b4e3aedf5",
            "versionless_id": "https://kv-site-dev-ip4g.vault.azure.net/secrets/gmail-app-password"
          },
          "sensitive_attributes": [
            [
              {
                "type": "get_attr",
                "value": "value"
              }
            ]
          ],
          "identity_schema_version": 0,
          "private": "eyJlMmJmYjczMC1lY2FhLTExZTYtOGY4OC0zNDM2M2JjN2M0YzAiOnsiY3JlYXRlIjoxODAwMDAwMDAwMDAwLCJkZWxldGUiOjE4MDAwMDAwMDAwMDAsInJlYWQiOjE4MDAwMDAwMDAwMDAsInVwZGF0ZSI6MTgwMDAwMDAwMDAwMH19",
          "dependencies": [
            "azurerm_key_vault.main",
            "azurerm_resource_group.main",
            "azurerm_role_assignment.current_user_keyvault_admin",
            "data.azurerm_client_config.current",
            "random_string.suffix"
          ]
        }
      ]
    },
    {
      "mode": "managed",
      "type": "azurerm_resource_group",
      "name": "main",
      "provider": "provider[\"registry.terraform.io/hashicorp/azurerm\"]",
      "instances": [
        {
          "schema_version": 0,
          "attributes": {
            "id": "/subscriptions/356b0996-276c-4104-b906-efa2014f9d64/resourceGroups/rg-site-dev-ip4g",
            "location": "australiaeast",
            "managed_by": "",
            "name": "rg-site-dev-ip4g",
            "tags": {
              "Environment": "dev",
              "ManagedBy": "terraform",
              "Owner": "charles",
              "Project": "website-container"
            },
            "timeouts": null
          },
          "sensitive_attributes": [],
          "identity_schema_version": 0,
          "private": "eyJlMmJmYjczMC1lY2FhLTExZTYtOGY4OC0zNDM2M2JjN2M0YzAiOnsiY3JlYXRlIjo1NDAwMDAwMDAwMDAwLCJkZWxldGUiOjU0MDAwMDAwMDAwMDAsInJlYWQiOjMwMDAwMDAwMDAwMCwidXBkYXRlIjo1NDAwMDAwMDAwMDAwfX0=",
          "dependencies": [
            "random_string.suffix"
          ]
        }
      ]
    },
    {
      "mode": "managed",
      "type": "azurerm_role_assignment",
      "name": "current_user_keyvault_admin",
      "provider": "provider[\"registry.terraform.io/hashicorp/azurerm\"]",
      "instances": [
        {
          "schema_version": 0,
          "attributes": {
            "condition": "",
            "condition_version": "",
            "delegated_managed_identity_resource_id": "",
            "description": "",
            "id": "/subscriptions/356b0996-276c-4104-b906-efa2014f9d64/resourceGroups/rg-site-dev-ip4g/providers/Microsoft.KeyVault/vaults/kv-site-dev-ip4g/providers/Microsoft.Authorization/roleAssignments/d48610fb-063f-d0bb-9139-8628bcd72c59",
            "name": "d48610fb-063f-d0bb-9139-8628bcd72c59",
            "principal_id": "68a3bc1c-0d3f-4057-8dc3-136007f017bd",
            "principal_type": "User",
            "role_definition_id": "/subscriptions/356b0996-276c-4104-b906-efa2014f9d64/providers/Microsoft.Authorization/roleDefinitions/00482a5a-887f-4fb3-b363-3b7fe8e74483",
            "role_definition_name": "Key Vault Administrator",
            "scope": "/subscriptions/356b0996-276c-4104-b906-efa2014f9d64/resourceGroups/rg-site-dev-ip4g/providers/Microsoft.KeyVault/vaults/kv-site-dev-ip4g",
            "skip_service_principal_aad_check": null,
            "timeouts": null
          },
          "sensitive_attributes": [],
          "identity_schema_version": 0,
          "private": "eyJlMmJmYjczMC1lY2FhLTExZTYtOGY4OC0zNDM2M2JjN2M0YzAiOnsiY3JlYXRlIjoxODAwMDAwMDAwMDAwLCJkZWxldGUiOjE4MDAwMDAwMDAwMDAsInJlYWQiOjMwMDAwMDAwMDAwMH19",
          "dependencies": [
            "azurerm_key_vault.main",
            "azurerm_resource_group.main",
            "data.azurerm_client_config.current",
            "random_string.suffix"
          ]
        }
      ]
    },
    {
      "mode": "managed",
      "type": "azurerm_role_assignment",
      "name": "keyvault_secrets_user",
      "provider": "provider[\"registry.terraform.io/hashicorp/azurerm\"]",
      "instances": [
        {
          "schema_version": 0,
          "attributes": {
            "condition": "",
            "condition_version": "",
            "delegated_managed_identity_resource_id": "",
            "description": "",
            "id": "/subscriptions/356b0996-276c-4104-b906-efa2014f9d64/resourceGroups/rg-site-dev-ip4g/providers/Microsoft.KeyVault/vaults/kv-site-dev-ip4g/providers/Microsoft.Authorization/roleAssignments/ad7c2f53-fe4c-1ae4-b808-23a96ceaf573",
            "name": "ad7c2f53-fe4c-1ae4-b808-23a96ceaf573",
            "principal_id": "173c38c1-5f49-4148-915b-14388f3502bb",
            "principal_type": "ServicePrincipal",
            "role_definition_id": "/subscriptions/356b0996-276c-4104-b906-efa2014f9d64/providers/Microsoft.Authorization/roleDefinitions/4633458b-17de-408a-b874-0445c86b69e6",
            "role_definition_name": "Key Vault Secrets User",
            "scope": "/subscriptions/356b0996-276c-4104-b906-efa2014f9d64/resourceGroups/rg-site-dev-ip4g/providers/Microsoft.KeyVault/vaults/kv-site-dev-ip4g",
            "skip_service_principal_aad_check": null,
            "timeouts": null
          },
          "sensitive_attributes": [],
          "identity_schema_version": 0,
          "private": "eyJlMmJmYjczMC1lY2FhLTExZTYtOGY4OC0zNDM2M2JjN2M0YzAiOnsiY3JlYXRlIjoxODAwMDAwMDAwMDAwLCJkZWxldGUiOjE4MDAwMDAwMDAwMDAsInJlYWQiOjMwMDAwMDAwMDAwMH19",
          "dependencies": [
            "azurerm_key_vault.main",
            "azurerm_resource_group.main",
            "azurerm_user_assigned_identity.main",
            "data.azurerm_client_config.current",
            "random_string.suffix"
          ]
        }
      ]
    },
    {
      "mode": "managed",
      "type": "azurerm_storage_account",
      "name": "main",
      "provider": "provider[\"registry.terraform.io/hashicorp/azurerm\"]",
      "instances": [
        {
          "schema_version": 4,
          "attributes": {
            "access_tier": "Hot",
            "account_kind": "StorageV2",
            "account_replication_type": "LRS",
            "account_tier": "Standard",
            "allow_nested_items_to_be_public": true,
            "allowed_copy_scope": "",
            "azure_files_authentication": [],
            "blob_properties": [
              {
                "change_feed_enabled": false,
                "change_feed_retention_in_days": 0,
                "container_delete_retention_policy": [],
                "cors_rule": [],
                "default_service_version": "",
                "delete_retention_policy": [],
                "last_access_time_enabled": false,
                "restore_policy": [],
                "versioning_enabled": false
              }
            ],
            "cross_tenant_replication_enabled": true,
            "custom_domain": [],
            "customer_managed_key": [],
            "default_to_oauth_authentication": false,
            "dns_endpoint_type": "Standard",
            "edge_zone": "",
            "enable_https_traffic_only": true,
            "https_traffic_only_enabled": true,
            "id": "/subscriptions/356b0996-276c-4104-b906-efa2014f9d64/resourceGroups/rg-site-dev-ip4g/providers/Microsoft.Storage/storageAccounts/stsitedevip4g",
            "identity": [],
            "immutability_policy": [],
            "infrastructure_encryption_enabled": false,
            "is_hns_enabled": false,
            "large_file_share_enabled": false,
            "local_user_enabled": true,
            "location": "australiaeast",
            "min_tls_version": "TLS1_2",
            "name": "stsitedevip4g",
            "network_rules": [],
            "nfsv3_enabled": false,
            "primary_access_key": "21SjgoyrzSinC4bwU8dJkUPsDWMDhRhvjKQ/QMdaoSSOge6m1KrW32LDk3Va9hvtAI9RWiuOXatF+AStzpK5Vw==",
            "primary_blob_connection_string": "DefaultEndpointsProtocol=https;BlobEndpoint=https://stsitedevip4g.blob.core.windows.net/;AccountName=stsitedevip4g;AccountKey=21SjgoyrzSinC4bwU8dJkUPsDWMDhRhvjKQ/QMdaoSSOge6m1KrW32LDk3Va9hvtAI9RWiuOXatF+AStzpK5Vw==",
            "primary_blob_endpoint": "https://stsitedevip4g.blob.core.windows.net/",
            "primary_blob_host": "stsitedevip4g.blob.core.windows.net",
            "primary_blob_internet_endpoint": "",
            "primary_blob_internet_host": "",
            "primary_blob_microsoft_endpoint": "",
            "primary_blob_microsoft_host": "",
            "primary_connection_string": "DefaultEndpointsProtocol=https;AccountName=stsitedevip4g;AccountKey=21SjgoyrzSinC4bwU8dJkUPsDWMDhRhvjKQ/QMdaoSSOge6m1KrW32LDk3Va9hvtAI9RWiuOXatF+AStzpK5Vw==;EndpointSuffix=core.windows.net",
            "primary_dfs_endpoint": "https://stsitedevip4g.dfs.core.windows.net/",
            "primary_dfs_host": "stsitedevip4g.dfs.core.windows.net",
            "primary_dfs_internet_endpoint": "",
            "primary_dfs_internet_host": "",
            "primary_dfs_microsoft_endpoint": "",
            "primary_dfs_microsoft_host": "",
            "primary_file_endpoint": "https://stsitedevip4g.file.core.windows.net/",
            "primary_file_host": "stsitedevip4g.file.core.windows.net",
            "primary_file_internet_endpoint": "",
            "primary_file_internet_host": "",
            "primary_file_microsoft_endpoint": "",
            "primary_file_microsoft_host": "",
            "primary_location": "australiaeast",
            "primary_queue_endpoint": "https://stsitedevip4g.queue.core.windows.net/",
            "primary_queue_host": "stsitedevip4g.queue.core.windows.net",
            "primary_queue_microsoft_endpoint": "",
            "primary_queue_microsoft_host": "",
            "primary_table_endpoint": "https://stsitedevip4g.table.core.windows.net/",
            "primary_table_host": "stsitedevip4g.table.core.windows.net",
            "primary_table_microsoft_endpoint": "",
            "primary_table_microsoft_host": "",
            "primary_web_endpoint": "https://stsitedevip4g.z8.web.core.windows.net/",
            "primary_web_host": "stsitedevip4g.z8.web.core.windows.net",
            "primary_web_internet_endpoint": "",
            "primary_web_internet_host": "",
            "primary_web_microsoft_endpoint": "",
            "primary_web_microsoft_host": "",
            "public_network_access_enabled": true,
            "queue_encryption_key_type": "Service",
            "queue_properties": [
              {
                "cors_rule": [],
                "hour_metrics": [
                  {
                    "enabled": false,
                    "include_apis": false,
                    "retention_policy_days": 0,
                    "version": "1.0"
                  }
                ],
                "logging": [
                  {
                    "delete": false,
                    "read": false,
                    "retention_policy_days": 0,
                    "version": "1.0",
                    "write": false
                  }
                ],
                "minute_metrics": [
                  {
                    "enabled": false,
                    "include_apis": false,
                    "retention_policy_days": 0,
                    "version": "1.0"
                  }
                ]
              }
            ],
            "resource_group_name": "rg-site-dev-ip4g",
            "routing": [],
            "sas_policy": [],
            "secondary_access_key": "QQotpy5l8q+RQ+N8/gwtEBdC4+RkxHyrNwW/QSwGPgS8bQ7Ntdqz4D6LBv29+OYR9AT/ZPzYbe5O+AStwjwkZg==",
            "secondary_blob_connection_string": "",
            "secondary_blob_endpoint": "",
            "secondary_blob_host": "",
            "secondary_blob_internet_endpoint": "",
            "secondary_blob_internet_host": "",
            "secondary_blob_microsoft_endpoint": "",
            "secondary_blob_microsoft_host": "",
            "secondary_connection_string": "DefaultEndpointsProtocol=https;AccountName=stsitedevip4g;AccountKey=QQotpy5l8q+RQ+N8/gwtEBdC4+RkxHyrNwW/QSwGPgS8bQ7Ntdqz4D6LBv29+OYR9AT/ZPzYbe5O+AStwjwkZg==;EndpointSuffix=core.windows.net",
            "secondary_dfs_endpoint": "",
            "secondary_dfs_host": "",
            "secondary_dfs_internet_endpoint": "",
            "secondary_dfs_internet_host": "",
            "secondary_dfs_microsoft_endpoint": "",
            "secondary_dfs_microsoft_host": "",
            "secondary_file_endpoint": "",
            "secondary_file_host": "",
            "secondary_file_internet_endpoint": "",
            "secondary_file_internet_host": "",
            "secondary_file_microsoft_endpoint": "",
            "secondary_file_microsoft_host": "",
            "secondary_location": "",
            "secondary_queue_endpoint": "",
            "secondary_queue_host": "",
            "secondary_queue_microsoft_endpoint": "",
            "secondary_queue_microsoft_host": "",
            "secondary_table_endpoint": "",
            "secondary_table_host": "",
            "secondary_table_microsoft_endpoint": "",
            "secondary_table_microsoft_host": "",
            "secondary_web_endpoint": "",
            "secondary_web_host": "",
            "secondary_web_internet_endpoint": "",
            "secondary_web_internet_host": "",
            "secondary_web_microsoft_endpoint": "",
            "secondary_web_microsoft_host": "",
            "sftp_enabled": false,
            "share_properties": [
              {
                "cors_rule": [],
                "retention_policy": [
                  {
                    "days": 7
                  }
                ],
                "smb": []
              }
            ],
            "shared_access_key_enabled": true,
            "static_website": [],
            "table_encryption_key_type": "Service",
            "tags": {
              "Environment": "dev",
              "ManagedBy": "terraform",
              "Owner": "charles",
              "Project": "website-container"
            },
            "timeouts": null
          },
          "sensitive_attributes": [
            [
              {
                "type": "get_attr",
                "value": "primary_access_key"
              }
            ],
            [
              {
                "type": "get_attr",
                "value": "primary_blob_connection_string"
              }
            ],
            [
              {
                "type": "get_attr",
                "value": "primary_connection_string"
              }
            ],
            [
              {
                "type": "get_attr",
                "value": "secondary_access_key"
              }
            ],
            [
              {
                "type": "get_attr",
                "value": "secondary_blob_connection_string"
              }
            ],
            [
              {
                "type": "get_attr",
                "value": "secondary_connection_string"
              }
            ]
          ],
          "identity_schema_version": 0,
          "private": "eyJlMmJmYjczMC1lY2FhLTExZTYtOGY4OC0zNDM2M2JjN2M0YzAiOnsiY3JlYXRlIjozNjAwMDAwMDAwMDAwLCJkZWxldGUiOjM2MDAwMDAwMDAwMDAsInJlYWQiOjMwMDAwMDAwMDAwMCwidXBkYXRlIjozNjAwMDAwMDAwMDAwfSwic2NoZW1hX3ZlcnNpb24iOiI0In0=",
          "dependencies": [
            "azurerm_resource_group.main",
            "random_string.suffix"
          ]
        }
      ]
    },
    {
      "mode": "managed",
      "type": "azurerm_storage_share",
      "name": "ghost_content",
      "provider": "provider[\"registry.terraform.io/hashicorp/azurerm\"]",
      "instances": [
        {
          "schema_version": 2,
          "attributes": {
            "access_tier": "TransactionOptimized",
            "acl": [],
            "enabled_protocol": "SMB",
            "id": "https://stsitedevip4g.file.core.windows.net/ghost-content",
            "metadata": {},
            "name": "ghost-content",
            "quota": 20,
            "resource_manager_id": "/subscriptions/356b0996-276c-4104-b906-efa2014f9d64/resourceGroups/rg-site-dev-ip4g/providers/Microsoft.Storage/storageAccounts/stsitedevip4g/fileServices/default/fileshares/ghost-content",
            "storage_account_name": "stsitedevip4g",
            "timeouts": null,
            "url": "https://stsitedevip4g.file.core.windows.net/ghost-content"
          },
          "sensitive_attributes": [],
          "identity_schema_version": 0,
          "private": "eyJlMmJmYjczMC1lY2FhLTExZTYtOGY4OC0zNDM2M2JjN2M0YzAiOnsiY3JlYXRlIjoxODAwMDAwMDAwMDAwLCJkZWxldGUiOjE4MDAwMDAwMDAwMDAsInJlYWQiOjMwMDAwMDAwMDAwMCwidXBkYXRlIjoxODAwMDAwMDAwMDAwfSwic2NoZW1hX3ZlcnNpb24iOiIyIn0=",
          "dependencies": [
            "azurerm_resource_group.main",
            "azurerm_storage_account.main",
            "random_string.suffix"
          ]
        }
      ]
    },
    {
      "mode": "managed",
      "type": "azurerm_user_assigned_identity",
      "name": "main",
      "provider": "provider[\"registry.terraform.io/hashicorp/azurerm\"]",
      "instances": [
        {
          "schema_version": 1,
          "attributes": {
            "client_id": "41d7a169-3472-4faf-afc9-6d093fc1ac0a",
            "id": "/subscriptions/356b0996-276c-4104-b906-efa2014f9d64/resourceGroups/rg-site-dev-ip4g/providers/Microsoft.ManagedIdentity/userAssignedIdentities/id-site-dev-ip4g",
            "location": "australiaeast",
            "name": "id-site-dev-ip4g",
            "principal_id": "173c38c1-5f49-4148-915b-14388f3502bb",
            "resource_group_name": "rg-site-dev-ip4g",
            "tags": {
              "Environment": "dev",
              "ManagedBy": "terraform",
              "Owner": "charles",
              "Project": "website-container"
            },
            "tenant_id": "42ff806a-1ba2-48f1-a4af-eadec06d2486",
            "timeouts": null
          },
          "sensitive_attributes": [],
          "identity_schema_version": 0,
          "private": "eyJlMmJmYjczMC1lY2FhLTExZTYtOGY4OC0zNDM2M2JjN2M0YzAiOnsiY3JlYXRlIjoxODAwMDAwMDAwMDAwLCJkZWxldGUiOjE4MDAwMDAwMDAwMDAsInJlYWQiOjMwMDAwMDAwMDAwMCwidXBkYXRlIjoxODAwMDAwMDAwMDAwfSwic2NoZW1hX3ZlcnNpb24iOiIxIn0=",
          "dependencies": [
            "azurerm_resource_group.main",
            "random_string.suffix"
          ]
        }
      ]
    },
    {
      "mode": "managed",
      "type": "random_string",
      "name": "suffix",
      "provider": "provider[\"registry.terraform.io/hashicorp/random\"]",
      "instances": [
        {
          "schema_version": 2,
          "attributes": {
            "id": "ip4g",
            "keepers": null,
            "length": 4,
            "lower": true,
            "min_lower": 0,
            "min_numeric": 0,
            "min_special": 0,
            "min_upper": 0,
            "number": true,
            "numeric": true,
            "override_special": null,
            "result": "ip4g",
            "special": false,
            "upper": false
          },
          "sensitive_attributes": [],
          "identity_schema_version": 0
        }
      ]
    },
    {
      "mode": "managed",
      "type": "random_string",
      "name": "tunnel_secret",
      "provider": "provider[\"registry.terraform.io/hashicorp/random\"]",
      "instances": [
        {
          "schema_version": 2,
          "attributes": {
            "id": "ipSd2EeuvzTzZeluRyjgAs0GDUGxhlvxrvhU218pDMiBWxYtILnlf1rBMOFPJM0r",
            "keepers": null,
            "length": 64,
            "lower": true,
            "min_lower": 0,
            "min_numeric": 0,
            "min_special": 0,
            "min_upper": 0,
            "number": true,
            "numeric": true,
            "override_special": null,
            "result": "ipSd2EeuvzTzZeluRyjgAs0GDUGxhlvxrvhU218pDMiBWxYtILnlf1rBMOFPJM0r",
            "special": false,
            "upper": true
          },
          "sensitive_attributes": [],
          "identity_schema_version": 0
        }
      ]
    }
  ],
  "check_results": null
}
