{
  "version": 4,
  "terraform_version": "1.12.1",
  "serial": 33,
  "lineage": "15216644-d032-0bf1-b1e9-1a902bc29d6f",
  "outputs": {
    "cloudflare_tunnel_cname": {
      "value": "8966ba1f-2668-42d3-898e-8ed96aa5aa2c.cfargotunnel.com",
      "type": "string"
    },
    "cloudflare_tunnel_container_app_name": {
      "value": "ca-ghost-prod-k5a6",
      "type": "string"
    },
    "cloudflare_tunnel_id": {
      "value": "8966ba1f-2668-42d3-898e-8ed96aa5aa2c",
      "type": "string"
    },
    "cloudflare_tunnel_token": {
      "value": "eyJhIjoiZDI2YTg3NzExNjI0NDJhNTYzMzcxZWE4MDk3YWNjODkiLCJ0IjoiODk2NmJhMWYtMjY2OC00MmQzLTg5OGUtOGVkOTZhYTVhYTJjIiwicyI6IlJVSlVSV3h3T1UxYWRrbEdabGQyV0ZacWNGZzFkSEZQUTB4NVFXVkdiSEpvVm1od01GYzFWRzk0WVhkQlJucEhhVXhLV2pnMFpXbDZkMHRLYVVsaE1BPT0ifQ==",
      "type": "string",
      "sensitive": true
    },
    "container_app_environment_name": {
      "value": "cae-site-prod-k5a6",
      "type": "string"
    },
    "dns_record_name": {
      "value": "www",
      "type": "string"
    },
    "dns_record_value": {
      "value": "8966ba1f-2668-42d3-898e-8ed96aa5aa2c.cfargotunnel.com",
      "type": "string"
    },
    "ghost_container_app_fqdn": {
      "value": "N/A - using Cloudflare tunnel",
      "type": "string"
    },
    "ghost_container_app_name": {
      "value": "ca-ghost-prod-k5a6",
      "type": "string"
    },
    "keyvault_id": {
      "value": "/subscriptions/356b0996-276c-4104-b906-efa2014f9d64/resourceGroups/rg-site-prod-k5a6/providers/Microsoft.KeyVault/vaults/kv-site-prod-k5a6",
      "type": "string"
    },
    "keyvault_name": {
      "value": "kv-site-prod-k5a6",
      "type": "string"
    },
    "managed_identity_client_id": {
      "value": "51d7a1a8-b30c-4f4b-9c54-895b70eb64e4",
      "type": "string"
    },
    "managed_identity_name": {
      "value": "id-site-prod-k5a6",
      "type": "string"
    },
    "managed_identity_principal_id": {
      "value": "4c750e5e-7369-47de-88c4-70c390084b4c",
      "type": "string"
    },
    "mysql_admin_username": {
      "value": "ghostadmin",
      "type": "string"
    },
    "mysql_database_name": {
      "value": "ghost",
      "type": "string"
    },
    "mysql_server_fqdn": {
      "value": "mysql-site-prod-k5a6.mysql.database.azure.com",
      "type": "string"
    },
    "mysql_server_name": {
      "value": "mysql-site-prod-k5a6",
      "type": "string"
    },
    "resource_group_name": {
      "value": "rg-site-prod-k5a6",
      "type": "string"
    },
    "storage_account_name": {
      "value": "stsiteprodk5a6",
      "type": "string"
    },
    "website_url": {
      "value": "https://www.heartbeatchurch.com.au",
      "type": "string"
    }
  },
  "resources": [
    {
      "mode": "data",
      "type": "azurerm_client_config",
      "name": "current",
      "provider": "provider[\"registry.terraform.io/hashicorp/azurerm\"]",
      "instances": [
        {
          "schema_version": 0,
          "attributes": {
            "client_id": "04b07795-8ddb-461a-bbee-02f9e1bf7b46",
            "id": "Y2xpZW50Q29uZmlncy9jbGllbnRJZD0wNGIwNzc5NS04ZGRiLTQ2MWEtYmJlZS0wMmY5ZTFiZjdiNDY7b2JqZWN0SWQ9NjhhM2JjMWMtMGQzZi00MDU3LThkYzMtMTM2MDA3ZjAxN2JkO3N1YnNjcmlwdGlvbklkPTM1NmIwOTk2LTI3NmMtNDEwNC1iOTA2LWVmYTIwMTRmOWQ2NDt0ZW5hbnRJZD00MmZmODA2YS0xYmEyLTQ4ZjEtYTRhZi1lYWRlYzA2ZDI0ODY=",
            "object_id": "68a3bc1c-0d3f-4057-8dc3-136007f017bd",
            "subscription_id": "356b0996-276c-4104-b906-efa2014f9d64",
            "tenant_id": "42ff806a-1ba2-48f1-a4af-eadec06d2486",
            "timeouts": null
          },
          "sensitive_attributes": [],
          "identity_schema_version": 0
        }
      ]
    },
    {
      "mode": "managed",
      "type": "azurerm_container_app",
      "name": "ghost",
      "provider": "provider[\"registry.terraform.io/hashicorp/azurerm\"]",
      "instances": [
        {
          "schema_version": 0,
          "attributes": {
            "container_app_environment_id": "/subscriptions/356b0996-276c-4104-b906-efa2014f9d64/resourceGroups/rg-site-prod-k5a6/providers/Microsoft.App/managedEnvironments/cae-site-prod-k5a6",
            "custom_domain_verification_id": "8CA0B91967D935AF2C3CB1440E37A09A33F794554CF7619F2C45DA864DBA045D",
            "dapr": [],
            "id": "/subscriptions/356b0996-276c-4104-b906-efa2014f9d64/resourceGroups/rg-site-prod-k5a6/providers/Microsoft.App/containerApps/ca-ghost-prod-k5a6",
            "identity": [
              {
                "identity_ids": [
                  "/subscriptions/356b0996-276c-4104-b906-efa2014f9d64/resourceGroups/rg-site-prod-k5a6/providers/Microsoft.ManagedIdentity/userAssignedIdentities/id-site-prod-k5a6"
                ],
                "principal_id": "",
                "tenant_id": "",
                "type": "UserAssigned"
              }
            ],
            "ingress": [],
            "latest_revision_fqdn": "",
            "latest_revision_name": "ca-ghost-prod-k5a6--nf6udz0",
            "location": "australiaeast",
            "name": "ca-ghost-prod-k5a6",
            "outbound_ip_addresses": [
              "4.254.100.236"
            ],
            "registry": [],
            "resource_group_name": "rg-site-prod-k5a6",
            "revision_mode": "Single",
            "secret": [
              {
                "identity": "/subscriptions/356b0996-276c-4104-b906-efa2014f9d64/resourceGroups/rg-site-prod-k5a6/providers/Microsoft.ManagedIdentity/userAssignedIdentities/id-site-prod-k5a6",
                "key_vault_secret_id": "https://kv-site-prod-k5a6.vault.azure.net/secrets/cloudflare-tunnel-token/a1dedd10f8374d918e399692949fad44",
                "name": "cloudflare-tunnel-token",
                "value": ""
              },
              {
                "identity": "/subscriptions/356b0996-276c-4104-b906-efa2014f9d64/resourceGroups/rg-site-prod-k5a6/providers/Microsoft.ManagedIdentity/userAssignedIdentities/id-site-prod-k5a6",
                "key_vault_secret_id": "https://kv-site-prod-k5a6.vault.azure.net/secrets/gmail-app-password/38ef3d8856b64f0f931b6896285bfaba",
                "name": "gmail-app-password",
                "value": ""
              },
              {
                "identity": "/subscriptions/356b0996-276c-4104-b906-efa2014f9d64/resourceGroups/rg-site-prod-k5a6/providers/Microsoft.ManagedIdentity/userAssignedIdentities/id-site-prod-k5a6",
                "key_vault_secret_id": "https://kv-site-prod-k5a6.vault.azure.net/secrets/mysql-host/ed58e0f7d33146e5a877878e24cb7d42",
                "name": "mysql-host",
                "value": ""
              },
              {
                "identity": "/subscriptions/356b0996-276c-4104-b906-efa2014f9d64/resourceGroups/rg-site-prod-k5a6/providers/Microsoft.ManagedIdentity/userAssignedIdentities/id-site-prod-k5a6",
                "key_vault_secret_id": "https://kv-site-prod-k5a6.vault.azure.net/secrets/mysql-password/2276e92e06564f059b17743b5845b89b",
                "name": "mysql-password",
                "value": ""
              }
            ],
            "tags": {
              "Environment": "prod",
              "ManagedBy": "terraform",
              "Owner": "charles",
              "Project": "website-container"
            },
            "template": [
              {
                "azure_queue_scale_rule": [],
                "container": [
                  {
                    "args": [],
                    "command": [],
                    "cpu": 0.5,
                    "env": [
                      {
                        "name": "NODE_ENV",
                        "secret_name": "",
                        "value": "production"
                      },
                      {
                        "name": "url",
                        "secret_name": "",
                        "value": "https://www.heartbeatchurch.com.au"
                      },
                      {
                        "name": "database__client",
                        "secret_name": "",
                        "value": "mysql"
                      },
                      {
                        "name": "database__connection__user",
                        "secret_name": "",
                        "value": "ghostadmin"
                      },
                      {
                        "name": "database__connection__database",
                        "secret_name": "",
                        "value": "ghost"
                      },
                      {
                        "name": "database__connection__password",
                        "secret_name": "mysql-password",
                        "value": ""
                      },
                      {
                        "name": "database__connection__host",
                        "secret_name": "mysql-host",
                        "value": ""
                      },
                      {
                        "name": "database__connection__ssl__rejectUnauthorized",
                        "secret_name": "",
                        "value": "false"
                      },
                      {
                        "name": "mail__transport",
                        "secret_name": "",
                        "value": "SMTP"
                      },
                      {
                        "name": "mail__from",
                        "secret_name": "",
                        "value": "hello@heartbeatchurch.com.au"
                      },
                      {
                        "name": "mail__options__host",
                        "secret_name": "",
                        "value": "smtp.gmail.com"
                      },
                      {
                        "name": "mail__options__port",
                        "secret_name": "",
                        "value": "465"
                      },
                      {
                        "name": "mail__options__secure",
                        "secret_name": "",
                        "value": "true"
                      },
                      {
                        "name": "mail__options__auth__user",
                        "secret_name": "",
                        "value": "hello@heartbeatchurch.com.au"
                      },
                      {
                        "name": "mail__options__auth__pass",
                        "secret_name": "gmail-app-password",
                        "value": ""
                      }
                    ],
                    "ephemeral_storage": "2Gi",
                    "image": "ghost:5.96.0-alpine",
                    "liveness_probe": [],
                    "memory": "1Gi",
                    "name": "ghost",
                    "readiness_probe": [],
                    "startup_probe": [],
                    "volume_mounts": [
                      {
                        "name": "ghost-content",
                        "path": "/var/lib/ghost/content"
                      }
                    ]
                  },
                  {
                    "args": [
                      "tunnel",
                      "run",
                      "--token",
                      "$(TUNNEL_TOKEN)"
                    ],
                    "command": [],
                    "cpu": 0.25,
                    "env": [
                      {
                        "name": "TUNNEL_TOKEN",
                        "secret_name": "cloudflare-tunnel-token",
                        "value": ""
                      }
                    ],
                    "ephemeral_storage": "1Gi",
                    "image": "cloudflare/cloudflared:latest",
                    "liveness_probe": [],
                    "memory": "0.5Gi",
                    "name": "cloudflared",
                    "readiness_probe": [],
                    "startup_probe": [],
                    "volume_mounts": []
                  }
                ],
                "custom_scale_rule": [],
                "http_scale_rule": [],
                "init_container": [],
                "max_replicas": 1,
                "min_replicas": 1,
                "revision_suffix": "",
                "tcp_scale_rule": [],
                "volume": [
                  {
                    "name": "ghost-content",
                    "storage_name": "ghost-content-storage",
                    "storage_type": "AzureFile"
                  }
                ]
              }
            ],
            "timeouts": null,
            "workload_profile_name": ""
          },
          "sensitive_attributes": [
            [
              {
                "type": "get_attr",
                "value": "custom_domain_verification_id"
              }
            ],
            [
              {
                "type": "get_attr",
                "value": "secret"
              }
            ]
          ],
          "identity_schema_version": 0,
          "private": "eyJlMmJmYjczMC1lY2FhLTExZTYtOGY4OC0zNDM2M2JjN2M0YzAiOnsiY3JlYXRlIjoxODAwMDAwMDAwMDAwLCJkZWxldGUiOjE4MDAwMDAwMDAwMDAsInJlYWQiOjMwMDAwMDAwMDAwMCwidXBkYXRlIjoxODAwMDAwMDAwMDAwfX0=",
          "dependencies": [
            "azurerm_container_app_environment.main",
            "azurerm_container_app_environment_storage.ghost_content",
            "azurerm_key_vault.main",
            "azurerm_key_vault_secret.cloudflare_tunnel_token",
            "azurerm_key_vault_secret.gmail_app_password",
            "azurerm_key_vault_secret.mysql_host",
            "azurerm_key_vault_secret.mysql_password",
            "azurerm_mysql_flexible_server.main",
            "azurerm_resource_group.main",
            "azurerm_role_assignment.current_user_keyvault_admin",
            "azurerm_role_assignment.keyvault_secrets_user",
            "azurerm_storage_account.main",
            "azurerm_storage_share.ghost_content",
            "azurerm_user_assigned_identity.main",
            "cloudflare_zero_trust_tunnel_cloudflared.website",
            "cloudflare_zero_trust_tunnel_cloudflared_config.website",
            "data.azurerm_client_config.current",
            "random_password.mysql_admin",
            "random_string.suffix",
            "random_string.tunnel_secret"
          ]
        }
      ]
    },
    {
      "mode": "managed",
      "type": "azurerm_container_app_environment",
      "name": "main",
      "provider": "provider[\"registry.terraform.io/hashicorp/azurerm\"]",
      "instances": [
        {
          "schema_version": 0,
          "attributes": {
            "custom_domain_verification_id": "8CA0B91967D935AF2C3CB1440E37A09A33F794554CF7619F2C45DA864DBA045D",
            "dapr_application_insights_connection_string": "",
            "default_domain": "bravedesert-96365480.australiaeast.azurecontainerapps.io",
            "docker_bridge_cidr": "",
            "id": "/subscriptions/356b0996-276c-4104-b906-efa2014f9d64/resourceGroups/rg-site-prod-k5a6/providers/Microsoft.App/managedEnvironments/cae-site-prod-k5a6",
            "infrastructure_resource_group_name": "",
            "infrastructure_subnet_id": "",
            "internal_load_balancer_enabled": false,
            "location": "australiaeast",
            "log_analytics_workspace_id": "",
            "mutual_tls_enabled": false,
            "name": "cae-site-prod-k5a6",
            "platform_reserved_cidr": "",
            "platform_reserved_dns_ip_address": "",
            "resource_group_name": "rg-site-prod-k5a6",
            "static_ip_address": "20.167.16.30",
            "tags": {
              "Environment": "prod",
              "ManagedBy": "terraform",
              "Owner": "charles",
              "Project": "website-container"
            },
            "timeouts": null,
            "workload_profile": [],
            "zone_redundancy_enabled": false
          },
          "sensitive_attributes": [
            [
              {
                "type": "get_attr",
                "value": "dapr_application_insights_connection_string"
              }
            ]
          ],
          "identity_schema_version": 0,
          "private": "eyJlMmJmYjczMC1lY2FhLTExZTYtOGY4OC0zNDM2M2JjN2M0YzAiOnsiY3JlYXRlIjoxODAwMDAwMDAwMDAwLCJkZWxldGUiOjE4MDAwMDAwMDAwMDAsInJlYWQiOjMwMDAwMDAwMDAwMCwidXBkYXRlIjoxODAwMDAwMDAwMDAwfX0=",
          "dependencies": [
            "azurerm_resource_group.main",
            "random_string.suffix"
          ]
        }
      ]
    },
    {
      "mode": "managed",
      "type": "azurerm_container_app_environment_storage",
      "name": "ghost_content",
      "provider": "provider[\"registry.terraform.io/hashicorp/azurerm\"]",
      "instances": [
        {
          "schema_version": 0,
          "attributes": {
            "access_key": "qiympa/e2ncf2v/NP3hd4Uj+pnx9MELypoiF6jT+u18CjF4XXlD8kzcpd3AgeIGsuUagFM22aYoH+AStgVe4gw==",
            "access_mode": "ReadWrite",
            "account_name": "stsiteprodk5a6",
            "container_app_environment_id": "/subscriptions/356b0996-276c-4104-b906-efa2014f9d64/resourceGroups/rg-site-prod-k5a6/providers/Microsoft.App/managedEnvironments/cae-site-prod-k5a6",
            "id": "/subscriptions/356b0996-276c-4104-b906-efa2014f9d64/resourceGroups/rg-site-prod-k5a6/providers/Microsoft.App/managedEnvironments/cae-site-prod-k5a6/storages/ghost-content-storage",
            "name": "ghost-content-storage",
            "share_name": "ghost-content",
            "timeouts": null
          },
          "sensitive_attributes": [
            [
              {
                "type": "get_attr",
                "value": "access_key"
              }
            ]
          ],
          "identity_schema_version": 0,
          "private": "eyJlMmJmYjczMC1lY2FhLTExZTYtOGY4OC0zNDM2M2JjN2M0YzAiOnsiY3JlYXRlIjoxODAwMDAwMDAwMDAwLCJkZWxldGUiOjE4MDAwMDAwMDAwMDAsInJlYWQiOjMwMDAwMDAwMDAwMCwidXBkYXRlIjoxODAwMDAwMDAwMDAwfX0=",
          "dependencies": [
            "azurerm_container_app_environment.main",
            "azurerm_resource_group.main",
            "azurerm_storage_account.main",
            "azurerm_storage_share.ghost_content",
            "random_string.suffix"
          ]
        }
      ]
    },
    {
      "mode": "managed",
      "type": "azurerm_key_vault",
      "name": "main",
      "provider": "provider[\"registry.terraform.io/hashicorp/azurerm\"]",
      "instances": [
        {
          "schema_version": 2,
          "attributes": {
            "access_policy": [],
            "contact": [],
            "enable_rbac_authorization": true,
            "enabled_for_deployment": false,
            "enabled_for_disk_encryption": false,
            "enabled_for_template_deployment": false,
            "id": "/subscriptions/356b0996-276c-4104-b906-efa2014f9d64/resourceGroups/rg-site-prod-k5a6/providers/Microsoft.KeyVault/vaults/kv-site-prod-k5a6",
            "location": "australiaeast",
            "name": "kv-site-prod-k5a6",
            "network_acls": [
              {
                "bypass": "AzureServices",
                "default_action": "Allow",
                "ip_rules": [],
                "virtual_network_subnet_ids": []
              }
            ],
            "public_network_access_enabled": true,
            "purge_protection_enabled": false,
            "resource_group_name": "rg-site-prod-k5a6",
            "sku_name": "standard",
            "soft_delete_retention_days": 7,
            "tags": {
              "Environment": "prod",
              "ManagedBy": "terraform",
              "Owner": "charles",
              "Project": "website-container"
            },
            "tenant_id": "42ff806a-1ba2-48f1-a4af-eadec06d2486",
            "timeouts": null,
            "vault_uri": "https://kv-site-prod-k5a6.vault.azure.net/"
          },
          "sensitive_attributes": [],
          "identity_schema_version": 0,
          "private": "eyJlMmJmYjczMC1lY2FhLTExZTYtOGY4OC0zNDM2M2JjN2M0YzAiOnsiY3JlYXRlIjoxODAwMDAwMDAwMDAwLCJkZWxldGUiOjE4MDAwMDAwMDAwMDAsInJlYWQiOjMwMDAwMDAwMDAwMCwidXBkYXRlIjoxODAwMDAwMDAwMDAwfSwic2NoZW1hX3ZlcnNpb24iOiIyIn0=",
          "dependencies": [
            "azurerm_resource_group.main",
            "data.azurerm_client_config.current",
            "random_string.suffix"
          ]
        }
      ]
    },
    {
      "mode": "managed",
      "type": "azurerm_key_vault_secret",
      "name": "cloudflare_tunnel_token",
      "provider": "provider[\"registry.terraform.io/hashicorp/azurerm\"]",
      "instances": [
        {
          "schema_version": 0,
          "attributes": {
            "content_type": "",
            "expiration_date": null,
            "id": "https://kv-site-prod-k5a6.vault.azure.net/secrets/cloudflare-tunnel-token/a1dedd10f8374d918e399692949fad44",
            "key_vault_id": "/subscriptions/356b0996-276c-4104-b906-efa2014f9d64/resourceGroups/rg-site-prod-k5a6/providers/Microsoft.KeyVault/vaults/kv-site-prod-k5a6",
            "name": "cloudflare-tunnel-token",
            "not_before_date": null,
            "resource_id": "/subscriptions/356b0996-276c-4104-b906-efa2014f9d64/resourceGroups/rg-site-prod-k5a6/providers/Microsoft.KeyVault/vaults/kv-site-prod-k5a6/secrets/cloudflare-tunnel-token/versions/a1dedd10f8374d918e399692949fad44",
            "resource_versionless_id": "/subscriptions/356b0996-276c-4104-b906-efa2014f9d64/resourceGroups/rg-site-prod-k5a6/providers/Microsoft.KeyVault/vaults/kv-site-prod-k5a6/secrets/cloudflare-tunnel-token",
            "tags": {},
            "timeouts": null,
            "value": "eyJhIjoiZDI2YTg3NzExNjI0NDJhNTYzMzcxZWE4MDk3YWNjODkiLCJ0IjoiODk2NmJhMWYtMjY2OC00MmQzLTg5OGUtOGVkOTZhYTVhYTJjIiwicyI6IlJVSlVSV3h3T1UxYWRrbEdabGQyV0ZacWNGZzFkSEZQUTB4NVFXVkdiSEpvVm1od01GYzFWRzk0WVhkQlJucEhhVXhLV2pnMFpXbDZkMHRLYVVsaE1BPT0ifQ==",
            "version": "a1dedd10f8374d918e399692949fad44",
            "versionless_id": "https://kv-site-prod-k5a6.vault.azure.net/secrets/cloudflare-tunnel-token"
          },
          "sensitive_attributes": [
            [
              {
                "type": "get_attr",
                "value": "value"
              }
            ]
          ],
          "identity_schema_version": 0,
          "private": "eyJlMmJmYjczMC1lY2FhLTExZTYtOGY4OC0zNDM2M2JjN2M0YzAiOnsiY3JlYXRlIjoxODAwMDAwMDAwMDAwLCJkZWxldGUiOjE4MDAwMDAwMDAwMDAsInJlYWQiOjE4MDAwMDAwMDAwMDAsInVwZGF0ZSI6MTgwMDAwMDAwMDAwMH19",
          "dependencies": [
            "azurerm_key_vault.main",
            "azurerm_resource_group.main",
            "azurerm_role_assignment.current_user_keyvault_admin",
            "cloudflare_zero_trust_tunnel_cloudflared.website",
            "data.azurerm_client_config.current",
            "random_string.suffix",
            "random_string.tunnel_secret"
          ]
        }
      ]
    },
    {
      "mode": "managed",
      "type": "azurerm_key_vault_secret",
      "name": "gmail_app_password",
      "provider": "provider[\"registry.terraform.io/hashicorp/azurerm\"]",
      "instances": [
        {
          "schema_version": 0,
          "attributes": {
            "content_type": "",
            "expiration_date": null,
            "id": "https://kv-site-prod-k5a6.vault.azure.net/secrets/gmail-app-password/38ef3d8856b64f0f931b6896285bfaba",
            "key_vault_id": "/subscriptions/356b0996-276c-4104-b906-efa2014f9d64/resourceGroups/rg-site-prod-k5a6/providers/Microsoft.KeyVault/vaults/kv-site-prod-k5a6",
            "name": "gmail-app-password",
            "not_before_date": null,
            "resource_id": "/subscriptions/356b0996-276c-4104-b906-efa2014f9d64/resourceGroups/rg-site-prod-k5a6/providers/Microsoft.KeyVault/vaults/kv-site-prod-k5a6/secrets/gmail-app-password/versions/38ef3d8856b64f0f931b6896285bfaba",
            "resource_versionless_id": "/subscriptions/356b0996-276c-4104-b906-efa2014f9d64/resourceGroups/rg-site-prod-k5a6/providers/Microsoft.KeyVault/vaults/kv-site-prod-k5a6/secrets/gmail-app-password",
            "tags": {},
            "timeouts": null,
            "value": "placeholder-gmail-app-password-replace-with-actual-value",
            "version": "38ef3d8856b64f0f931b6896285bfaba",
            "versionless_id": "https://kv-site-prod-k5a6.vault.azure.net/secrets/gmail-app-password"
          },
          "sensitive_attributes": [
            [
              {
                "type": "get_attr",
                "value": "value"
              }
            ]
          ],
          "identity_schema_version": 0,
          "private": "eyJlMmJmYjczMC1lY2FhLTExZTYtOGY4OC0zNDM2M2JjN2M0YzAiOnsiY3JlYXRlIjoxODAwMDAwMDAwMDAwLCJkZWxldGUiOjE4MDAwMDAwMDAwMDAsInJlYWQiOjE4MDAwMDAwMDAwMDAsInVwZGF0ZSI6MTgwMDAwMDAwMDAwMH19",
          "dependencies": [
            "azurerm_key_vault.main",
            "azurerm_resource_group.main",
            "azurerm_role_assignment.current_user_keyvault_admin",
            "data.azurerm_client_config.current",
            "random_string.suffix"
          ]
        }
      ]
    },
    {
      "mode": "managed",
      "type": "azurerm_key_vault_secret",
      "name": "mysql_connection_string",
      "provider": "provider[\"registry.terraform.io/hashicorp/azurerm\"]",
      "instances": [
        {
          "schema_version": 0,
          "attributes": {
            "content_type": "",
            "expiration_date": null,
            "id": "https://kv-site-prod-k5a6.vault.azure.net/secrets/mysql-connection-string/a0c76779dd304b20b752f32d7a1d4160",
            "key_vault_id": "/subscriptions/356b0996-276c-4104-b906-efa2014f9d64/resourceGroups/rg-site-prod-k5a6/providers/Microsoft.KeyVault/vaults/kv-site-prod-k5a6",
            "name": "mysql-connection-string",
            "not_before_date": null,
            "resource_id": "/subscriptions/356b0996-276c-4104-b906-efa2014f9d64/resourceGroups/rg-site-prod-k5a6/providers/Microsoft.KeyVault/vaults/kv-site-prod-k5a6/secrets/mysql-connection-string/versions/a0c76779dd304b20b752f32d7a1d4160",
            "resource_versionless_id": "/subscriptions/356b0996-276c-4104-b906-efa2014f9d64/resourceGroups/rg-site-prod-k5a6/providers/Microsoft.KeyVault/vaults/kv-site-prod-k5a6/secrets/mysql-connection-string",
            "tags": null,
            "timeouts": null,
            "value": "mysql://ghostadmin:H[@n(cs!p\u00260p]8:!@mysql-site-prod-k5a6.mysql.database.azure.com:3306/ghost?ssl=true",
            "version": "a0c76779dd304b20b752f32d7a1d4160",
            "versionless_id": "https://kv-site-prod-k5a6.vault.azure.net/secrets/mysql-connection-string"
          },
          "sensitive_attributes": [
            [
              {
                "type": "get_attr",
                "value": "value"
              }
            ]
          ],
          "identity_schema_version": 0,
          "private": "eyJlMmJmYjczMC1lY2FhLTExZTYtOGY4OC0zNDM2M2JjN2M0YzAiOnsiY3JlYXRlIjoxODAwMDAwMDAwMDAwLCJkZWxldGUiOjE4MDAwMDAwMDAwMDAsInJlYWQiOjE4MDAwMDAwMDAwMDAsInVwZGF0ZSI6MTgwMDAwMDAwMDAwMH19",
          "dependencies": [
            "azurerm_key_vault.main",
            "azurerm_mysql_flexible_database.ghost",
            "azurerm_mysql_flexible_server.main",
            "azurerm_resource_group.main",
            "azurerm_role_assignment.current_user_keyvault_admin",
            "data.azurerm_client_config.current",
            "random_password.mysql_admin",
            "random_string.suffix"
          ]
        }
      ]
    },
    {
      "mode": "managed",
      "type": "azurerm_key_vault_secret",
      "name": "mysql_host",
      "provider": "provider[\"registry.terraform.io/hashicorp/azurerm\"]",
      "instances": [
        {
          "schema_version": 0,
          "attributes": {
            "content_type": "",
            "expiration_date": null,
            "id": "https://kv-site-prod-k5a6.vault.azure.net/secrets/mysql-host/ed58e0f7d33146e5a877878e24cb7d42",
            "key_vault_id": "/subscriptions/356b0996-276c-4104-b906-efa2014f9d64/resourceGroups/rg-site-prod-k5a6/providers/Microsoft.KeyVault/vaults/kv-site-prod-k5a6",
            "name": "mysql-host",
            "not_before_date": null,
            "resource_id": "/subscriptions/356b0996-276c-4104-b906-efa2014f9d64/resourceGroups/rg-site-prod-k5a6/providers/Microsoft.KeyVault/vaults/kv-site-prod-k5a6/secrets/mysql-host/versions/ed58e0f7d33146e5a877878e24cb7d42",
            "resource_versionless_id": "/subscriptions/356b0996-276c-4104-b906-efa2014f9d64/resourceGroups/rg-site-prod-k5a6/providers/Microsoft.KeyVault/vaults/kv-site-prod-k5a6/secrets/mysql-host",
            "tags": {},
            "timeouts": null,
            "value": "mysql-site-prod-k5a6.mysql.database.azure.com",
            "version": "ed58e0f7d33146e5a877878e24cb7d42",
            "versionless_id": "https://kv-site-prod-k5a6.vault.azure.net/secrets/mysql-host"
          },
          "sensitive_attributes": [
            [
              {
                "type": "get_attr",
                "value": "value"
              }
            ]
          ],
          "identity_schema_version": 0,
          "private": "eyJlMmJmYjczMC1lY2FhLTExZTYtOGY4OC0zNDM2M2JjN2M0YzAiOnsiY3JlYXRlIjoxODAwMDAwMDAwMDAwLCJkZWxldGUiOjE4MDAwMDAwMDAwMDAsInJlYWQiOjE4MDAwMDAwMDAwMDAsInVwZGF0ZSI6MTgwMDAwMDAwMDAwMH19",
          "dependencies": [
            "azurerm_key_vault.main",
            "azurerm_mysql_flexible_server.main",
            "azurerm_resource_group.main",
            "azurerm_role_assignment.current_user_keyvault_admin",
            "data.azurerm_client_config.current",
            "random_password.mysql_admin",
            "random_string.suffix"
          ]
        }
      ]
    },
    {
      "mode": "managed",
      "type": "azurerm_key_vault_secret",
      "name": "mysql_password",
      "provider": "provider[\"registry.terraform.io/hashicorp/azurerm\"]",
      "instances": [
        {
          "schema_version": 0,
          "attributes": {
            "content_type": "",
            "expiration_date": null,
            "id": "https://kv-site-prod-k5a6.vault.azure.net/secrets/mysql-password/2276e92e06564f059b17743b5845b89b",
            "key_vault_id": "/subscriptions/356b0996-276c-4104-b906-efa2014f9d64/resourceGroups/rg-site-prod-k5a6/providers/Microsoft.KeyVault/vaults/kv-site-prod-k5a6",
            "name": "mysql-password",
            "not_before_date": null,
            "resource_id": "/subscriptions/356b0996-276c-4104-b906-efa2014f9d64/resourceGroups/rg-site-prod-k5a6/providers/Microsoft.KeyVault/vaults/kv-site-prod-k5a6/secrets/mysql-password/versions/2276e92e06564f059b17743b5845b89b",
            "resource_versionless_id": "/subscriptions/356b0996-276c-4104-b906-efa2014f9d64/resourceGroups/rg-site-prod-k5a6/providers/Microsoft.KeyVault/vaults/kv-site-prod-k5a6/secrets/mysql-password",
            "tags": {},
            "timeouts": null,
            "value": "H[@n(cs!p\u00260p]8:!",
            "version": "2276e92e06564f059b17743b5845b89b",
            "versionless_id": "https://kv-site-prod-k5a6.vault.azure.net/secrets/mysql-password"
          },
          "sensitive_attributes": [
            [
              {
                "type": "get_attr",
                "value": "value"
              }
            ]
          ],
          "identity_schema_version": 0,
          "private": "eyJlMmJmYjczMC1lY2FhLTExZTYtOGY4OC0zNDM2M2JjN2M0YzAiOnsiY3JlYXRlIjoxODAwMDAwMDAwMDAwLCJkZWxldGUiOjE4MDAwMDAwMDAwMDAsInJlYWQiOjE4MDAwMDAwMDAwMDAsInVwZGF0ZSI6MTgwMDAwMDAwMDAwMH19",
          "dependencies": [
            "azurerm_key_vault.main",
            "azurerm_resource_group.main",
            "azurerm_role_assignment.current_user_keyvault_admin",
            "data.azurerm_client_config.current",
            "random_password.mysql_admin",
            "random_string.suffix"
          ]
        }
      ]
    },
    {
      "mode": "managed",
      "type": "azurerm_mysql_flexible_database",
      "name": "ghost",
      "provider": "provider[\"registry.terraform.io/hashicorp/azurerm\"]",
      "instances": [
        {
          "schema_version": 0,
          "attributes": {
            "charset": "utf8mb4",
            "collation": "utf8mb4_unicode_ci",
            "id": "/subscriptions/356b0996-276c-4104-b906-efa2014f9d64/resourceGroups/rg-site-prod-k5a6/providers/Microsoft.DBforMySQL/flexibleServers/mysql-site-prod-k5a6/databases/ghost",
            "name": "ghost",
            "resource_group_name": "rg-site-prod-k5a6",
            "server_name": "mysql-site-prod-k5a6",
            "timeouts": null
          },
          "sensitive_attributes": [],
          "identity_schema_version": 0,
          "private": "eyJlMmJmYjczMC1lY2FhLTExZTYtOGY4OC0zNDM2M2JjN2M0YzAiOnsiY3JlYXRlIjozNjAwMDAwMDAwMDAwLCJkZWxldGUiOjM2MDAwMDAwMDAwMDAsInJlYWQiOjMwMDAwMDAwMDAwMH19",
          "dependencies": [
            "azurerm_mysql_flexible_server.main",
            "azurerm_resource_group.main",
            "random_password.mysql_admin",
            "random_string.suffix"
          ]
        }
      ]
    },
    {
      "mode": "managed",
      "type": "azurerm_mysql_flexible_server",
      "name": "main",
      "provider": "provider[\"registry.terraform.io/hashicorp/azurerm\"]",
      "instances": [
        {
          "schema_version": 0,
          "attributes": {
            "administrator_login": "ghostadmin",
            "administrator_password": "H[@n(cs!p\u00260p]8:!",
            "backup_retention_days": 7,
            "create_mode": null,
            "customer_managed_key": [],
            "delegated_subnet_id": "",
            "fqdn": "mysql-site-prod-k5a6.mysql.database.azure.com",
            "geo_redundant_backup_enabled": false,
            "high_availability": [],
            "id": "/subscriptions/356b0996-276c-4104-b906-efa2014f9d64/resourceGroups/rg-site-prod-k5a6/providers/Microsoft.DBforMySQL/flexibleServers/mysql-site-prod-k5a6",
            "identity": [],
            "location": "australiaeast",
            "maintenance_window": [],
            "name": "mysql-site-prod-k5a6",
            "point_in_time_restore_time_in_utc": null,
            "private_dns_zone_id": "",
            "public_network_access_enabled": true,
            "replica_capacity": 10,
            "replication_role": "None",
            "resource_group_name": "rg-site-prod-k5a6",
            "sku_name": "B_Standard_B1ms",
            "source_server_id": null,
            "storage": [
              {
                "auto_grow_enabled": true,
                "io_scaling_enabled": false,
                "iops": 360,
                "size_gb": 20
              }
            ],
            "tags": {
              "Environment": "prod",
              "ManagedBy": "terraform",
              "Owner": "charles",
              "Project": "website-container"
            },
            "timeouts": null,
            "version": "8.0.21",
            "zone": "1"
          },
          "sensitive_attributes": [
            [
              {
                "type": "get_attr",
                "value": "administrator_password"
              }
            ]
          ],
          "identity_schema_version": 0,
          "private": "eyJlMmJmYjczMC1lY2FhLTExZTYtOGY4OC0zNDM2M2JjN2M0YzAiOnsiY3JlYXRlIjozNjAwMDAwMDAwMDAwLCJkZWxldGUiOjM2MDAwMDAwMDAwMDAsInJlYWQiOjMwMDAwMDAwMDAwMCwidXBkYXRlIjozNjAwMDAwMDAwMDAwfX0=",
          "dependencies": [
            "azurerm_resource_group.main",
            "random_password.mysql_admin",
            "random_string.suffix"
          ]
        }
      ]
    },
    {
      "mode": "managed",
      "type": "azurerm_mysql_flexible_server_firewall_rule",
      "name": "allow_azure_services",
      "provider": "provider[\"registry.terraform.io/hashicorp/azurerm\"]",
      "instances": [
        {
          "schema_version": 0,
          "attributes": {
            "end_ip_address": "0.0.0.0",
            "id": "/subscriptions/356b0996-276c-4104-b906-efa2014f9d64/resourceGroups/rg-site-prod-k5a6/providers/Microsoft.DBforMySQL/flexibleServers/mysql-site-prod-k5a6/firewallRules/AllowAzureServices",
            "name": "AllowAzureServices",
            "resource_group_name": "rg-site-prod-k5a6",
            "server_name": "mysql-site-prod-k5a6",
            "start_ip_address": "0.0.0.0",
            "timeouts": null
          },
          "sensitive_attributes": [],
          "identity_schema_version": 0,
          "private": "eyJlMmJmYjczMC1lY2FhLTExZTYtOGY4OC0zNDM2M2JjN2M0YzAiOnsiY3JlYXRlIjoxODAwMDAwMDAwMDAwLCJkZWxldGUiOjE4MDAwMDAwMDAwMDAsInJlYWQiOjMwMDAwMDAwMDAwMCwidXBkYXRlIjoxODAwMDAwMDAwMDAwfX0=",
          "dependencies": [
            "azurerm_mysql_flexible_server.main",
            "azurerm_resource_group.main",
            "random_password.mysql_admin",
            "random_string.suffix"
          ]
        }
      ]
    },
    {
      "mode": "managed",
      "type": "azurerm_resource_group",
      "name": "main",
      "provider": "provider[\"registry.terraform.io/hashicorp/azurerm\"]",
      "instances": [
        {
          "schema_version": 0,
          "attributes": {
            "id": "/subscriptions/356b0996-276c-4104-b906-efa2014f9d64/resourceGroups/rg-site-prod-k5a6",
            "location": "australiaeast",
            "managed_by": "",
            "name": "rg-site-prod-k5a6",
            "tags": {
              "Environment": "prod",
              "ManagedBy": "terraform",
              "Owner": "charles",
              "Project": "website-container"
            },
            "timeouts": null
          },
          "sensitive_attributes": [],
          "identity_schema_version": 0,
          "private": "eyJlMmJmYjczMC1lY2FhLTExZTYtOGY4OC0zNDM2M2JjN2M0YzAiOnsiY3JlYXRlIjo1NDAwMDAwMDAwMDAwLCJkZWxldGUiOjU0MDAwMDAwMDAwMDAsInJlYWQiOjMwMDAwMDAwMDAwMCwidXBkYXRlIjo1NDAwMDAwMDAwMDAwfX0=",
          "dependencies": [
            "random_string.suffix"
          ]
        }
      ]
    },
    {
      "mode": "managed",
      "type": "azurerm_role_assignment",
      "name": "current_user_keyvault_admin",
      "provider": "provider[\"registry.terraform.io/hashicorp/azurerm\"]",
      "instances": [
        {
          "schema_version": 0,
          "attributes": {
            "condition": "",
            "condition_version": "",
            "delegated_managed_identity_resource_id": "",
            "description": "",
            "id": "/subscriptions/356b0996-276c-4104-b906-efa2014f9d64/resourceGroups/rg-site-prod-k5a6/providers/Microsoft.KeyVault/vaults/kv-site-prod-k5a6/providers/Microsoft.Authorization/roleAssignments/ce02b74c-9192-9bb7-a0b0-55550112c85f",
            "name": "ce02b74c-9192-9bb7-a0b0-55550112c85f",
            "principal_id": "68a3bc1c-0d3f-4057-8dc3-136007f017bd",
            "principal_type": "User",
            "role_definition_id": "/subscriptions/356b0996-276c-4104-b906-efa2014f9d64/providers/Microsoft.Authorization/roleDefinitions/00482a5a-887f-4fb3-b363-3b7fe8e74483",
            "role_definition_name": "Key Vault Administrator",
            "scope": "/subscriptions/356b0996-276c-4104-b906-efa2014f9d64/resourceGroups/rg-site-prod-k5a6/providers/Microsoft.KeyVault/vaults/kv-site-prod-k5a6",
            "skip_service_principal_aad_check": null,
            "timeouts": null
          },
          "sensitive_attributes": [],
          "identity_schema_version": 0,
          "private": "eyJlMmJmYjczMC1lY2FhLTExZTYtOGY4OC0zNDM2M2JjN2M0YzAiOnsiY3JlYXRlIjoxODAwMDAwMDAwMDAwLCJkZWxldGUiOjE4MDAwMDAwMDAwMDAsInJlYWQiOjMwMDAwMDAwMDAwMH19",
          "dependencies": [
            "azurerm_key_vault.main",
            "azurerm_resource_group.main",
            "data.azurerm_client_config.current",
            "random_string.suffix"
          ]
        }
      ]
    },
    {
      "mode": "managed",
      "type": "azurerm_role_assignment",
      "name": "keyvault_secrets_user",
      "provider": "provider[\"registry.terraform.io/hashicorp/azurerm\"]",
      "instances": [
        {
          "schema_version": 0,
          "attributes": {
            "condition": "",
            "condition_version": "",
            "delegated_managed_identity_resource_id": "",
            "description": "",
            "id": "/subscriptions/356b0996-276c-4104-b906-efa2014f9d64/resourceGroups/rg-site-prod-k5a6/providers/Microsoft.KeyVault/vaults/kv-site-prod-k5a6/providers/Microsoft.Authorization/roleAssignments/152ecc39-0fb1-d762-3705-09174e3c0b48",
            "name": "152ecc39-0fb1-d762-3705-09174e3c0b48",
            "principal_id": "4c750e5e-7369-47de-88c4-70c390084b4c",
            "principal_type": "ServicePrincipal",
            "role_definition_id": "/subscriptions/356b0996-276c-4104-b906-efa2014f9d64/providers/Microsoft.Authorization/roleDefinitions/4633458b-17de-408a-b874-0445c86b69e6",
            "role_definition_name": "Key Vault Secrets User",
            "scope": "/subscriptions/356b0996-276c-4104-b906-efa2014f9d64/resourceGroups/rg-site-prod-k5a6/providers/Microsoft.KeyVault/vaults/kv-site-prod-k5a6",
            "skip_service_principal_aad_check": null,
            "timeouts": null
          },
          "sensitive_attributes": [],
          "identity_schema_version": 0,
          "private": "eyJlMmJmYjczMC1lY2FhLTExZTYtOGY4OC0zNDM2M2JjN2M0YzAiOnsiY3JlYXRlIjoxODAwMDAwMDAwMDAwLCJkZWxldGUiOjE4MDAwMDAwMDAwMDAsInJlYWQiOjMwMDAwMDAwMDAwMH19",
          "dependencies": [
            "azurerm_key_vault.main",
            "azurerm_resource_group.main",
            "azurerm_user_assigned_identity.main",
            "data.azurerm_client_config.current",
            "random_string.suffix"
          ]
        }
      ]
    },
    {
      "mode": "managed",
      "type": "azurerm_storage_account",
      "name": "main",
      "provider": "provider[\"registry.terraform.io/hashicorp/azurerm\"]",
      "instances": [
        {
          "schema_version": 4,
          "attributes": {
            "access_tier": "Hot",
            "account_kind": "StorageV2",
            "account_replication_type": "LRS",
            "account_tier": "Standard",
            "allow_nested_items_to_be_public": true,
            "allowed_copy_scope": "",
            "azure_files_authentication": [],
            "blob_properties": [
              {
                "change_feed_enabled": false,
                "change_feed_retention_in_days": 0,
                "container_delete_retention_policy": [],
                "cors_rule": [],
                "default_service_version": "",
                "delete_retention_policy": [],
                "last_access_time_enabled": false,
                "restore_policy": [],
                "versioning_enabled": false
              }
            ],
            "cross_tenant_replication_enabled": true,
            "custom_domain": [],
            "customer_managed_key": [],
            "default_to_oauth_authentication": false,
            "dns_endpoint_type": "Standard",
            "edge_zone": "",
            "enable_https_traffic_only": true,
            "https_traffic_only_enabled": true,
            "id": "/subscriptions/356b0996-276c-4104-b906-efa2014f9d64/resourceGroups/rg-site-prod-k5a6/providers/Microsoft.Storage/storageAccounts/stsiteprodk5a6",
            "identity": [],
            "immutability_policy": [],
            "infrastructure_encryption_enabled": false,
            "is_hns_enabled": false,
            "large_file_share_enabled": false,
            "local_user_enabled": true,
            "location": "australiaeast",
            "min_tls_version": "TLS1_2",
            "name": "stsiteprodk5a6",
            "network_rules": [],
            "nfsv3_enabled": false,
            "primary_access_key": "qiympa/e2ncf2v/NP3hd4Uj+pnx9MELypoiF6jT+u18CjF4XXlD8kzcpd3AgeIGsuUagFM22aYoH+AStgVe4gw==",
            "primary_blob_connection_string": "DefaultEndpointsProtocol=https;BlobEndpoint=https://stsiteprodk5a6.blob.core.windows.net/;AccountName=stsiteprodk5a6;AccountKey=qiympa/e2ncf2v/NP3hd4Uj+pnx9MELypoiF6jT+u18CjF4XXlD8kzcpd3AgeIGsuUagFM22aYoH+AStgVe4gw==",
            "primary_blob_endpoint": "https://stsiteprodk5a6.blob.core.windows.net/",
            "primary_blob_host": "stsiteprodk5a6.blob.core.windows.net",
            "primary_blob_internet_endpoint": "",
            "primary_blob_internet_host": "",
            "primary_blob_microsoft_endpoint": "",
            "primary_blob_microsoft_host": "",
            "primary_connection_string": "DefaultEndpointsProtocol=https;AccountName=stsiteprodk5a6;AccountKey=qiympa/e2ncf2v/NP3hd4Uj+pnx9MELypoiF6jT+u18CjF4XXlD8kzcpd3AgeIGsuUagFM22aYoH+AStgVe4gw==;EndpointSuffix=core.windows.net",
            "primary_dfs_endpoint": "https://stsiteprodk5a6.dfs.core.windows.net/",
            "primary_dfs_host": "stsiteprodk5a6.dfs.core.windows.net",
            "primary_dfs_internet_endpoint": "",
            "primary_dfs_internet_host": "",
            "primary_dfs_microsoft_endpoint": "",
            "primary_dfs_microsoft_host": "",
            "primary_file_endpoint": "https://stsiteprodk5a6.file.core.windows.net/",
            "primary_file_host": "stsiteprodk5a6.file.core.windows.net",
            "primary_file_internet_endpoint": "",
            "primary_file_internet_host": "",
            "primary_file_microsoft_endpoint": "",
            "primary_file_microsoft_host": "",
            "primary_location": "australiaeast",
            "primary_queue_endpoint": "https://stsiteprodk5a6.queue.core.windows.net/",
            "primary_queue_host": "stsiteprodk5a6.queue.core.windows.net",
            "primary_queue_microsoft_endpoint": "",
            "primary_queue_microsoft_host": "",
            "primary_table_endpoint": "https://stsiteprodk5a6.table.core.windows.net/",
            "primary_table_host": "stsiteprodk5a6.table.core.windows.net",
            "primary_table_microsoft_endpoint": "",
            "primary_table_microsoft_host": "",
            "primary_web_endpoint": "https://stsiteprodk5a6.z8.web.core.windows.net/",
            "primary_web_host": "stsiteprodk5a6.z8.web.core.windows.net",
            "primary_web_internet_endpoint": "",
            "primary_web_internet_host": "",
            "primary_web_microsoft_endpoint": "",
            "primary_web_microsoft_host": "",
            "public_network_access_enabled": true,
            "queue_encryption_key_type": "Service",
            "queue_properties": [
              {
                "cors_rule": [],
                "hour_metrics": [
                  {
                    "enabled": false,
                    "include_apis": false,
                    "retention_policy_days": 0,
                    "version": "1.0"
                  }
                ],
                "logging": [
                  {
                    "delete": false,
                    "read": false,
                    "retention_policy_days": 0,
                    "version": "1.0",
                    "write": false
                  }
                ],
                "minute_metrics": [
                  {
                    "enabled": false,
                    "include_apis": false,
                    "retention_policy_days": 0,
                    "version": "1.0"
                  }
                ]
              }
            ],
            "resource_group_name": "rg-site-prod-k5a6",
            "routing": [],
            "sas_policy": [],
            "secondary_access_key": "o+3VxjhicS9SxTtXUnj3QtnYbqujA4zZ9hsnIVc7LtUkWdSSo0RUYE21uF9yi6Yxa6Ppv/FJ1ede+AStisOmeg==",
            "secondary_blob_connection_string": "",
            "secondary_blob_endpoint": "",
            "secondary_blob_host": "",
            "secondary_blob_internet_endpoint": "",
            "secondary_blob_internet_host": "",
            "secondary_blob_microsoft_endpoint": "",
            "secondary_blob_microsoft_host": "",
            "secondary_connection_string": "DefaultEndpointsProtocol=https;AccountName=stsiteprodk5a6;AccountKey=o+3VxjhicS9SxTtXUnj3QtnYbqujA4zZ9hsnIVc7LtUkWdSSo0RUYE21uF9yi6Yxa6Ppv/FJ1ede+AStisOmeg==;EndpointSuffix=core.windows.net",
            "secondary_dfs_endpoint": "",
            "secondary_dfs_host": "",
            "secondary_dfs_internet_endpoint": "",
            "secondary_dfs_internet_host": "",
            "secondary_dfs_microsoft_endpoint": "",
            "secondary_dfs_microsoft_host": "",
            "secondary_file_endpoint": "",
            "secondary_file_host": "",
            "secondary_file_internet_endpoint": "",
            "secondary_file_internet_host": "",
            "secondary_file_microsoft_endpoint": "",
            "secondary_file_microsoft_host": "",
            "secondary_location": "",
            "secondary_queue_endpoint": "",
            "secondary_queue_host": "",
            "secondary_queue_microsoft_endpoint": "",
            "secondary_queue_microsoft_host": "",
            "secondary_table_endpoint": "",
            "secondary_table_host": "",
            "secondary_table_microsoft_endpoint": "",
            "secondary_table_microsoft_host": "",
            "secondary_web_endpoint": "",
            "secondary_web_host": "",
            "secondary_web_internet_endpoint": "",
            "secondary_web_internet_host": "",
            "secondary_web_microsoft_endpoint": "",
            "secondary_web_microsoft_host": "",
            "sftp_enabled": false,
            "share_properties": [
              {
                "cors_rule": [],
                "retention_policy": [
                  {
                    "days": 7
                  }
                ],
                "smb": []
              }
            ],
            "shared_access_key_enabled": true,
            "static_website": [],
            "table_encryption_key_type": "Service",
            "tags": {
              "Environment": "prod",
              "ManagedBy": "terraform",
              "Owner": "charles",
              "Project": "website-container"
            },
            "timeouts": null
          },
          "sensitive_attributes": [
            [
              {
                "type": "get_attr",
                "value": "primary_access_key"
              }
            ],
            [
              {
                "type": "get_attr",
                "value": "primary_blob_connection_string"
              }
            ],
            [
              {
                "type": "get_attr",
                "value": "primary_connection_string"
              }
            ],
            [
              {
                "type": "get_attr",
                "value": "secondary_access_key"
              }
            ],
            [
              {
                "type": "get_attr",
                "value": "secondary_blob_connection_string"
              }
            ],
            [
              {
                "type": "get_attr",
                "value": "secondary_connection_string"
              }
            ]
          ],
          "identity_schema_version": 0,
          "private": "eyJlMmJmYjczMC1lY2FhLTExZTYtOGY4OC0zNDM2M2JjN2M0YzAiOnsiY3JlYXRlIjozNjAwMDAwMDAwMDAwLCJkZWxldGUiOjM2MDAwMDAwMDAwMDAsInJlYWQiOjMwMDAwMDAwMDAwMCwidXBkYXRlIjozNjAwMDAwMDAwMDAwfSwic2NoZW1hX3ZlcnNpb24iOiI0In0=",
          "dependencies": [
            "azurerm_resource_group.main",
            "random_string.suffix"
          ]
        }
      ]
    },
    {
      "mode": "managed",
      "type": "azurerm_storage_share",
      "name": "ghost_content",
      "provider": "provider[\"registry.terraform.io/hashicorp/azurerm\"]",
      "instances": [
        {
          "schema_version": 2,
          "attributes": {
            "access_tier": "TransactionOptimized",
            "acl": [],
            "enabled_protocol": "SMB",
            "id": "https://stsiteprodk5a6.file.core.windows.net/ghost-content",
            "metadata": {},
            "name": "ghost-content",
            "quota": 20,
            "resource_manager_id": "/subscriptions/356b0996-276c-4104-b906-efa2014f9d64/resourceGroups/rg-site-prod-k5a6/providers/Microsoft.Storage/storageAccounts/stsiteprodk5a6/fileServices/default/fileshares/ghost-content",
            "storage_account_name": "stsiteprodk5a6",
            "timeouts": null,
            "url": "https://stsiteprodk5a6.file.core.windows.net/ghost-content"
          },
          "sensitive_attributes": [],
          "identity_schema_version": 0,
          "private": "eyJlMmJmYjczMC1lY2FhLTExZTYtOGY4OC0zNDM2M2JjN2M0YzAiOnsiY3JlYXRlIjoxODAwMDAwMDAwMDAwLCJkZWxldGUiOjE4MDAwMDAwMDAwMDAsInJlYWQiOjMwMDAwMDAwMDAwMCwidXBkYXRlIjoxODAwMDAwMDAwMDAwfSwic2NoZW1hX3ZlcnNpb24iOiIyIn0=",
          "dependencies": [
            "azurerm_resource_group.main",
            "azurerm_storage_account.main",
            "random_string.suffix"
          ]
        }
      ]
    },
    {
      "mode": "managed",
      "type": "azurerm_user_assigned_identity",
      "name": "main",
      "provider": "provider[\"registry.terraform.io/hashicorp/azurerm\"]",
      "instances": [
        {
          "schema_version": 1,
          "attributes": {
            "client_id": "51d7a1a8-b30c-4f4b-9c54-895b70eb64e4",
            "id": "/subscriptions/356b0996-276c-4104-b906-efa2014f9d64/resourceGroups/rg-site-prod-k5a6/providers/Microsoft.ManagedIdentity/userAssignedIdentities/id-site-prod-k5a6",
            "location": "australiaeast",
            "name": "id-site-prod-k5a6",
            "principal_id": "4c750e5e-7369-47de-88c4-70c390084b4c",
            "resource_group_name": "rg-site-prod-k5a6",
            "tags": {
              "Environment": "prod",
              "ManagedBy": "terraform",
              "Owner": "charles",
              "Project": "website-container"
            },
            "tenant_id": "42ff806a-1ba2-48f1-a4af-eadec06d2486",
            "timeouts": null
          },
          "sensitive_attributes": [],
          "identity_schema_version": 0,
          "private": "eyJlMmJmYjczMC1lY2FhLTExZTYtOGY4OC0zNDM2M2JjN2M0YzAiOnsiY3JlYXRlIjoxODAwMDAwMDAwMDAwLCJkZWxldGUiOjE4MDAwMDAwMDAwMDAsInJlYWQiOjMwMDAwMDAwMDAwMCwidXBkYXRlIjoxODAwMDAwMDAwMDAwfSwic2NoZW1hX3ZlcnNpb24iOiIxIn0=",
          "dependencies": [
            "azurerm_resource_group.main",
            "random_string.suffix"
          ]
        }
      ]
    },
    {
      "mode": "managed",
      "type": "cloudflare_record",
      "name": "website",
      "provider": "provider[\"registry.terraform.io/cloudflare/cloudflare\"]",
      "instances": [
        {
          "schema_version": 3,
          "attributes": {
            "allow_overwrite": false,
            "comment": "Managed by Terraform - points to Cloudflare tunnel for site-prod",
            "content": null,
            "created_on": "2025-07-17T12:00:15.127905Z",
            "data": [],
            "hostname": "www.heartbeatchurch.com.au",
            "id": "95552797b317ba31b062aa7c3e9cbb06",
            "metadata": {},
            "modified_on": "2025-07-17T12:00:15.127905Z",
            "name": "www",
            "priority": null,
            "proxiable": true,
            "proxied": true,
            "tags": null,
            "timeouts": null,
            "ttl": 1,
            "type": "CNAME",
            "value": "8966ba1f-2668-42d3-898e-8ed96aa5aa2c.cfargotunnel.com",
            "zone_id": "80440a32523d928c9d7e015168a67758"
          },
          "sensitive_attributes": [],
          "identity_schema_version": 0,
          "private": "eyJlMmJmYjczMC1lY2FhLTExZTYtOGY4OC0zNDM2M2JjN2M0YzAiOnsiY3JlYXRlIjozMDAwMDAwMDAwMCwidXBkYXRlIjozMDAwMDAwMDAwMH0sInNjaGVtYV92ZXJzaW9uIjoiMyJ9",
          "dependencies": [
            "cloudflare_zero_trust_tunnel_cloudflared.website",
            "random_string.tunnel_secret"
          ]
        }
      ]
    },
    {
      "mode": "managed",
      "type": "cloudflare_zero_trust_tunnel_cloudflared",
      "name": "website",
      "provider": "provider[\"registry.terraform.io/cloudflare/cloudflare\"]",
      "instances": [
        {
          "schema_version": 0,
          "attributes": {
            "account_id": "d26a8771162442a563371ea8097acc89",
            "cname": "8966ba1f-2668-42d3-898e-8ed96aa5aa2c.cfargotunnel.com",
            "config_src": null,
            "id": "8966ba1f-2668-42d3-898e-8ed96aa5aa2c",
            "name": "site-prod-tunnel",
            "secret": "RUJURWxwOU1adklGZld2WFZqcFg1dHFPQ0x5QWVGbHJoVmhwMFc1VG94YXdBRnpHaUxKWjg0ZWl6d0tKaUlhMA==",
            "tunnel_token": "eyJhIjoiZDI2YTg3NzExNjI0NDJhNTYzMzcxZWE4MDk3YWNjODkiLCJ0IjoiODk2NmJhMWYtMjY2OC00MmQzLTg5OGUtOGVkOTZhYTVhYTJjIiwicyI6IlJVSlVSV3h3T1UxYWRrbEdabGQyV0ZacWNGZzFkSEZQUTB4NVFXVkdiSEpvVm1od01GYzFWRzk0WVhkQlJucEhhVXhLV2pnMFpXbDZkMHRLYVVsaE1BPT0ifQ=="
          },
          "sensitive_attributes": [
            [
              {
                "type": "get_attr",
                "value": "secret"
              }
            ],
            [
              {
                "type": "get_attr",
                "value": "tunnel_token"
              }
            ]
          ],
          "identity_schema_version": 0,
          "private": "bnVsbA==",
          "dependencies": [
            "random_string.tunnel_secret"
          ]
        }
      ]
    },
    {
      "mode": "managed",
      "type": "cloudflare_zero_trust_tunnel_cloudflared_config",
      "name": "website",
      "provider": "provider[\"registry.terraform.io/cloudflare/cloudflare\"]",
      "instances": [
        {
          "schema_version": 0,
          "attributes": {
            "account_id": "d26a8771162442a563371ea8097acc89",
            "config": [
              {
                "ingress_rule": [
                  {
                    "hostname": "www.heartbeatchurch.com.au",
                    "origin_request": [
                      {
                        "access": [],
                        "bastion_mode": false,
                        "ca_pool": "",
                        "connect_timeout": "30s",
                        "disable_chunked_encoding": false,
                        "http2_origin": false,
                        "http_host_header": "www.heartbeatchurch.com.au",
                        "ip_rules": [],
                        "keep_alive_connections": 100,
                        "keep_alive_timeout": "1m30s",
                        "no_happy_eyeballs": false,
                        "no_tls_verify": false,
                        "origin_server_name": "",
                        "proxy_address": "127.0.0.1",
                        "proxy_port": 0,
                        "proxy_type": "",
                        "tcp_keep_alive": "30s",
                        "tls_timeout": "10s"
                      }
                    ],
                    "path": "",
                    "service": "http://localhost:2368"
                  },
                  {
                    "hostname": "",
                    "origin_request": [],
                    "path": "",
                    "service": "http_status:404"
                  }
                ],
                "origin_request": [],
                "warp_routing": []
              }
            ],
            "id": "8966ba1f-2668-42d3-898e-8ed96aa5aa2c",
            "tunnel_id": "8966ba1f-2668-42d3-898e-8ed96aa5aa2c"
          },
          "sensitive_attributes": [],
          "identity_schema_version": 0,
          "private": "bnVsbA==",
          "dependencies": [
            "cloudflare_zero_trust_tunnel_cloudflared.website",
            "random_string.tunnel_secret"
          ]
        }
      ]
    },
    {
      "mode": "managed",
      "type": "random_password",
      "name": "mysql_admin",
      "provider": "provider[\"registry.terraform.io/hashicorp/random\"]",
      "instances": [
        {
          "schema_version": 3,
          "attributes": {
            "bcrypt_hash": "$2a$10$AinnzG3b96OJBPvE5Rimwuho6S/LJvwmGqfhzDB0ATdduGhwo4VPi",
            "id": "none",
            "keepers": null,
            "length": 16,
            "lower": true,
            "min_lower": 0,
            "min_numeric": 0,
            "min_special": 0,
            "min_upper": 0,
            "number": true,
            "numeric": true,
            "override_special": null,
            "result": "H[@n(cs!p\u00260p]8:!",
            "special": true,
            "upper": true
          },
          "sensitive_attributes": [
            [
              {
                "type": "get_attr",
                "value": "bcrypt_hash"
              }
            ],
            [
              {
                "type": "get_attr",
                "value": "result"
              }
            ]
          ],
          "identity_schema_version": 0
        }
      ]
    },
    {
      "mode": "managed",
      "type": "random_string",
      "name": "suffix",
      "provider": "provider[\"registry.terraform.io/hashicorp/random\"]",
      "instances": [
        {
          "schema_version": 2,
          "attributes": {
            "id": "k5a6",
            "keepers": null,
            "length": 4,
            "lower": true,
            "min_lower": 0,
            "min_numeric": 0,
            "min_special": 0,
            "min_upper": 0,
            "number": true,
            "numeric": true,
            "override_special": null,
            "result": "k5a6",
            "special": false,
            "upper": false
          },
          "sensitive_attributes": [],
          "identity_schema_version": 0
        }
      ]
    },
    {
      "mode": "managed",
      "type": "random_string",
      "name": "tunnel_secret",
      "provider": "provider[\"registry.terraform.io/hashicorp/random\"]",
      "instances": [
        {
          "schema_version": 2,
          "attributes": {
            "id": "EBTElp9MZvIFfWvXVjpX5tqOCLyAeFlrhVhp0W5ToxawAFzGiLJZ84eizwKJiIa0",
            "keepers": null,
            "length": 64,
            "lower": true,
            "min_lower": 0,
            "min_numeric": 0,
            "min_special": 0,
            "min_upper": 0,
            "number": true,
            "numeric": true,
            "override_special": null,
            "result": "EBTElp9MZvIFfWvXVjpX5tqOCLyAeFlrhVhp0W5ToxawAFzGiLJZ84eizwKJiIa0",
            "special": false,
            "upper": true
          },
          "sensitive_attributes": [],
          "identity_schema_version": 0
        }
      ]
    }
  ],
  "check_results": null
}
