{
  "version": 4,
  "terraform_version": "1.12.1",
  "serial": 69,
  "lineage": "6ae9dfdc-5708-e618-933b-851ff9ee3858",
  "outputs": {
    "bookstack_url": {
      "value": "https://pulse.heartbeatchurch.com.au",
      "type": "string"
    },
    "cloudflare_tunnel_name": {
      "value": "kb-prod-tunnel",
      "type": "string"
    },
    "container_app_name": {
      "value": "ca-bookstack-prod-wsvj",
      "type": "string"
    },
    "key_vault_name": {
      "value": "kv-kb-prod-wsvj",
      "type": "string"
    },
    "oidc_redirect_uri": {
      "value": "https://pulse.heartbeatchurch.com.au/login/service/oidc/callback",
      "type": "string"
    },
    "resource_group_name": {
      "value": "rg-kb-prod-wsvj",
      "type": "string"
    },
    "storage_account_name": {
      "value": "stkbprodwsvj",
      "type": "string"
    }
  },
  "resources": [
    {
      "mode": "data",
      "type": "azurerm_client_config",
      "name": "current",
      "provider": "provider[\"registry.terraform.io/hashicorp/azurerm\"]",
      "instances": [
        {
          "schema_version": 0,
          "attributes": {
            "client_id": "04b07795-8ddb-461a-bbee-02f9e1bf7b46",
            "id": "Y2xpZW50Q29uZmlncy9jbGllbnRJZD0wNGIwNzc5NS04ZGRiLTQ2MWEtYmJlZS0wMmY5ZTFiZjdiNDY7b2JqZWN0SWQ9NjhhM2JjMWMtMGQzZi00MDU3LThkYzMtMTM2MDA3ZjAxN2JkO3N1YnNjcmlwdGlvbklkPTM1NmIwOTk2LTI3NmMtNDEwNC1iOTA2LWVmYTIwMTRmOWQ2NDt0ZW5hbnRJZD00MmZmODA2YS0xYmEyLTQ4ZjEtYTRhZi1lYWRlYzA2ZDI0ODY=",
            "object_id": "68a3bc1c-0d3f-4057-8dc3-136007f017bd",
            "subscription_id": "356b0996-276c-4104-b906-efa2014f9d64",
            "tenant_id": "42ff806a-1ba2-48f1-a4af-eadec06d2486",
            "timeouts": null
          },
          "sensitive_attributes": [],
          "identity_schema_version": 0
        }
      ]
    },
    {
      "mode": "managed",
      "type": "azurerm_container_app",
      "name": "bookstack",
      "provider": "provider[\"registry.terraform.io/hashicorp/azurerm\"]",
      "instances": [
        {
          "schema_version": 0,
          "attributes": {
            "container_app_environment_id": "/subscriptions/356b0996-276c-4104-b906-efa2014f9d64/resourceGroups/rg-kb-prod-wsvj/providers/Microsoft.App/managedEnvironments/cae-kb-prod-wsvj",
            "custom_domain_verification_id": "8CA0B91967D935AF2C3CB1440E37A09A33F794554CF7619F2C45DA864DBA045D",
            "dapr": [],
            "id": "/subscriptions/356b0996-276c-4104-b906-efa2014f9d64/resourceGroups/rg-kb-prod-wsvj/providers/Microsoft.App/containerApps/ca-bookstack-prod-wsvj",
            "identity": [
              {
                "identity_ids": [
                  "/subscriptions/356b0996-276c-4104-b906-efa2014f9d64/resourceGroups/rg-kb-prod-wsvj/providers/Microsoft.ManagedIdentity/userAssignedIdentities/id-kb-prod-wsvj"
                ],
                "principal_id": "",
                "tenant_id": "",
                "type": "UserAssigned"
              }
            ],
            "ingress": [],
            "latest_revision_fqdn": "",
            "latest_revision_name": "ca-bookstack-prod-wsvj--0000010",
            "location": "australiaeast",
            "name": "ca-bookstack-prod-wsvj",
            "outbound_ip_addresses": [
              "4.200.125.226"
            ],
            "registry": [],
            "resource_group_name": "rg-kb-prod-wsvj",
            "revision_mode": "Single",
            "secret": [
              {
                "identity": "/subscriptions/356b0996-276c-4104-b906-efa2014f9d64/resourceGroups/rg-kb-prod-wsvj/providers/Microsoft.ManagedIdentity/userAssignedIdentities/id-kb-prod-wsvj",
                "key_vault_secret_id": "https://kv-kb-prod-wsvj.vault.azure.net/secrets/bookstack-app-key/ed6d4b16b13c4c488d2b344847529fc2",
                "name": "bookstack-app-key",
                "value": ""
              },
              {
                "identity": "/subscriptions/356b0996-276c-4104-b906-efa2014f9d64/resourceGroups/rg-kb-prod-wsvj/providers/Microsoft.ManagedIdentity/userAssignedIdentities/id-kb-prod-wsvj",
                "key_vault_secret_id": "https://kv-kb-prod-wsvj.vault.azure.net/secrets/cloudflare-tunnel-token/8cf16db97dc2477d953d1a3668d8d5c2",
                "name": "cloudflare-tunnel-token",
                "value": ""
              },
              {
                "identity": "/subscriptions/356b0996-276c-4104-b906-efa2014f9d64/resourceGroups/rg-kb-prod-wsvj/providers/Microsoft.ManagedIdentity/userAssignedIdentities/id-kb-prod-wsvj",
                "key_vault_secret_id": "https://kv-kb-prod-wsvj.vault.azure.net/secrets/gmail-app-password",
                "name": "gmail-app-password",
                "value": ""
              },
              {
                "identity": "/subscriptions/356b0996-276c-4104-b906-efa2014f9d64/resourceGroups/rg-kb-prod-wsvj/providers/Microsoft.ManagedIdentity/userAssignedIdentities/id-kb-prod-wsvj",
                "key_vault_secret_id": "https://kv-kb-prod-wsvj.vault.azure.net/secrets/google-client-id",
                "name": "google-client-id",
                "value": ""
              },
              {
                "identity": "/subscriptions/356b0996-276c-4104-b906-efa2014f9d64/resourceGroups/rg-kb-prod-wsvj/providers/Microsoft.ManagedIdentity/userAssignedIdentities/id-kb-prod-wsvj",
                "key_vault_secret_id": "https://kv-kb-prod-wsvj.vault.azure.net/secrets/google-client-secret",
                "name": "google-client-secret",
                "value": ""
              },
              {
                "identity": "/subscriptions/356b0996-276c-4104-b906-efa2014f9d64/resourceGroups/rg-kb-prod-wsvj/providers/Microsoft.ManagedIdentity/userAssignedIdentities/id-kb-prod-wsvj",
                "key_vault_secret_id": "https://kv-kb-prod-wsvj.vault.azure.net/secrets/minio-root-password/86ddc8df06fa432fbb4a82768172c1ac",
                "name": "minio-root-password",
                "value": ""
              },
              {
                "identity": "/subscriptions/356b0996-276c-4104-b906-efa2014f9d64/resourceGroups/rg-kb-prod-wsvj/providers/Microsoft.ManagedIdentity/userAssignedIdentities/id-kb-prod-wsvj",
                "key_vault_secret_id": "https://kv-kb-prod-wsvj.vault.azure.net/secrets/minio-root-user/56ef486f2cef44159a46d4935e63a01f",
                "name": "minio-root-user",
                "value": ""
              },
              {
                "identity": "/subscriptions/356b0996-276c-4104-b906-efa2014f9d64/resourceGroups/rg-kb-prod-wsvj/providers/Microsoft.ManagedIdentity/userAssignedIdentities/id-kb-prod-wsvj",
                "key_vault_secret_id": "https://kv-kb-prod-wsvj.vault.azure.net/secrets/mysql-root-password/164f82e0a5c24bbfa6bd0fc5f11f83d4",
                "name": "mysql-root-password",
                "value": ""
              },
              {
                "identity": "/subscriptions/356b0996-276c-4104-b906-efa2014f9d64/resourceGroups/rg-kb-prod-wsvj/providers/Microsoft.ManagedIdentity/userAssignedIdentities/id-kb-prod-wsvj",
                "key_vault_secret_id": "https://kv-kb-prod-wsvj.vault.azure.net/secrets/mysql-user-password/47500b4c22144237ba84905157605173",
                "name": "mysql-user-password",
                "value": ""
              }
            ],
            "tags": {
              "Environment": "prod",
              "ManagedBy": "terraform",
              "Owner": "charles",
              "Project": "bookstack-kb"
            },
            "template": [
              {
                "azure_queue_scale_rule": [],
                "container": [
                  {
                    "args": [],
                    "command": [],
                    "cpu": 0.4,
                    "env": [
                      {
                        "name": "PUID",
                        "secret_name": "",
                        "value": "1000"
                      },
                      {
                        "name": "PGID",
                        "secret_name": "",
                        "value": "1000"
                      },
                      {
                        "name": "TZ",
                        "secret_name": "",
                        "value": "Australia/Sydney"
                      },
                      {
                        "name": "APP_URL",
                        "secret_name": "",
                        "value": "https://pulse.heartbeatchurch.com.au"
                      },
                      {
                        "name": "APP_KEY",
                        "secret_name": "bookstack-app-key",
                        "value": ""
                      },
                      {
                        "name": "DB_HOST",
                        "secret_name": "",
                        "value": "127.0.0.1"
                      },
                      {
                        "name": "DB_PORT",
                        "secret_name": "",
                        "value": "3306"
                      },
                      {
                        "name": "DB_DATABASE",
                        "secret_name": "",
                        "value": "bookstack"
                      },
                      {
                        "name": "DB_USERNAME",
                        "secret_name": "",
                        "value": "bookstack"
                      },
                      {
                        "name": "DB_PASSWORD",
                        "secret_name": "mysql-user-password",
                        "value": ""
                      },
                      {
                        "name": "DB_TIMEOUT",
                        "secret_name": "",
                        "value": "60"
                      },
                      {
                        "name": "CUSTOM_INIT",
                        "secret_name": "",
                        "value": "true"
                      },
                      {
                        "name": "STORAGE_TYPE",
                        "secret_name": "",
                        "value": "s3"
                      },
                      {
                        "name": "STORAGE_S3_KEY",
                        "secret_name": "minio-root-user",
                        "value": ""
                      },
                      {
                        "name": "STORAGE_S3_SECRET",
                        "secret_name": "minio-root-password",
                        "value": ""
                      },
                      {
                        "name": "STORAGE_S3_BUCKET",
                        "secret_name": "",
                        "value": "bookstack-uploads"
                      },
                      {
                        "name": "STORAGE_S3_ENDPOINT",
                        "secret_name": "",
                        "value": "http://127.0.0.1:9080"
                      },
                      {
                        "name": "STORAGE_URL",
                        "secret_name": "",
                        "value": "http://127.0.0.1:9080/bookstack-uploads"
                      },
                      {
                        "name": "REDIS_SERVERS",
                        "secret_name": "",
                        "value": "localhost:6379:1"
                      },
                      {
                        "name": "CACHE_DRIVER",
                        "secret_name": "",
                        "value": "redis"
                      },
                      {
                        "name": "SESSION_DRIVER",
                        "secret_name": "",
                        "value": "redis"
                      },
                      {
                        "name": "GOOGLE_APP_ID",
                        "secret_name": "google-client-id",
                        "value": ""
                      },
                      {
                        "name": "GOOGLE_APP_SECRET",
                        "secret_name": "google-client-secret",
                        "value": ""
                      },
                      {
                        "name": "GOOGLE_AUTO_REGISTER",
                        "secret_name": "",
                        "value": "true"
                      },
                      {
                        "name": "GOOGLE_AUTO_CONFIRM_EMAIL",
                        "secret_name": "",
                        "value": "true"
                      },
                      {
                        "name": "MAIL_DRIVER",
                        "secret_name": "",
                        "value": "smtp"
                      },
                      {
                        "name": "MAIL_HOST",
                        "secret_name": "",
                        "value": "smtp.gmail.com"
                      },
                      {
                        "name": "MAIL_PORT",
                        "secret_name": "",
                        "value": "587"
                      },
                      {
                        "name": "MAIL_USERNAME",
                        "secret_name": "",
                        "value": "hello@heartbeatchurch.com.au"
                      },
                      {
                        "name": "MAIL_PASSWORD",
                        "secret_name": "gmail-app-password",
                        "value": ""
                      },
                      {
                        "name": "MAIL_ENCRYPTION",
                        "secret_name": "",
                        "value": "tls"
                      },
                      {
                        "name": "MAIL_FROM_ADDRESS",
                        "secret_name": "",
                        "value": "hello@heartbeatchurch.com.au"
                      },
                      {
                        "name": "MAIL_FROM_NAME",
                        "secret_name": "",
                        "value": "Heartbeat Church"
                      }
                    ],
                    "ephemeral_storage": "2Gi",
                    "image": "lscr.io/linuxserver/bookstack:version-v25.02",
                    "liveness_probe": [],
                    "memory": "0.95Gi",
                    "name": "bookstack",
                    "readiness_probe": [],
                    "startup_probe": [],
                    "volume_mounts": [
                      {
                        "name": "bookstack-data",
                        "path": "/config"
                      }
                    ]
                  },
                  {
                    "args": [],
                    "command": [],
                    "cpu": 0.25,
                    "env": [
                      {
                        "name": "PUID",
                        "secret_name": "",
                        "value": "1000"
                      },
                      {
                        "name": "PGID",
                        "secret_name": "",
                        "value": "1000"
                      },
                      {
                        "name": "TZ",
                        "secret_name": "",
                        "value": "Australia/Sydney"
                      },
                      {
                        "name": "MYSQL_ROOT_PASSWORD",
                        "secret_name": "mysql-root-password",
                        "value": ""
                      },
                      {
                        "name": "MYSQL_DATABASE",
                        "secret_name": "",
                        "value": "bookstack"
                      },
                      {
                        "name": "MYSQL_USER",
                        "secret_name": "",
                        "value": "bookstack"
                      },
                      {
                        "name": "MYSQL_PASSWORD",
                        "secret_name": "mysql-user-password",
                        "value": ""
                      }
                    ],
                    "ephemeral_storage": "1Gi",
                    "image": "lscr.io/linuxserver/mariadb:11.4.4",
                    "liveness_probe": [],
                    "memory": "0.5Gi",
                    "name": "mariadb",
                    "readiness_probe": [],
                    "startup_probe": [],
                    "volume_mounts": [
                      {
                        "name": "mariadb-data",
                        "path": "/config"
                      }
                    ]
                  },
                  {
                    "args": [
                      "redis-server",
                      "--appendonly",
                      "yes"
                    ],
                    "command": [],
                    "cpu": 0.1,
                    "env": [],
                    "ephemeral_storage": "1Gi",
                    "image": "redis:7-alpine",
                    "liveness_probe": [],
                    "memory": "0.15Gi",
                    "name": "redis",
                    "readiness_probe": [],
                    "startup_probe": [],
                    "volume_mounts": []
                  },
                  {
                    "args": [
                      "-c",
                      "mkdir -p /data/bookstack-uploads \u0026\u0026 /usr/bin/minio server /data --console-address :9090 --address :9080"
                    ],
                    "command": [
                      "/bin/sh"
                    ],
                    "cpu": 0.15,
                    "env": [
                      {
                        "name": "MINIO_ROOT_USER",
                        "secret_name": "minio-root-user",
                        "value": ""
                      },
                      {
                        "name": "MINIO_ROOT_PASSWORD",
                        "secret_name": "minio-root-password",
                        "value": ""
                      }
                    ],
                    "ephemeral_storage": "1Gi",
                    "image": "minio/minio:latest",
                    "liveness_probe": [],
                    "memory": "0.3Gi",
                    "name": "minio",
                    "readiness_probe": [],
                    "startup_probe": [],
                    "volume_mounts": [
                      {
                        "name": "minio-data",
                        "path": "/data"
                      }
                    ]
                  },
                  {
                    "args": [
                      "tunnel",
                      "run",
                      "--token",
                      "$(TUNNEL_TOKEN)"
                    ],
                    "command": [],
                    "cpu": 0.1,
                    "env": [
                      {
                        "name": "TUNNEL_TOKEN",
                        "secret_name": "cloudflare-tunnel-token",
                        "value": ""
                      }
                    ],
                    "ephemeral_storage": "1Gi",
                    "image": "cloudflare/cloudflared:latest",
                    "liveness_probe": [],
                    "memory": "0.1Gi",
                    "name": "cloudflared",
                    "readiness_probe": [],
                    "startup_probe": [],
                    "volume_mounts": []
                  }
                ],
                "custom_scale_rule": [],
                "http_scale_rule": [],
                "init_container": [
                  {
                    "args": [
                      "-c",
                      "chown -R 1000:1000 /config \u0026\u0026 mkdir -p /config/www/uploads /config/www/storage \u0026\u0026 chmod -R 755 /config/www/uploads /config/www/storage \u0026\u0026 chown -R 1000:1000 /config/www/uploads /config/www/storage"
                    ],
                    "command": [
                      "/bin/sh"
                    ],
                    "cpu": 0.1,
                    "env": [],
                    "ephemeral_storage": "1Gi",
                    "image": "busybox:latest",
                    "memory": "0.1Gi",
                    "name": "permission-fix",
                    "volume_mounts": [
                      {
                        "name": "bookstack-data",
                        "path": "/config"
                      }
                    ]
                  }
                ],
                "max_replicas": 1,
                "min_replicas": 1,
                "revision_suffix": "",
                "tcp_scale_rule": [],
                "volume": [
                  {
                    "name": "bookstack-data",
                    "storage_name": "bookstack-data-storage",
                    "storage_type": "AzureFile"
                  },
                  {
                    "name": "mariadb-data",
                    "storage_name": "mariadb-data-storage",
                    "storage_type": "AzureFile"
                  },
                  {
                    "name": "minio-data",
                    "storage_name": "minio-data-storage",
                    "storage_type": "AzureFile"
                  }
                ]
              }
            ],
            "timeouts": null,
            "workload_profile_name": ""
          },
          "sensitive_attributes": [
            [
              {
                "type": "get_attr",
                "value": "custom_domain_verification_id"
              }
            ],
            [
              {
                "type": "get_attr",
                "value": "secret"
              }
            ]
          ],
          "identity_schema_version": 0,
          "private": "eyJlMmJmYjczMC1lY2FhLTExZTYtOGY4OC0zNDM2M2JjN2M0YzAiOnsiY3JlYXRlIjoxODAwMDAwMDAwMDAwLCJkZWxldGUiOjE4MDAwMDAwMDAwMDAsInJlYWQiOjMwMDAwMDAwMDAwMCwidXBkYXRlIjoxODAwMDAwMDAwMDAwfX0=",
          "dependencies": [
            "azurerm_container_app_environment.main",
            "azurerm_container_app_environment_storage.bookstack_data",
            "azurerm_container_app_environment_storage.mariadb_data",
            "azurerm_container_app_environment_storage.minio_data",
            "azurerm_key_vault.main",
            "azurerm_key_vault_secret.bookstack_app_key",
            "azurerm_key_vault_secret.cloudflare_tunnel_token",
            "azurerm_key_vault_secret.gmail_app_password",
            "azurerm_key_vault_secret.google_client_id",
            "azurerm_key_vault_secret.google_client_secret",
            "azurerm_key_vault_secret.minio_root_password",
            "azurerm_key_vault_secret.minio_root_user",
            "azurerm_key_vault_secret.mysql_root_password",
            "azurerm_key_vault_secret.mysql_user_password",
            "azurerm_resource_group.main",
            "azurerm_role_assignment.current_user_keyvault_admin",
            "azurerm_role_assignment.keyvault_secrets_user",
            "azurerm_storage_account.main",
            "azurerm_storage_share.bookstack_data",
            "azurerm_storage_share.mariadb_data",
            "azurerm_storage_share.minio_data",
            "azurerm_user_assigned_identity.main",
            "cloudflare_zero_trust_tunnel_cloudflared.bookstack",
            "cloudflare_zero_trust_tunnel_cloudflared_config.bookstack",
            "data.azurerm_client_config.current",
            "random_password.app_key",
            "random_password.minio_root_password",
            "random_password.minio_root_user",
            "random_password.mysql_root",
            "random_password.mysql_user",
            "random_string.suffix",
            "random_string.tunnel_secret"
          ]
        }
      ]
    },
    {
      "mode": "managed",
      "type": "azurerm_container_app_environment",
      "name": "main",
      "provider": "provider[\"registry.terraform.io/hashicorp/azurerm\"]",
      "instances": [
        {
          "schema_version": 0,
          "attributes": {
            "custom_domain_verification_id": "8CA0B91967D935AF2C3CB1440E37A09A33F794554CF7619F2C45DA864DBA045D",
            "dapr_application_insights_connection_string": "",
            "default_domain": "delightfuldune-f6eabaee.australiaeast.azurecontainerapps.io",
            "docker_bridge_cidr": "",
            "id": "/subscriptions/356b0996-276c-4104-b906-efa2014f9d64/resourceGroups/rg-kb-prod-wsvj/providers/Microsoft.App/managedEnvironments/cae-kb-prod-wsvj",
            "infrastructure_resource_group_name": "",
            "infrastructure_subnet_id": "",
            "internal_load_balancer_enabled": false,
            "location": "australiaeast",
            "log_analytics_workspace_id": "",
            "mutual_tls_enabled": false,
            "name": "cae-kb-prod-wsvj",
            "platform_reserved_cidr": "",
            "platform_reserved_dns_ip_address": "",
            "resource_group_name": "rg-kb-prod-wsvj",
            "static_ip_address": "20.227.77.241",
            "tags": {
              "Environment": "prod",
              "ManagedBy": "terraform",
              "Owner": "charles",
              "Project": "bookstack-kb"
            },
            "timeouts": null,
            "workload_profile": [],
            "zone_redundancy_enabled": false
          },
          "sensitive_attributes": [
            [
              {
                "type": "get_attr",
                "value": "dapr_application_insights_connection_string"
              }
            ]
          ],
          "identity_schema_version": 0,
          "private": "eyJlMmJmYjczMC1lY2FhLTExZTYtOGY4OC0zNDM2M2JjN2M0YzAiOnsiY3JlYXRlIjoxODAwMDAwMDAwMDAwLCJkZWxldGUiOjE4MDAwMDAwMDAwMDAsInJlYWQiOjMwMDAwMDAwMDAwMCwidXBkYXRlIjoxODAwMDAwMDAwMDAwfX0=",
          "dependencies": [
            "azurerm_resource_group.main",
            "random_string.suffix"
          ]
        }
      ]
    },
    {
      "mode": "managed",
      "type": "azurerm_container_app_environment_storage",
      "name": "bookstack_data",
      "provider": "provider[\"registry.terraform.io/hashicorp/azurerm\"]",
      "instances": [
        {
          "schema_version": 0,
          "attributes": {
            "access_key": "qoE1gQBQBQmcc0ykVa8wYZ9SnVl7LvL8InKeo5z08KOkKmjWWR9XzZfU1/d3H6+FSFTwIGhaW/7/+ASt/B4W7A==",
            "access_mode": "ReadWrite",
            "account_name": "stkbprodwsvj",
            "container_app_environment_id": "/subscriptions/356b0996-276c-4104-b906-efa2014f9d64/resourceGroups/rg-kb-prod-wsvj/providers/Microsoft.App/managedEnvironments/cae-kb-prod-wsvj",
            "id": "/subscriptions/356b0996-276c-4104-b906-efa2014f9d64/resourceGroups/rg-kb-prod-wsvj/providers/Microsoft.App/managedEnvironments/cae-kb-prod-wsvj/storages/bookstack-data-storage",
            "name": "bookstack-data-storage",
            "share_name": "bookstack-data",
            "timeouts": null
          },
          "sensitive_attributes": [
            [
              {
                "type": "get_attr",
                "value": "access_key"
              }
            ]
          ],
          "identity_schema_version": 0,
          "private": "eyJlMmJmYjczMC1lY2FhLTExZTYtOGY4OC0zNDM2M2JjN2M0YzAiOnsiY3JlYXRlIjoxODAwMDAwMDAwMDAwLCJkZWxldGUiOjE4MDAwMDAwMDAwMDAsInJlYWQiOjMwMDAwMDAwMDAwMCwidXBkYXRlIjoxODAwMDAwMDAwMDAwfX0=",
          "dependencies": [
            "azurerm_container_app_environment.main",
            "azurerm_resource_group.main",
            "azurerm_storage_account.main",
            "azurerm_storage_share.bookstack_data",
            "random_string.suffix"
          ]
        }
      ]
    },
    {
      "mode": "managed",
      "type": "azurerm_container_app_environment_storage",
      "name": "mariadb_data",
      "provider": "provider[\"registry.terraform.io/hashicorp/azurerm\"]",
      "instances": [
        {
          "schema_version": 0,
          "attributes": {
            "access_key": "qoE1gQBQBQmcc0ykVa8wYZ9SnVl7LvL8InKeo5z08KOkKmjWWR9XzZfU1/d3H6+FSFTwIGhaW/7/+ASt/B4W7A==",
            "access_mode": "ReadWrite",
            "account_name": "stkbprodwsvj",
            "container_app_environment_id": "/subscriptions/356b0996-276c-4104-b906-efa2014f9d64/resourceGroups/rg-kb-prod-wsvj/providers/Microsoft.App/managedEnvironments/cae-kb-prod-wsvj",
            "id": "/subscriptions/356b0996-276c-4104-b906-efa2014f9d64/resourceGroups/rg-kb-prod-wsvj/providers/Microsoft.App/managedEnvironments/cae-kb-prod-wsvj/storages/mariadb-data-storage",
            "name": "mariadb-data-storage",
            "share_name": "mariadb-data",
            "timeouts": null
          },
          "sensitive_attributes": [
            [
              {
                "type": "get_attr",
                "value": "access_key"
              }
            ]
          ],
          "identity_schema_version": 0,
          "private": "eyJlMmJmYjczMC1lY2FhLTExZTYtOGY4OC0zNDM2M2JjN2M0YzAiOnsiY3JlYXRlIjoxODAwMDAwMDAwMDAwLCJkZWxldGUiOjE4MDAwMDAwMDAwMDAsInJlYWQiOjMwMDAwMDAwMDAwMCwidXBkYXRlIjoxODAwMDAwMDAwMDAwfX0=",
          "dependencies": [
            "azurerm_container_app_environment.main",
            "azurerm_resource_group.main",
            "azurerm_storage_account.main",
            "azurerm_storage_share.mariadb_data",
            "random_string.suffix"
          ]
        }
      ]
    },
    {
      "mode": "managed",
      "type": "azurerm_container_app_environment_storage",
      "name": "minio_data",
      "provider": "provider[\"registry.terraform.io/hashicorp/azurerm\"]",
      "instances": [
        {
          "schema_version": 0,
          "attributes": {
            "access_key": "qoE1gQBQBQmcc0ykVa8wYZ9SnVl7LvL8InKeo5z08KOkKmjWWR9XzZfU1/d3H6+FSFTwIGhaW/7/+ASt/B4W7A==",
            "access_mode": "ReadWrite",
            "account_name": "stkbprodwsvj",
            "container_app_environment_id": "/subscriptions/356b0996-276c-4104-b906-efa2014f9d64/resourceGroups/rg-kb-prod-wsvj/providers/Microsoft.App/managedEnvironments/cae-kb-prod-wsvj",
            "id": "/subscriptions/356b0996-276c-4104-b906-efa2014f9d64/resourceGroups/rg-kb-prod-wsvj/providers/Microsoft.App/managedEnvironments/cae-kb-prod-wsvj/storages/minio-data-storage",
            "name": "minio-data-storage",
            "share_name": "minio-data",
            "timeouts": null
          },
          "sensitive_attributes": [
            [
              {
                "type": "get_attr",
                "value": "access_key"
              }
            ]
          ],
          "identity_schema_version": 0,
          "private": "eyJlMmJmYjczMC1lY2FhLTExZTYtOGY4OC0zNDM2M2JjN2M0YzAiOnsiY3JlYXRlIjoxODAwMDAwMDAwMDAwLCJkZWxldGUiOjE4MDAwMDAwMDAwMDAsInJlYWQiOjMwMDAwMDAwMDAwMCwidXBkYXRlIjoxODAwMDAwMDAwMDAwfX0=",
          "dependencies": [
            "azurerm_container_app_environment.main",
            "azurerm_resource_group.main",
            "azurerm_storage_account.main",
            "azurerm_storage_share.minio_data",
            "random_string.suffix"
          ]
        }
      ]
    },
    {
      "mode": "managed",
      "type": "azurerm_key_vault",
      "name": "main",
      "provider": "provider[\"registry.terraform.io/hashicorp/azurerm\"]",
      "instances": [
        {
          "schema_version": 2,
          "attributes": {
            "access_policy": [],
            "contact": [],
            "enable_rbac_authorization": true,
            "enabled_for_deployment": false,
            "enabled_for_disk_encryption": false,
            "enabled_for_template_deployment": false,
            "id": "/subscriptions/356b0996-276c-4104-b906-efa2014f9d64/resourceGroups/rg-kb-prod-wsvj/providers/Microsoft.KeyVault/vaults/kv-kb-prod-wsvj",
            "location": "australiaeast",
            "name": "kv-kb-prod-wsvj",
            "network_acls": [
              {
                "bypass": "AzureServices",
                "default_action": "Allow",
                "ip_rules": [],
                "virtual_network_subnet_ids": []
              }
            ],
            "public_network_access_enabled": true,
            "purge_protection_enabled": false,
            "resource_group_name": "rg-kb-prod-wsvj",
            "sku_name": "standard",
            "soft_delete_retention_days": 7,
            "tags": {
              "Environment": "prod",
              "ManagedBy": "terraform",
              "Owner": "charles",
              "Project": "bookstack-kb"
            },
            "tenant_id": "42ff806a-1ba2-48f1-a4af-eadec06d2486",
            "timeouts": null,
            "vault_uri": "https://kv-kb-prod-wsvj.vault.azure.net/"
          },
          "sensitive_attributes": [],
          "identity_schema_version": 0,
          "private": "eyJlMmJmYjczMC1lY2FhLTExZTYtOGY4OC0zNDM2M2JjN2M0YzAiOnsiY3JlYXRlIjoxODAwMDAwMDAwMDAwLCJkZWxldGUiOjE4MDAwMDAwMDAwMDAsInJlYWQiOjMwMDAwMDAwMDAwMCwidXBkYXRlIjoxODAwMDAwMDAwMDAwfSwic2NoZW1hX3ZlcnNpb24iOiIyIn0=",
          "dependencies": [
            "azurerm_resource_group.main",
            "data.azurerm_client_config.current",
            "random_string.suffix"
          ]
        }
      ]
    },
    {
      "mode": "managed",
      "type": "azurerm_key_vault_secret",
      "name": "bookstack_app_key",
      "provider": "provider[\"registry.terraform.io/hashicorp/azurerm\"]",
      "instances": [
        {
          "schema_version": 0,
          "attributes": {
            "content_type": "",
            "expiration_date": null,
            "id": "https://kv-kb-prod-wsvj.vault.azure.net/secrets/bookstack-app-key/ed6d4b16b13c4c488d2b344847529fc2",
            "key_vault_id": "/subscriptions/356b0996-276c-4104-b906-efa2014f9d64/resourceGroups/rg-kb-prod-wsvj/providers/Microsoft.KeyVault/vaults/kv-kb-prod-wsvj",
            "name": "bookstack-app-key",
            "not_before_date": null,
            "resource_id": "/subscriptions/356b0996-276c-4104-b906-efa2014f9d64/resourceGroups/rg-kb-prod-wsvj/providers/Microsoft.KeyVault/vaults/kv-kb-prod-wsvj/secrets/bookstack-app-key/versions/ed6d4b16b13c4c488d2b344847529fc2",
            "resource_versionless_id": "/subscriptions/356b0996-276c-4104-b906-efa2014f9d64/resourceGroups/rg-kb-prod-wsvj/providers/Microsoft.KeyVault/vaults/kv-kb-prod-wsvj/secrets/bookstack-app-key",
            "tags": {},
            "timeouts": null,
            "value": "base64:KDFrKXIxcUZGcFt4THhqZ0MzRSkycTIlZERNSypraGI=",
            "version": "ed6d4b16b13c4c488d2b344847529fc2",
            "versionless_id": "https://kv-kb-prod-wsvj.vault.azure.net/secrets/bookstack-app-key"
          },
          "sensitive_attributes": [
            [
              {
                "type": "get_attr",
                "value": "value"
              }
            ]
          ],
          "identity_schema_version": 0,
          "private": "eyJlMmJmYjczMC1lY2FhLTExZTYtOGY4OC0zNDM2M2JjN2M0YzAiOnsiY3JlYXRlIjoxODAwMDAwMDAwMDAwLCJkZWxldGUiOjE4MDAwMDAwMDAwMDAsInJlYWQiOjE4MDAwMDAwMDAwMDAsInVwZGF0ZSI6MTgwMDAwMDAwMDAwMH19",
          "dependencies": [
            "azurerm_key_vault.main",
            "azurerm_resource_group.main",
            "azurerm_role_assignment.current_user_keyvault_admin",
            "data.azurerm_client_config.current",
            "random_password.app_key",
            "random_string.suffix"
          ]
        }
      ]
    },
    {
      "mode": "managed",
      "type": "azurerm_key_vault_secret",
      "name": "cloudflare_tunnel_token",
      "provider": "provider[\"registry.terraform.io/hashicorp/azurerm\"]",
      "instances": [
        {
          "schema_version": 0,
          "attributes": {
            "content_type": "",
            "expiration_date": null,
            "id": "https://kv-kb-prod-wsvj.vault.azure.net/secrets/cloudflare-tunnel-token/8cf16db97dc2477d953d1a3668d8d5c2",
            "key_vault_id": "/subscriptions/356b0996-276c-4104-b906-efa2014f9d64/resourceGroups/rg-kb-prod-wsvj/providers/Microsoft.KeyVault/vaults/kv-kb-prod-wsvj",
            "name": "cloudflare-tunnel-token",
            "not_before_date": null,
            "resource_id": "/subscriptions/356b0996-276c-4104-b906-efa2014f9d64/resourceGroups/rg-kb-prod-wsvj/providers/Microsoft.KeyVault/vaults/kv-kb-prod-wsvj/secrets/cloudflare-tunnel-token/versions/8cf16db97dc2477d953d1a3668d8d5c2",
            "resource_versionless_id": "/subscriptions/356b0996-276c-4104-b906-efa2014f9d64/resourceGroups/rg-kb-prod-wsvj/providers/Microsoft.KeyVault/vaults/kv-kb-prod-wsvj/secrets/cloudflare-tunnel-token",
            "tags": {},
            "timeouts": null,
            "value": "eyJhIjoiZDI2YTg3NzExNjI0NDJhNTYzMzcxZWE4MDk3YWNjODkiLCJ0IjoiOTc0N2QwZWUtYWU5ZC00MWUwLThiZjUtMGI4NDYyMjcxOWMxIiwicyI6IlowOVJOa1JtVFZSQ2JuVlFTa1l3ZUhVeE4wcFpiMjQxYjFsd1ZrWk9iSFE0Y21kTFozaHNiRFZRWWpsUU0zUnViVTVpTVRKc2QyOUNSVTFGYW13eVpnPT0ifQ==",
            "version": "8cf16db97dc2477d953d1a3668d8d5c2",
            "versionless_id": "https://kv-kb-prod-wsvj.vault.azure.net/secrets/cloudflare-tunnel-token"
          },
          "sensitive_attributes": [
            [
              {
                "type": "get_attr",
                "value": "value"
              }
            ]
          ],
          "identity_schema_version": 0,
          "private": "eyJlMmJmYjczMC1lY2FhLTExZTYtOGY4OC0zNDM2M2JjN2M0YzAiOnsiY3JlYXRlIjoxODAwMDAwMDAwMDAwLCJkZWxldGUiOjE4MDAwMDAwMDAwMDAsInJlYWQiOjE4MDAwMDAwMDAwMDAsInVwZGF0ZSI6MTgwMDAwMDAwMDAwMH19",
          "dependencies": [
            "azurerm_key_vault.main",
            "azurerm_resource_group.main",
            "azurerm_role_assignment.current_user_keyvault_admin",
            "cloudflare_zero_trust_tunnel_cloudflared.bookstack",
            "data.azurerm_client_config.current",
            "random_string.suffix",
            "random_string.tunnel_secret"
          ]
        }
      ]
    },
    {
      "mode": "managed",
      "type": "azurerm_key_vault_secret",
      "name": "gmail_app_password",
      "provider": "provider[\"registry.terraform.io/hashicorp/azurerm\"]",
      "instances": [
        {
          "schema_version": 0,
          "attributes": {
            "content_type": "",
            "expiration_date": null,
            "id": "https://kv-kb-prod-wsvj.vault.azure.net/secrets/gmail-app-password/94dbaca1e5924712baa6fb7f589a576d",
            "key_vault_id": "/subscriptions/356b0996-276c-4104-b906-efa2014f9d64/resourceGroups/rg-kb-prod-wsvj/providers/Microsoft.KeyVault/vaults/kv-kb-prod-wsvj",
            "name": "gmail-app-password",
            "not_before_date": null,
            "resource_id": "/subscriptions/356b0996-276c-4104-b906-efa2014f9d64/resourceGroups/rg-kb-prod-wsvj/providers/Microsoft.KeyVault/vaults/kv-kb-prod-wsvj/secrets/gmail-app-password/versions/94dbaca1e5924712baa6fb7f589a576d",
            "resource_versionless_id": "/subscriptions/356b0996-276c-4104-b906-efa2014f9d64/resourceGroups/rg-kb-prod-wsvj/providers/Microsoft.KeyVault/vaults/kv-kb-prod-wsvj/secrets/gmail-app-password",
            "tags": {},
            "timeouts": null,
            "value": "yrlzjjrqtdydappi",
            "version": "e1583c3e64d0476c9c9989f350fcef53",
            "versionless_id": "https://kv-kb-prod-wsvj.vault.azure.net/secrets/gmail-app-password"
          },
          "sensitive_attributes": [
            [
              {
                "type": "get_attr",
                "value": "value"
              }
            ]
          ],
          "identity_schema_version": 0,
          "private": "eyJlMmJmYjczMC1lY2FhLTExZTYtOGY4OC0zNDM2M2JjN2M0YzAiOnsiY3JlYXRlIjoxODAwMDAwMDAwMDAwLCJkZWxldGUiOjE4MDAwMDAwMDAwMDAsInJlYWQiOjE4MDAwMDAwMDAwMDAsInVwZGF0ZSI6MTgwMDAwMDAwMDAwMH19",
          "dependencies": [
            "azurerm_key_vault.main",
            "azurerm_resource_group.main",
            "azurerm_role_assignment.current_user_keyvault_admin",
            "data.azurerm_client_config.current",
            "random_string.suffix"
          ]
        }
      ]
    },
    {
      "mode": "managed",
      "type": "azurerm_key_vault_secret",
      "name": "google_client_id",
      "provider": "provider[\"registry.terraform.io/hashicorp/azurerm\"]",
      "instances": [
        {
          "schema_version": 0,
          "attributes": {
            "content_type": "",
            "expiration_date": null,
            "id": "https://kv-kb-prod-wsvj.vault.azure.net/secrets/google-client-id/85016d308239487bb0beef95ae05d5e8",
            "key_vault_id": "/subscriptions/356b0996-276c-4104-b906-efa2014f9d64/resourceGroups/rg-kb-prod-wsvj/providers/Microsoft.KeyVault/vaults/kv-kb-prod-wsvj",
            "name": "google-client-id",
            "not_before_date": null,
            "resource_id": "/subscriptions/356b0996-276c-4104-b906-efa2014f9d64/resourceGroups/rg-kb-prod-wsvj/providers/Microsoft.KeyVault/vaults/kv-kb-prod-wsvj/secrets/google-client-id/versions/85016d308239487bb0beef95ae05d5e8",
            "resource_versionless_id": "/subscriptions/356b0996-276c-4104-b906-efa2014f9d64/resourceGroups/rg-kb-prod-wsvj/providers/Microsoft.KeyVault/vaults/kv-kb-prod-wsvj/secrets/google-client-id",
            "tags": {},
            "timeouts": null,
            "value": "888424200225-ipg13hbjcekv76cepor95g86p84degb6.apps.googleusercontent.com",
            "version": "404373b34ee54c1e81e198fe07178987",
            "versionless_id": "https://kv-kb-prod-wsvj.vault.azure.net/secrets/google-client-id"
          },
          "sensitive_attributes": [
            [
              {
                "type": "get_attr",
                "value": "value"
              }
            ]
          ],
          "identity_schema_version": 0,
          "private": "eyJlMmJmYjczMC1lY2FhLTExZTYtOGY4OC0zNDM2M2JjN2M0YzAiOnsiY3JlYXRlIjoxODAwMDAwMDAwMDAwLCJkZWxldGUiOjE4MDAwMDAwMDAwMDAsInJlYWQiOjE4MDAwMDAwMDAwMDAsInVwZGF0ZSI6MTgwMDAwMDAwMDAwMH19",
          "dependencies": [
            "azurerm_key_vault.main",
            "azurerm_resource_group.main",
            "azurerm_role_assignment.current_user_keyvault_admin",
            "data.azurerm_client_config.current",
            "random_string.suffix"
          ]
        }
      ]
    },
    {
      "mode": "managed",
      "type": "azurerm_key_vault_secret",
      "name": "google_client_secret",
      "provider": "provider[\"registry.terraform.io/hashicorp/azurerm\"]",
      "instances": [
        {
          "schema_version": 0,
          "attributes": {
            "content_type": "",
            "expiration_date": null,
            "id": "https://kv-kb-prod-wsvj.vault.azure.net/secrets/google-client-secret/2d281eb23c3048448bb97e512b1b4293",
            "key_vault_id": "/subscriptions/356b0996-276c-4104-b906-efa2014f9d64/resourceGroups/rg-kb-prod-wsvj/providers/Microsoft.KeyVault/vaults/kv-kb-prod-wsvj",
            "name": "google-client-secret",
            "not_before_date": null,
            "resource_id": "/subscriptions/356b0996-276c-4104-b906-efa2014f9d64/resourceGroups/rg-kb-prod-wsvj/providers/Microsoft.KeyVault/vaults/kv-kb-prod-wsvj/secrets/google-client-secret/versions/2d281eb23c3048448bb97e512b1b4293",
            "resource_versionless_id": "/subscriptions/356b0996-276c-4104-b906-efa2014f9d64/resourceGroups/rg-kb-prod-wsvj/providers/Microsoft.KeyVault/vaults/kv-kb-prod-wsvj/secrets/google-client-secret",
            "tags": {},
            "timeouts": null,
            "value": "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",
            "version": "b72ec21a7ac94ebaa85828c94b643d7a",
            "versionless_id": "https://kv-kb-prod-wsvj.vault.azure.net/secrets/google-client-secret"
          },
          "sensitive_attributes": [
            [
              {
                "type": "get_attr",
                "value": "value"
              }
            ]
          ],
          "identity_schema_version": 0,
          "private": "eyJlMmJmYjczMC1lY2FhLTExZTYtOGY4OC0zNDM2M2JjN2M0YzAiOnsiY3JlYXRlIjoxODAwMDAwMDAwMDAwLCJkZWxldGUiOjE4MDAwMDAwMDAwMDAsInJlYWQiOjE4MDAwMDAwMDAwMDAsInVwZGF0ZSI6MTgwMDAwMDAwMDAwMH19",
          "dependencies": [
            "azurerm_key_vault.main",
            "azurerm_resource_group.main",
            "azurerm_role_assignment.current_user_keyvault_admin",
            "data.azurerm_client_config.current",
            "random_string.suffix"
          ]
        }
      ]
    },
    {
      "mode": "managed",
      "type": "azurerm_key_vault_secret",
      "name": "minio_root_password",
      "provider": "provider[\"registry.terraform.io/hashicorp/azurerm\"]",
      "instances": [
        {
          "schema_version": 0,
          "attributes": {
            "content_type": "",
            "expiration_date": null,
            "id": "https://kv-kb-prod-wsvj.vault.azure.net/secrets/minio-root-password/86ddc8df06fa432fbb4a82768172c1ac",
            "key_vault_id": "/subscriptions/356b0996-276c-4104-b906-efa2014f9d64/resourceGroups/rg-kb-prod-wsvj/providers/Microsoft.KeyVault/vaults/kv-kb-prod-wsvj",
            "name": "minio-root-password",
            "not_before_date": null,
            "resource_id": "/subscriptions/356b0996-276c-4104-b906-efa2014f9d64/resourceGroups/rg-kb-prod-wsvj/providers/Microsoft.KeyVault/vaults/kv-kb-prod-wsvj/secrets/minio-root-password/versions/86ddc8df06fa432fbb4a82768172c1ac",
            "resource_versionless_id": "/subscriptions/356b0996-276c-4104-b906-efa2014f9d64/resourceGroups/rg-kb-prod-wsvj/providers/Microsoft.KeyVault/vaults/kv-kb-prod-wsvj/secrets/minio-root-password",
            "tags": {},
            "timeouts": null,
            "value": "=WktldcDAuzs#\u003cjWHk#Y@Fyd",
            "version": "86ddc8df06fa432fbb4a82768172c1ac",
            "versionless_id": "https://kv-kb-prod-wsvj.vault.azure.net/secrets/minio-root-password"
          },
          "sensitive_attributes": [
            [
              {
                "type": "get_attr",
                "value": "value"
              }
            ]
          ],
          "identity_schema_version": 0,
          "private": "eyJlMmJmYjczMC1lY2FhLTExZTYtOGY4OC0zNDM2M2JjN2M0YzAiOnsiY3JlYXRlIjoxODAwMDAwMDAwMDAwLCJkZWxldGUiOjE4MDAwMDAwMDAwMDAsInJlYWQiOjE4MDAwMDAwMDAwMDAsInVwZGF0ZSI6MTgwMDAwMDAwMDAwMH19",
          "dependencies": [
            "azurerm_key_vault.main",
            "azurerm_resource_group.main",
            "azurerm_role_assignment.current_user_keyvault_admin",
            "data.azurerm_client_config.current",
            "random_password.minio_root_password",
            "random_string.suffix"
          ]
        }
      ]
    },
    {
      "mode": "managed",
      "type": "azurerm_key_vault_secret",
      "name": "minio_root_user",
      "provider": "provider[\"registry.terraform.io/hashicorp/azurerm\"]",
      "instances": [
        {
          "schema_version": 0,
          "attributes": {
            "content_type": "",
            "expiration_date": null,
            "id": "https://kv-kb-prod-wsvj.vault.azure.net/secrets/minio-root-user/56ef486f2cef44159a46d4935e63a01f",
            "key_vault_id": "/subscriptions/356b0996-276c-4104-b906-efa2014f9d64/resourceGroups/rg-kb-prod-wsvj/providers/Microsoft.KeyVault/vaults/kv-kb-prod-wsvj",
            "name": "minio-root-user",
            "not_before_date": null,
            "resource_id": "/subscriptions/356b0996-276c-4104-b906-efa2014f9d64/resourceGroups/rg-kb-prod-wsvj/providers/Microsoft.KeyVault/vaults/kv-kb-prod-wsvj/secrets/minio-root-user/versions/56ef486f2cef44159a46d4935e63a01f",
            "resource_versionless_id": "/subscriptions/356b0996-276c-4104-b906-efa2014f9d64/resourceGroups/rg-kb-prod-wsvj/providers/Microsoft.KeyVault/vaults/kv-kb-prod-wsvj/secrets/minio-root-user",
            "tags": {},
            "timeouts": null,
            "value": "jTlkGgnLF5RJAZ3U",
            "version": "56ef486f2cef44159a46d4935e63a01f",
            "versionless_id": "https://kv-kb-prod-wsvj.vault.azure.net/secrets/minio-root-user"
          },
          "sensitive_attributes": [
            [
              {
                "type": "get_attr",
                "value": "value"
              }
            ]
          ],
          "identity_schema_version": 0,
          "private": "eyJlMmJmYjczMC1lY2FhLTExZTYtOGY4OC0zNDM2M2JjN2M0YzAiOnsiY3JlYXRlIjoxODAwMDAwMDAwMDAwLCJkZWxldGUiOjE4MDAwMDAwMDAwMDAsInJlYWQiOjE4MDAwMDAwMDAwMDAsInVwZGF0ZSI6MTgwMDAwMDAwMDAwMH19",
          "dependencies": [
            "azurerm_key_vault.main",
            "azurerm_resource_group.main",
            "azurerm_role_assignment.current_user_keyvault_admin",
            "data.azurerm_client_config.current",
            "random_password.minio_root_user",
            "random_string.suffix"
          ]
        }
      ]
    },
    {
      "mode": "managed",
      "type": "azurerm_key_vault_secret",
      "name": "mysql_root_password",
      "provider": "provider[\"registry.terraform.io/hashicorp/azurerm\"]",
      "instances": [
        {
          "schema_version": 0,
          "attributes": {
            "content_type": "",
            "expiration_date": null,
            "id": "https://kv-kb-prod-wsvj.vault.azure.net/secrets/mysql-root-password/164f82e0a5c24bbfa6bd0fc5f11f83d4",
            "key_vault_id": "/subscriptions/356b0996-276c-4104-b906-efa2014f9d64/resourceGroups/rg-kb-prod-wsvj/providers/Microsoft.KeyVault/vaults/kv-kb-prod-wsvj",
            "name": "mysql-root-password",
            "not_before_date": null,
            "resource_id": "/subscriptions/356b0996-276c-4104-b906-efa2014f9d64/resourceGroups/rg-kb-prod-wsvj/providers/Microsoft.KeyVault/vaults/kv-kb-prod-wsvj/secrets/mysql-root-password/versions/164f82e0a5c24bbfa6bd0fc5f11f83d4",
            "resource_versionless_id": "/subscriptions/356b0996-276c-4104-b906-efa2014f9d64/resourceGroups/rg-kb-prod-wsvj/providers/Microsoft.KeyVault/vaults/kv-kb-prod-wsvj/secrets/mysql-root-password",
            "tags": {},
            "timeouts": null,
            "value": "Xr?N$pw(3PJSbALV",
            "version": "164f82e0a5c24bbfa6bd0fc5f11f83d4",
            "versionless_id": "https://kv-kb-prod-wsvj.vault.azure.net/secrets/mysql-root-password"
          },
          "sensitive_attributes": [
            [
              {
                "type": "get_attr",
                "value": "value"
              }
            ]
          ],
          "identity_schema_version": 0,
          "private": "eyJlMmJmYjczMC1lY2FhLTExZTYtOGY4OC0zNDM2M2JjN2M0YzAiOnsiY3JlYXRlIjoxODAwMDAwMDAwMDAwLCJkZWxldGUiOjE4MDAwMDAwMDAwMDAsInJlYWQiOjE4MDAwMDAwMDAwMDAsInVwZGF0ZSI6MTgwMDAwMDAwMDAwMH19",
          "dependencies": [
            "azurerm_key_vault.main",
            "azurerm_resource_group.main",
            "azurerm_role_assignment.current_user_keyvault_admin",
            "data.azurerm_client_config.current",
            "random_password.mysql_root",
            "random_string.suffix"
          ]
        }
      ]
    },
    {
      "mode": "managed",
      "type": "azurerm_key_vault_secret",
      "name": "mysql_user_password",
      "provider": "provider[\"registry.terraform.io/hashicorp/azurerm\"]",
      "instances": [
        {
          "schema_version": 0,
          "attributes": {
            "content_type": "",
            "expiration_date": null,
            "id": "https://kv-kb-prod-wsvj.vault.azure.net/secrets/mysql-user-password/47500b4c22144237ba84905157605173",
            "key_vault_id": "/subscriptions/356b0996-276c-4104-b906-efa2014f9d64/resourceGroups/rg-kb-prod-wsvj/providers/Microsoft.KeyVault/vaults/kv-kb-prod-wsvj",
            "name": "mysql-user-password",
            "not_before_date": null,
            "resource_id": "/subscriptions/356b0996-276c-4104-b906-efa2014f9d64/resourceGroups/rg-kb-prod-wsvj/providers/Microsoft.KeyVault/vaults/kv-kb-prod-wsvj/secrets/mysql-user-password/versions/47500b4c22144237ba84905157605173",
            "resource_versionless_id": "/subscriptions/356b0996-276c-4104-b906-efa2014f9d64/resourceGroups/rg-kb-prod-wsvj/providers/Microsoft.KeyVault/vaults/kv-kb-prod-wsvj/secrets/mysql-user-password",
            "tags": {},
            "timeouts": null,
            "value": "$CAj#I#yrcUxJ*XP",
            "version": "47500b4c22144237ba84905157605173",
            "versionless_id": "https://kv-kb-prod-wsvj.vault.azure.net/secrets/mysql-user-password"
          },
          "sensitive_attributes": [
            [
              {
                "type": "get_attr",
                "value": "value"
              }
            ]
          ],
          "identity_schema_version": 0,
          "private": "eyJlMmJmYjczMC1lY2FhLTExZTYtOGY4OC0zNDM2M2JjN2M0YzAiOnsiY3JlYXRlIjoxODAwMDAwMDAwMDAwLCJkZWxldGUiOjE4MDAwMDAwMDAwMDAsInJlYWQiOjE4MDAwMDAwMDAwMDAsInVwZGF0ZSI6MTgwMDAwMDAwMDAwMH19",
          "dependencies": [
            "azurerm_key_vault.main",
            "azurerm_resource_group.main",
            "azurerm_role_assignment.current_user_keyvault_admin",
            "data.azurerm_client_config.current",
            "random_password.mysql_user",
            "random_string.suffix"
          ]
        }
      ]
    },
    {
      "mode": "managed",
      "type": "azurerm_resource_group",
      "name": "main",
      "provider": "provider[\"registry.terraform.io/hashicorp/azurerm\"]",
      "instances": [
        {
          "schema_version": 0,
          "attributes": {
            "id": "/subscriptions/356b0996-276c-4104-b906-efa2014f9d64/resourceGroups/rg-kb-prod-wsvj",
            "location": "australiaeast",
            "managed_by": "",
            "name": "rg-kb-prod-wsvj",
            "tags": {
              "Environment": "prod",
              "ManagedBy": "terraform",
              "Owner": "charles",
              "Project": "bookstack-kb"
            },
            "timeouts": null
          },
          "sensitive_attributes": [],
          "identity_schema_version": 0,
          "private": "eyJlMmJmYjczMC1lY2FhLTExZTYtOGY4OC0zNDM2M2JjN2M0YzAiOnsiY3JlYXRlIjo1NDAwMDAwMDAwMDAwLCJkZWxldGUiOjU0MDAwMDAwMDAwMDAsInJlYWQiOjMwMDAwMDAwMDAwMCwidXBkYXRlIjo1NDAwMDAwMDAwMDAwfX0=",
          "dependencies": [
            "random_string.suffix"
          ]
        }
      ]
    },
    {
      "mode": "managed",
      "type": "azurerm_role_assignment",
      "name": "current_user_keyvault_admin",
      "provider": "provider[\"registry.terraform.io/hashicorp/azurerm\"]",
      "instances": [
        {
          "schema_version": 0,
          "attributes": {
            "condition": "",
            "condition_version": "",
            "delegated_managed_identity_resource_id": "",
            "description": "",
            "id": "/subscriptions/356b0996-276c-4104-b906-efa2014f9d64/resourceGroups/rg-kb-prod-wsvj/providers/Microsoft.KeyVault/vaults/kv-kb-prod-wsvj/providers/Microsoft.Authorization/roleAssignments/751a6a6c-61de-0294-ffaf-314f0aeab878",
            "name": "751a6a6c-61de-0294-ffaf-314f0aeab878",
            "principal_id": "68a3bc1c-0d3f-4057-8dc3-136007f017bd",
            "principal_type": "User",
            "role_definition_id": "/subscriptions/356b0996-276c-4104-b906-efa2014f9d64/providers/Microsoft.Authorization/roleDefinitions/00482a5a-887f-4fb3-b363-3b7fe8e74483",
            "role_definition_name": "Key Vault Administrator",
            "scope": "/subscriptions/356b0996-276c-4104-b906-efa2014f9d64/resourceGroups/rg-kb-prod-wsvj/providers/Microsoft.KeyVault/vaults/kv-kb-prod-wsvj",
            "skip_service_principal_aad_check": null,
            "timeouts": null
          },
          "sensitive_attributes": [],
          "identity_schema_version": 0,
          "private": "eyJlMmJmYjczMC1lY2FhLTExZTYtOGY4OC0zNDM2M2JjN2M0YzAiOnsiY3JlYXRlIjoxODAwMDAwMDAwMDAwLCJkZWxldGUiOjE4MDAwMDAwMDAwMDAsInJlYWQiOjMwMDAwMDAwMDAwMH19",
          "dependencies": [
            "azurerm_key_vault.main",
            "azurerm_resource_group.main",
            "data.azurerm_client_config.current",
            "random_string.suffix"
          ]
        }
      ]
    },
    {
      "mode": "managed",
      "type": "azurerm_role_assignment",
      "name": "keyvault_secrets_user",
      "provider": "provider[\"registry.terraform.io/hashicorp/azurerm\"]",
      "instances": [
        {
          "schema_version": 0,
          "attributes": {
            "condition": "",
            "condition_version": "",
            "delegated_managed_identity_resource_id": "",
            "description": "",
            "id": "/subscriptions/356b0996-276c-4104-b906-efa2014f9d64/resourceGroups/rg-kb-prod-wsvj/providers/Microsoft.KeyVault/vaults/kv-kb-prod-wsvj/providers/Microsoft.Authorization/roleAssignments/c3ae1bee-82d4-76ec-eb24-5a9098b559ca",
            "name": "c3ae1bee-82d4-76ec-eb24-5a9098b559ca",
            "principal_id": "57a24958-52c8-4b44-bfc7-9114ed3f1855",
            "principal_type": "ServicePrincipal",
            "role_definition_id": "/subscriptions/356b0996-276c-4104-b906-efa2014f9d64/providers/Microsoft.Authorization/roleDefinitions/4633458b-17de-408a-b874-0445c86b69e6",
            "role_definition_name": "Key Vault Secrets User",
            "scope": "/subscriptions/356b0996-276c-4104-b906-efa2014f9d64/resourceGroups/rg-kb-prod-wsvj/providers/Microsoft.KeyVault/vaults/kv-kb-prod-wsvj",
            "skip_service_principal_aad_check": null,
            "timeouts": null
          },
          "sensitive_attributes": [],
          "identity_schema_version": 0,
          "private": "eyJlMmJmYjczMC1lY2FhLTExZTYtOGY4OC0zNDM2M2JjN2M0YzAiOnsiY3JlYXRlIjoxODAwMDAwMDAwMDAwLCJkZWxldGUiOjE4MDAwMDAwMDAwMDAsInJlYWQiOjMwMDAwMDAwMDAwMH19",
          "dependencies": [
            "azurerm_key_vault.main",
            "azurerm_resource_group.main",
            "azurerm_user_assigned_identity.main",
            "data.azurerm_client_config.current",
            "random_string.suffix"
          ]
        }
      ]
    },
    {
      "mode": "managed",
      "type": "azurerm_storage_account",
      "name": "main",
      "provider": "provider[\"registry.terraform.io/hashicorp/azurerm\"]",
      "instances": [
        {
          "schema_version": 4,
          "attributes": {
            "access_tier": "Hot",
            "account_kind": "StorageV2",
            "account_replication_type": "LRS",
            "account_tier": "Standard",
            "allow_nested_items_to_be_public": true,
            "allowed_copy_scope": "",
            "azure_files_authentication": [],
            "blob_properties": [
              {
                "change_feed_enabled": false,
                "change_feed_retention_in_days": 0,
                "container_delete_retention_policy": [],
                "cors_rule": [],
                "default_service_version": "",
                "delete_retention_policy": [],
                "last_access_time_enabled": false,
                "restore_policy": [],
                "versioning_enabled": false
              }
            ],
            "cross_tenant_replication_enabled": true,
            "custom_domain": [],
            "customer_managed_key": [],
            "default_to_oauth_authentication": false,
            "dns_endpoint_type": "Standard",
            "edge_zone": "",
            "enable_https_traffic_only": true,
            "https_traffic_only_enabled": true,
            "id": "/subscriptions/356b0996-276c-4104-b906-efa2014f9d64/resourceGroups/rg-kb-prod-wsvj/providers/Microsoft.Storage/storageAccounts/stkbprodwsvj",
            "identity": [],
            "immutability_policy": [],
            "infrastructure_encryption_enabled": false,
            "is_hns_enabled": false,
            "large_file_share_enabled": false,
            "local_user_enabled": true,
            "location": "australiaeast",
            "min_tls_version": "TLS1_2",
            "name": "stkbprodwsvj",
            "network_rules": [],
            "nfsv3_enabled": false,
            "primary_access_key": "qoE1gQBQBQmcc0ykVa8wYZ9SnVl7LvL8InKeo5z08KOkKmjWWR9XzZfU1/d3H6+FSFTwIGhaW/7/+ASt/B4W7A==",
            "primary_blob_connection_string": "DefaultEndpointsProtocol=https;BlobEndpoint=https://stkbprodwsvj.blob.core.windows.net/;AccountName=stkbprodwsvj;AccountKey=qoE1gQBQBQmcc0ykVa8wYZ9SnVl7LvL8InKeo5z08KOkKmjWWR9XzZfU1/d3H6+FSFTwIGhaW/7/+ASt/B4W7A==",
            "primary_blob_endpoint": "https://stkbprodwsvj.blob.core.windows.net/",
            "primary_blob_host": "stkbprodwsvj.blob.core.windows.net",
            "primary_blob_internet_endpoint": "",
            "primary_blob_internet_host": "",
            "primary_blob_microsoft_endpoint": "",
            "primary_blob_microsoft_host": "",
            "primary_connection_string": "DefaultEndpointsProtocol=https;AccountName=stkbprodwsvj;AccountKey=qoE1gQBQBQmcc0ykVa8wYZ9SnVl7LvL8InKeo5z08KOkKmjWWR9XzZfU1/d3H6+FSFTwIGhaW/7/+ASt/B4W7A==;EndpointSuffix=core.windows.net",
            "primary_dfs_endpoint": "https://stkbprodwsvj.dfs.core.windows.net/",
            "primary_dfs_host": "stkbprodwsvj.dfs.core.windows.net",
            "primary_dfs_internet_endpoint": "",
            "primary_dfs_internet_host": "",
            "primary_dfs_microsoft_endpoint": "",
            "primary_dfs_microsoft_host": "",
            "primary_file_endpoint": "https://stkbprodwsvj.file.core.windows.net/",
            "primary_file_host": "stkbprodwsvj.file.core.windows.net",
            "primary_file_internet_endpoint": "",
            "primary_file_internet_host": "",
            "primary_file_microsoft_endpoint": "",
            "primary_file_microsoft_host": "",
            "primary_location": "australiaeast",
            "primary_queue_endpoint": "https://stkbprodwsvj.queue.core.windows.net/",
            "primary_queue_host": "stkbprodwsvj.queue.core.windows.net",
            "primary_queue_microsoft_endpoint": "",
            "primary_queue_microsoft_host": "",
            "primary_table_endpoint": "https://stkbprodwsvj.table.core.windows.net/",
            "primary_table_host": "stkbprodwsvj.table.core.windows.net",
            "primary_table_microsoft_endpoint": "",
            "primary_table_microsoft_host": "",
            "primary_web_endpoint": "https://stkbprodwsvj.z8.web.core.windows.net/",
            "primary_web_host": "stkbprodwsvj.z8.web.core.windows.net",
            "primary_web_internet_endpoint": "",
            "primary_web_internet_host": "",
            "primary_web_microsoft_endpoint": "",
            "primary_web_microsoft_host": "",
            "public_network_access_enabled": true,
            "queue_encryption_key_type": "Service",
            "queue_properties": [
              {
                "cors_rule": [],
                "hour_metrics": [
                  {
                    "enabled": false,
                    "include_apis": false,
                    "retention_policy_days": 0,
                    "version": "1.0"
                  }
                ],
                "logging": [
                  {
                    "delete": false,
                    "read": false,
                    "retention_policy_days": 0,
                    "version": "1.0",
                    "write": false
                  }
                ],
                "minute_metrics": [
                  {
                    "enabled": false,
                    "include_apis": false,
                    "retention_policy_days": 0,
                    "version": "1.0"
                  }
                ]
              }
            ],
            "resource_group_name": "rg-kb-prod-wsvj",
            "routing": [],
            "sas_policy": [],
            "secondary_access_key": "4LVwnxgbVz030atzMXf6X0DYSH14NQasT+p2FUIbeh3wXAD+AqsoRdckk6j1LI2aPkMSy8Ek8Yos+ASt9I56Iw==",
            "secondary_blob_connection_string": "",
            "secondary_blob_endpoint": "",
            "secondary_blob_host": "",
            "secondary_blob_internet_endpoint": "",
            "secondary_blob_internet_host": "",
            "secondary_blob_microsoft_endpoint": "",
            "secondary_blob_microsoft_host": "",
            "secondary_connection_string": "DefaultEndpointsProtocol=https;AccountName=stkbprodwsvj;AccountKey=4LVwnxgbVz030atzMXf6X0DYSH14NQasT+p2FUIbeh3wXAD+AqsoRdckk6j1LI2aPkMSy8Ek8Yos+ASt9I56Iw==;EndpointSuffix=core.windows.net",
            "secondary_dfs_endpoint": "",
            "secondary_dfs_host": "",
            "secondary_dfs_internet_endpoint": "",
            "secondary_dfs_internet_host": "",
            "secondary_dfs_microsoft_endpoint": "",
            "secondary_dfs_microsoft_host": "",
            "secondary_file_endpoint": "",
            "secondary_file_host": "",
            "secondary_file_internet_endpoint": "",
            "secondary_file_internet_host": "",
            "secondary_file_microsoft_endpoint": "",
            "secondary_file_microsoft_host": "",
            "secondary_location": "",
            "secondary_queue_endpoint": "",
            "secondary_queue_host": "",
            "secondary_queue_microsoft_endpoint": "",
            "secondary_queue_microsoft_host": "",
            "secondary_table_endpoint": "",
            "secondary_table_host": "",
            "secondary_table_microsoft_endpoint": "",
            "secondary_table_microsoft_host": "",
            "secondary_web_endpoint": "",
            "secondary_web_host": "",
            "secondary_web_internet_endpoint": "",
            "secondary_web_internet_host": "",
            "secondary_web_microsoft_endpoint": "",
            "secondary_web_microsoft_host": "",
            "sftp_enabled": false,
            "share_properties": [
              {
                "cors_rule": [],
                "retention_policy": [
                  {
                    "days": 7
                  }
                ],
                "smb": []
              }
            ],
            "shared_access_key_enabled": true,
            "static_website": [],
            "table_encryption_key_type": "Service",
            "tags": {
              "Environment": "prod",
              "ManagedBy": "terraform",
              "Owner": "charles",
              "Project": "bookstack-kb"
            },
            "timeouts": null
          },
          "sensitive_attributes": [
            [
              {
                "type": "get_attr",
                "value": "primary_access_key"
              }
            ],
            [
              {
                "type": "get_attr",
                "value": "primary_blob_connection_string"
              }
            ],
            [
              {
                "type": "get_attr",
                "value": "primary_connection_string"
              }
            ],
            [
              {
                "type": "get_attr",
                "value": "secondary_access_key"
              }
            ],
            [
              {
                "type": "get_attr",
                "value": "secondary_blob_connection_string"
              }
            ],
            [
              {
                "type": "get_attr",
                "value": "secondary_connection_string"
              }
            ]
          ],
          "identity_schema_version": 0,
          "private": "eyJlMmJmYjczMC1lY2FhLTExZTYtOGY4OC0zNDM2M2JjN2M0YzAiOnsiY3JlYXRlIjozNjAwMDAwMDAwMDAwLCJkZWxldGUiOjM2MDAwMDAwMDAwMDAsInJlYWQiOjMwMDAwMDAwMDAwMCwidXBkYXRlIjozNjAwMDAwMDAwMDAwfSwic2NoZW1hX3ZlcnNpb24iOiI0In0=",
          "dependencies": [
            "azurerm_resource_group.main",
            "random_string.suffix"
          ]
        }
      ]
    },
    {
      "mode": "managed",
      "type": "azurerm_storage_share",
      "name": "bookstack_data",
      "provider": "provider[\"registry.terraform.io/hashicorp/azurerm\"]",
      "instances": [
        {
          "schema_version": 2,
          "attributes": {
            "access_tier": "TransactionOptimized",
            "acl": [],
            "enabled_protocol": "SMB",
            "id": "https://stkbprodwsvj.file.core.windows.net/bookstack-data",
            "metadata": {},
            "name": "bookstack-data",
            "quota": 5,
            "resource_manager_id": "/subscriptions/356b0996-276c-4104-b906-efa2014f9d64/resourceGroups/rg-kb-prod-wsvj/providers/Microsoft.Storage/storageAccounts/stkbprodwsvj/fileServices/default/fileshares/bookstack-data",
            "storage_account_name": "stkbprodwsvj",
            "timeouts": null,
            "url": "https://stkbprodwsvj.file.core.windows.net/bookstack-data"
          },
          "sensitive_attributes": [],
          "identity_schema_version": 0,
          "private": "eyJlMmJmYjczMC1lY2FhLTExZTYtOGY4OC0zNDM2M2JjN2M0YzAiOnsiY3JlYXRlIjoxODAwMDAwMDAwMDAwLCJkZWxldGUiOjE4MDAwMDAwMDAwMDAsInJlYWQiOjMwMDAwMDAwMDAwMCwidXBkYXRlIjoxODAwMDAwMDAwMDAwfSwic2NoZW1hX3ZlcnNpb24iOiIyIn0=",
          "dependencies": [
            "azurerm_resource_group.main",
            "azurerm_storage_account.main",
            "random_string.suffix"
          ]
        }
      ]
    },
    {
      "mode": "managed",
      "type": "azurerm_storage_share",
      "name": "mariadb_data",
      "provider": "provider[\"registry.terraform.io/hashicorp/azurerm\"]",
      "instances": [
        {
          "schema_version": 2,
          "attributes": {
            "access_tier": "TransactionOptimized",
            "acl": [],
            "enabled_protocol": "SMB",
            "id": "https://stkbprodwsvj.file.core.windows.net/mariadb-data",
            "metadata": {},
            "name": "mariadb-data",
            "quota": 10,
            "resource_manager_id": "/subscriptions/356b0996-276c-4104-b906-efa2014f9d64/resourceGroups/rg-kb-prod-wsvj/providers/Microsoft.Storage/storageAccounts/stkbprodwsvj/fileServices/default/fileshares/mariadb-data",
            "storage_account_name": "stkbprodwsvj",
            "timeouts": null,
            "url": "https://stkbprodwsvj.file.core.windows.net/mariadb-data"
          },
          "sensitive_attributes": [],
          "identity_schema_version": 0,
          "private": "eyJlMmJmYjczMC1lY2FhLTExZTYtOGY4OC0zNDM2M2JjN2M0YzAiOnsiY3JlYXRlIjoxODAwMDAwMDAwMDAwLCJkZWxldGUiOjE4MDAwMDAwMDAwMDAsInJlYWQiOjMwMDAwMDAwMDAwMCwidXBkYXRlIjoxODAwMDAwMDAwMDAwfSwic2NoZW1hX3ZlcnNpb24iOiIyIn0=",
          "dependencies": [
            "azurerm_resource_group.main",
            "azurerm_storage_account.main",
            "random_string.suffix"
          ]
        }
      ]
    },
    {
      "mode": "managed",
      "type": "azurerm_storage_share",
      "name": "minio_data",
      "provider": "provider[\"registry.terraform.io/hashicorp/azurerm\"]",
      "instances": [
        {
          "schema_version": 2,
          "attributes": {
            "access_tier": "TransactionOptimized",
            "acl": [],
            "enabled_protocol": "SMB",
            "id": "https://stkbprodwsvj.file.core.windows.net/minio-data",
            "metadata": {},
            "name": "minio-data",
            "quota": 20,
            "resource_manager_id": "/subscriptions/356b0996-276c-4104-b906-efa2014f9d64/resourceGroups/rg-kb-prod-wsvj/providers/Microsoft.Storage/storageAccounts/stkbprodwsvj/fileServices/default/fileshares/minio-data",
            "storage_account_name": "stkbprodwsvj",
            "timeouts": null,
            "url": "https://stkbprodwsvj.file.core.windows.net/minio-data"
          },
          "sensitive_attributes": [],
          "identity_schema_version": 0,
          "private": "eyJlMmJmYjczMC1lY2FhLTExZTYtOGY4OC0zNDM2M2JjN2M0YzAiOnsiY3JlYXRlIjoxODAwMDAwMDAwMDAwLCJkZWxldGUiOjE4MDAwMDAwMDAwMDAsInJlYWQiOjMwMDAwMDAwMDAwMCwidXBkYXRlIjoxODAwMDAwMDAwMDAwfSwic2NoZW1hX3ZlcnNpb24iOiIyIn0=",
          "dependencies": [
            "azurerm_resource_group.main",
            "azurerm_storage_account.main",
            "random_string.suffix"
          ]
        }
      ]
    },
    {
      "mode": "managed",
      "type": "azurerm_user_assigned_identity",
      "name": "main",
      "provider": "provider[\"registry.terraform.io/hashicorp/azurerm\"]",
      "instances": [
        {
          "schema_version": 1,
          "attributes": {
            "client_id": "76576c27-f379-48ef-b702-c17e75c1a4f6",
            "id": "/subscriptions/356b0996-276c-4104-b906-efa2014f9d64/resourceGroups/rg-kb-prod-wsvj/providers/Microsoft.ManagedIdentity/userAssignedIdentities/id-kb-prod-wsvj",
            "location": "australiaeast",
            "name": "id-kb-prod-wsvj",
            "principal_id": "57a24958-52c8-4b44-bfc7-9114ed3f1855",
            "resource_group_name": "rg-kb-prod-wsvj",
            "tags": {
              "Environment": "prod",
              "ManagedBy": "terraform",
              "Owner": "charles",
              "Project": "bookstack-kb"
            },
            "tenant_id": "42ff806a-1ba2-48f1-a4af-eadec06d2486",
            "timeouts": null
          },
          "sensitive_attributes": [],
          "identity_schema_version": 0,
          "private": "eyJlMmJmYjczMC1lY2FhLTExZTYtOGY4OC0zNDM2M2JjN2M0YzAiOnsiY3JlYXRlIjoxODAwMDAwMDAwMDAwLCJkZWxldGUiOjE4MDAwMDAwMDAwMDAsInJlYWQiOjMwMDAwMDAwMDAwMCwidXBkYXRlIjoxODAwMDAwMDAwMDAwfSwic2NoZW1hX3ZlcnNpb24iOiIxIn0=",
          "dependencies": [
            "azurerm_resource_group.main",
            "random_string.suffix"
          ]
        }
      ]
    },
    {
      "mode": "managed",
      "type": "cloudflare_record",
      "name": "bookstack",
      "provider": "provider[\"registry.terraform.io/cloudflare/cloudflare\"]",
      "instances": [
        {
          "schema_version": 3,
          "attributes": {
            "allow_overwrite": false,
            "comment": "Managed by Terraform - points to Cloudflare tunnel for kb-prod",
            "content": null,
            "created_on": "2025-08-08T03:48:14.566731Z",
            "data": [],
            "hostname": "pulse.heartbeatchurch.com.au",
            "id": "a778144fb2df3bc6140a231636cfef7a",
            "metadata": {},
            "modified_on": "2025-08-08T03:48:14.566731Z",
            "name": "pulse",
            "priority": null,
            "proxiable": true,
            "proxied": true,
            "tags": [],
            "timeouts": null,
            "ttl": 1,
            "type": "CNAME",
            "value": "9747d0ee-ae9d-41e0-8bf5-0b84622719c1.cfargotunnel.com",
            "zone_id": "80440a32523d928c9d7e015168a67758"
          },
          "sensitive_attributes": [],
          "identity_schema_version": 0,
          "private": "eyJlMmJmYjczMC1lY2FhLTExZTYtOGY4OC0zNDM2M2JjN2M0YzAiOnsiY3JlYXRlIjozMDAwMDAwMDAwMCwidXBkYXRlIjozMDAwMDAwMDAwMH0sInNjaGVtYV92ZXJzaW9uIjoiMyJ9",
          "dependencies": [
            "cloudflare_zero_trust_tunnel_cloudflared.bookstack",
            "random_string.tunnel_secret"
          ]
        }
      ]
    },
    {
      "mode": "managed",
      "type": "cloudflare_zero_trust_tunnel_cloudflared",
      "name": "bookstack",
      "provider": "provider[\"registry.terraform.io/cloudflare/cloudflare\"]",
      "instances": [
        {
          "schema_version": 0,
          "attributes": {
            "account_id": "d26a8771162442a563371ea8097acc89",
            "cname": "9747d0ee-ae9d-41e0-8bf5-0b84622719c1.cfargotunnel.com",
            "config_src": null,
            "id": "9747d0ee-ae9d-41e0-8bf5-0b84622719c1",
            "name": "kb-prod-tunnel",
            "secret": "Z09RNkRmTVRCbnVQSkYweHUxN0pZb241b1lwVkZObHQ4cmdLZ3hsbDVQYjlQM3RubU5iMTJsd29CRU1FamwyZg==",
            "tunnel_token": "eyJhIjoiZDI2YTg3NzExNjI0NDJhNTYzMzcxZWE4MDk3YWNjODkiLCJ0IjoiOTc0N2QwZWUtYWU5ZC00MWUwLThiZjUtMGI4NDYyMjcxOWMxIiwicyI6IlowOVJOa1JtVFZSQ2JuVlFTa1l3ZUhVeE4wcFpiMjQxYjFsd1ZrWk9iSFE0Y21kTFozaHNiRFZRWWpsUU0zUnViVTVpTVRKc2QyOUNSVTFGYW13eVpnPT0ifQ=="
          },
          "sensitive_attributes": [
            [
              {
                "type": "get_attr",
                "value": "secret"
              }
            ],
            [
              {
                "type": "get_attr",
                "value": "tunnel_token"
              }
            ]
          ],
          "identity_schema_version": 0,
          "private": "bnVsbA==",
          "dependencies": [
            "random_string.tunnel_secret"
          ]
        }
      ]
    },
    {
      "mode": "managed",
      "type": "cloudflare_zero_trust_tunnel_cloudflared_config",
      "name": "bookstack",
      "provider": "provider[\"registry.terraform.io/cloudflare/cloudflare\"]",
      "instances": [
        {
          "schema_version": 0,
          "attributes": {
            "account_id": "d26a8771162442a563371ea8097acc89",
            "config": [
              {
                "ingress_rule": [
                  {
                    "hostname": "pulse.heartbeatchurch.com.au",
                    "origin_request": [
                      {
                        "access": [],
                        "bastion_mode": false,
                        "ca_pool": "",
                        "connect_timeout": "30s",
                        "disable_chunked_encoding": false,
                        "http2_origin": false,
                        "http_host_header": "pulse.heartbeatchurch.com.au",
                        "ip_rules": [],
                        "keep_alive_connections": 100,
                        "keep_alive_timeout": "1m30s",
                        "no_happy_eyeballs": false,
                        "no_tls_verify": false,
                        "origin_server_name": "",
                        "proxy_address": "127.0.0.1",
                        "proxy_port": 0,
                        "proxy_type": "",
                        "tcp_keep_alive": "30s",
                        "tls_timeout": "10s"
                      }
                    ],
                    "path": "",
                    "service": "http://localhost:80"
                  },
                  {
                    "hostname": "",
                    "origin_request": [],
                    "path": "",
                    "service": "http_status:404"
                  }
                ],
                "origin_request": [],
                "warp_routing": []
              }
            ],
            "id": "9747d0ee-ae9d-41e0-8bf5-0b84622719c1",
            "tunnel_id": "9747d0ee-ae9d-41e0-8bf5-0b84622719c1"
          },
          "sensitive_attributes": [],
          "identity_schema_version": 0,
          "private": "bnVsbA==",
          "dependencies": [
            "cloudflare_zero_trust_tunnel_cloudflared.bookstack",
            "random_string.tunnel_secret"
          ]
        }
      ]
    },
    {
      "mode": "managed",
      "type": "random_password",
      "name": "app_key",
      "provider": "provider[\"registry.terraform.io/hashicorp/random\"]",
      "instances": [
        {
          "schema_version": 3,
          "attributes": {
            "bcrypt_hash": "$2a$10$c4Sl732G11F/6Pj/ESYggOibeSqZk57ZKIcgfqYSbQ2MVQXRi3jWu",
            "id": "none",
            "keepers": null,
            "length": 32,
            "lower": true,
            "min_lower": 0,
            "min_numeric": 0,
            "min_special": 0,
            "min_upper": 0,
            "number": true,
            "numeric": true,
            "override_special": null,
            "result": "(1k)r1qFFp[xLxjgC3E)2q2%dDMK*khb",
            "special": true,
            "upper": true
          },
          "sensitive_attributes": [
            [
              {
                "type": "get_attr",
                "value": "bcrypt_hash"
              }
            ],
            [
              {
                "type": "get_attr",
                "value": "result"
              }
            ]
          ],
          "identity_schema_version": 0
        }
      ]
    },
    {
      "mode": "managed",
      "type": "random_password",
      "name": "minio_root_password",
      "provider": "provider[\"registry.terraform.io/hashicorp/random\"]",
      "instances": [
        {
          "schema_version": 3,
          "attributes": {
            "bcrypt_hash": "$2a$10$AlROGMXceSt4.O7I/l4qsuW0e2vVFOoaks0vzLI/jlNGzoD9ZsL6i",
            "id": "none",
            "keepers": null,
            "length": 24,
            "lower": true,
            "min_lower": 0,
            "min_numeric": 0,
            "min_special": 0,
            "min_upper": 0,
            "number": true,
            "numeric": true,
            "override_special": null,
            "result": "=WktldcDAuzs#\u003cjWHk#Y@Fyd",
            "special": true,
            "upper": true
          },
          "sensitive_attributes": [
            [
              {
                "type": "get_attr",
                "value": "bcrypt_hash"
              }
            ],
            [
              {
                "type": "get_attr",
                "value": "result"
              }
            ]
          ],
          "identity_schema_version": 0
        }
      ]
    },
    {
      "mode": "managed",
      "type": "random_password",
      "name": "minio_root_user",
      "provider": "provider[\"registry.terraform.io/hashicorp/random\"]",
      "instances": [
        {
          "schema_version": 3,
          "attributes": {
            "bcrypt_hash": "$2a$10$0naf1yEA7.HoQ5KBiZ2nkukLOnjz1cOsIPRkpvqBdenj60S3j5/0q",
            "id": "none",
            "keepers": null,
            "length": 16,
            "lower": true,
            "min_lower": 0,
            "min_numeric": 0,
            "min_special": 0,
            "min_upper": 0,
            "number": true,
            "numeric": true,
            "override_special": null,
            "result": "jTlkGgnLF5RJAZ3U",
            "special": false,
            "upper": true
          },
          "sensitive_attributes": [
            [
              {
                "type": "get_attr",
                "value": "bcrypt_hash"
              }
            ],
            [
              {
                "type": "get_attr",
                "value": "result"
              }
            ]
          ],
          "identity_schema_version": 0
        }
      ]
    },
    {
      "mode": "managed",
      "type": "random_password",
      "name": "mysql_root",
      "provider": "provider[\"registry.terraform.io/hashicorp/random\"]",
      "instances": [
        {
          "schema_version": 3,
          "attributes": {
            "bcrypt_hash": "$2a$10$CNoOYoHP/4UBNelOkBqqUeejO0nOij1LihE8NW9jTj7w5nhRC59SW",
            "id": "none",
            "keepers": null,
            "length": 16,
            "lower": true,
            "min_lower": 0,
            "min_numeric": 0,
            "min_special": 0,
            "min_upper": 0,
            "number": true,
            "numeric": true,
            "override_special": null,
            "result": "Xr?N$pw(3PJSbALV",
            "special": true,
            "upper": true
          },
          "sensitive_attributes": [
            [
              {
                "type": "get_attr",
                "value": "bcrypt_hash"
              }
            ],
            [
              {
                "type": "get_attr",
                "value": "result"
              }
            ]
          ],
          "identity_schema_version": 0
        }
      ]
    },
    {
      "mode": "managed",
      "type": "random_password",
      "name": "mysql_user",
      "provider": "provider[\"registry.terraform.io/hashicorp/random\"]",
      "instances": [
        {
          "schema_version": 3,
          "attributes": {
            "bcrypt_hash": "$2a$10$Q79Gay.h64weacGBZooTnOG2/dy2hz/bRcHpLkpbDp4LXHgaHI8Fa",
            "id": "none",
            "keepers": null,
            "length": 16,
            "lower": true,
            "min_lower": 0,
            "min_numeric": 0,
            "min_special": 0,
            "min_upper": 0,
            "number": true,
            "numeric": true,
            "override_special": null,
            "result": "$CAj#I#yrcUxJ*XP",
            "special": true,
            "upper": true
          },
          "sensitive_attributes": [
            [
              {
                "type": "get_attr",
                "value": "bcrypt_hash"
              }
            ],
            [
              {
                "type": "get_attr",
                "value": "result"
              }
            ]
          ],
          "identity_schema_version": 0
        }
      ]
    },
    {
      "mode": "managed",
      "type": "random_string",
      "name": "suffix",
      "provider": "provider[\"registry.terraform.io/hashicorp/random\"]",
      "instances": [
        {
          "schema_version": 2,
          "attributes": {
            "id": "wsvj",
            "keepers": null,
            "length": 4,
            "lower": true,
            "min_lower": 0,
            "min_numeric": 0,
            "min_special": 0,
            "min_upper": 0,
            "number": true,
            "numeric": true,
            "override_special": null,
            "result": "wsvj",
            "special": false,
            "upper": false
          },
          "sensitive_attributes": [],
          "identity_schema_version": 0
        }
      ]
    },
    {
      "mode": "managed",
      "type": "random_string",
      "name": "tunnel_secret",
      "provider": "provider[\"registry.terraform.io/hashicorp/random\"]",
      "instances": [
        {
          "schema_version": 2,
          "attributes": {
            "id": "gOQ6DfMTBnuPJF0xu17JYon5oYpVFNlt8rgKgxll5Pb9P3tnmNb12lwoBEMEjl2f",
            "keepers": null,
            "length": 64,
            "lower": true,
            "min_lower": 0,
            "min_numeric": 0,
            "min_special": 0,
            "min_upper": 0,
            "number": true,
            "numeric": true,
            "override_special": null,
            "result": "gOQ6DfMTBnuPJF0xu17JYon5oYpVFNlt8rgKgxll5Pb9P3tnmNb12lwoBEMEjl2f",
            "special": false,
            "upper": true
          },
          "sensitive_attributes": [],
          "identity_schema_version": 0
        }
      ]
    }
  ],
  "check_results": null
}
